{"format_version":"1.0","provider_schemas":{"registry.terraform.io/vk-cs/vkcs":{"provider":{"version":0,"block":{"attributes":{"auth_url":{"type":"string","description":"The Identity authentication URL.","description_kind":"plain","optional":true},"cloud_containers_api_version":{"type":"string","description":"Cloud Containers API version to use. _note_ Only for custom VKCS deployments.","description_kind":"plain","optional":true},"password":{"type":"string","description":"Password to login with.","description_kind":"plain","optional":true,"sensitive":true},"project_id":{"type":"string","description":"The ID of Project to login with.","description_kind":"plain","optional":true},"region":{"type":"string","description":"A region to use.","description_kind":"plain","optional":true},"user_domain_id":{"type":"string","description":"The id of the domain where the user resides.","description_kind":"plain","optional":true},"user_domain_name":{"type":"string","description":"The name of the domain where the user resides.","description_kind":"plain","optional":true},"username":{"type":"string","description":"User name to login with.","description_kind":"plain","optional":true}},"description_kind":"plain"}},"resource_schemas":{"vkcs_backup_plan":{"version":0,"block":{"attributes":{"full_retention":{"nested_type":{"attributes":{"max_full_backup":{"type":"number","description":"Maximum number of backups","description_kind":"plain","required":true}},"nesting_mode":"single"},"description":"Parameters for full retention policy. Specifies number of full backups stored. Incremental backups (if enabled) are not counted as full. Incompatible with gfs_retention","description_kind":"plain","optional":true},"gfs_retention":{"nested_type":{"attributes":{"gfs_monthly":{"type":"number","description":"Number of months to store backups","description_kind":"plain","optional":true},"gfs_weekly":{"type":"number","description":"Number of weeks to store backups","description_kind":"plain","required":true},"gfs_yearly":{"type":"number","description":"Number of years to store backups","description_kind":"plain","optional":true}},"nesting_mode":"single"},"description":"Parameters for gfs retention policy. Specifies number of full backups stored. Incremental backups (if enabled) are not counted as full. Incompatible with full_retention","description_kind":"plain","optional":true},"id":{"type":"string","description":"ID of the resource","description_kind":"plain","computed":true},"incremental_backup":{"type":"bool","description":"Whether incremental backups strategy should be used. If enabled, the schedule.date field must specify one day, on which full backup will be created. On other days, incremental backups will be created. _note_ This option may be enabled for only for 'cloud_servers' provider.","description_kind":"plain","required":true},"instance_ids":{"type":["list","string"],"description":"List of ids of instances to make backup for","description_kind":"plain","required":true},"name":{"type":"string","description":"Name of the backup plan","description_kind":"plain","required":true},"provider_id":{"type":"string","description":"ID of backup provider","description_kind":"plain","optional":true,"computed":true},"provider_name":{"type":"string","description":"Name of backup provider, must be one of: cloud_servers, dbaas","description_kind":"plain","optional":true,"computed":true},"region":{"type":"string","description":"The `region` to fetch availability zones from, defaults to the provider's `region`.","description_kind":"plain","optional":true,"computed":true},"schedule":{"nested_type":{"attributes":{"date":{"type":["list","string"],"description":"List of days when to perform backups. If incremental_backups is enabled, only one day should be specified","description_kind":"plain","optional":true},"every_hours":{"type":"number","description":"Hour interval of backups, must be one of: 3, 12, 24. This field is incompatible with date/time fields","description_kind":"plain","optional":true},"time":{"type":"string","description":"Time of backup in format hh:mm (for UTC timezone) or hh:mm+tz (for other timezones, e.g. 10:00+03 for MSK, 10:00-04 for ET)","description_kind":"plain","optional":true}},"nesting_mode":"single"},"description_kind":"plain","required":true}},"description":"Manages a backup plan resource._new_since_v0.4.0_.","description_kind":"plain"}},"vkcs_blockstorage_snapshot":{"version":0,"block":{"attributes":{"description":{"type":"string","description":"The description of the volume.","description_kind":"plain","optional":true},"force":{"type":"bool","description":"Allows or disallows snapshot of a volume when the volume is attached to an instance.","description_kind":"plain","optional":true},"id":{"type":"string","description_kind":"plain","optional":true,"computed":true},"metadata":{"type":["map","string"],"description":"Map of key-value metadata of the volume.","description_kind":"plain","optional":true},"name":{"type":"string","description":"The name of the snapshot.","description_kind":"plain","optional":true},"region":{"type":"string","description_kind":"plain","optional":true,"computed":true},"volume_id":{"type":"string","description":"ID of the volume to create snapshot for. Changing this creates a new snapshot.","description_kind":"plain","required":true}},"block_types":{"timeouts":{"nesting_mode":"single","block":{"attributes":{"create":{"type":"string","description_kind":"plain","optional":true}},"description_kind":"plain"}}},"description":"Provides a blockstorage snapshot resource. This can be used to create, modify and delete blockstorage snapshot.","description_kind":"plain"}},"vkcs_blockstorage_volume":{"version":0,"block":{"attributes":{"availability_zone":{"type":"string","description":"The name of the availability zone of the volume.","description_kind":"plain","required":true},"description":{"type":"string","description":"The description of the volume.","description_kind":"plain","optional":true},"id":{"type":"string","description_kind":"plain","optional":true,"computed":true},"image_id":{"type":"string","description":"ID of the image to create volume with. Changing this creates a new volume. Only one of snapshot_id, source_volume_id, image_id fields may be set.","description_kind":"plain","optional":true},"metadata":{"type":["map","string"],"description":"Map of key-value metadata of the volume.","description_kind":"plain","optional":true,"computed":true},"name":{"type":"string","description":"The name of the volume.","description_kind":"plain","optional":true},"region":{"type":"string","description":"Region to create resource in.","description_kind":"plain","optional":true,"computed":true},"size":{"type":"number","description":"The size of the volume.","description_kind":"plain","required":true},"snapshot_id":{"type":"string","description":"ID of the snapshot of volume. Changing this creates a new volume. Only one of snapshot_id, source_volume_id, image_id fields may be set.","description_kind":"plain","optional":true},"source_vol_id":{"type":"string","description":"ID of the source volume. Changing this creates a new volume. Only one of snapshot_id, source_volume_id, image_id fields may be set.","description_kind":"plain","optional":true},"volume_type":{"type":"string","description":"The type of the volume.","description_kind":"plain","required":true}},"block_types":{"timeouts":{"nesting_mode":"single","block":{"attributes":{"create":{"type":"string","description_kind":"plain","optional":true}},"description_kind":"plain"}}},"description":"Provides a blockstorage volume resource. This can be used to create, modify and delete blockstorage volume.","description_kind":"plain"}},"vkcs_compute_floatingip_associate":{"version":0,"block":{"attributes":{"fixed_ip":{"type":"string","description":"The specific IP address to direct traffic to.","description_kind":"plain","optional":true},"floating_ip":{"type":"string","description":"The floating IP to associate.","description_kind":"plain","required":true},"id":{"type":"string","description_kind":"plain","optional":true,"computed":true},"instance_id":{"type":"string","description":"The instance to associate the floating IP with.","description_kind":"plain","required":true},"region":{"type":"string","description":"The region in which to obtain the V2 Compute client. Keypairs are associated with accounts, but a Compute client is needed to create one. If omitted, the `region` argument of the provider is used. Changing this creates a new floatingip_associate.","description_kind":"plain","optional":true,"computed":true},"wait_until_associated":{"type":"bool","description":"In cases where the VKCS environment does not automatically wait until the association has finished, set this option to have Terraform poll the instance until the floating IP has been associated. Defaults to false.","description_kind":"plain","optional":true}},"block_types":{"timeouts":{"nesting_mode":"single","block":{"attributes":{"create":{"type":"string","description_kind":"plain","optional":true}},"description_kind":"plain"}}},"description":"Associate a floating IP to an instance.","description_kind":"plain"}},"vkcs_compute_instance":{"version":0,"block":{"attributes":{"access_ip_v4":{"type":"string","description":"The first detected Fixed IPv4 address.","description_kind":"plain","optional":true,"computed":true},"admin_pass":{"type":"string","description":"The administrative password to assign to the server. Changing this changes the root password on the existing server.","description_kind":"plain","optional":true,"sensitive":true},"all_metadata":{"type":["map","string"],"description":"Contains all instance metadata, even metadata not set by Terraform.","description_kind":"plain","computed":true},"all_tags":{"type":["set","string"],"description":"The collection of tags assigned on the instance, which have been explicitly and implicitly added.","description_kind":"plain","computed":true},"availability_zone":{"type":"string","description":"The availability zone in which to create the server. Conflicts with `availability_zone_hints`. Changing this creates a new server.","description_kind":"plain","optional":true,"computed":true},"config_drive":{"type":"bool","description":"Whether to use the config_drive feature to configure the instance. Changing this creates a new server.","description_kind":"plain","optional":true},"flavor_id":{"type":"string","description":"The flavor ID of the desired flavor for the server. Required if `flavor_name` is empty. Changing this resizes the existing server.","description_kind":"plain","optional":true,"computed":true},"flavor_name":{"type":"string","description":"The name of the desired flavor for the server. Required if `flavor_id` is empty. Changing this resizes the existing server.","description_kind":"plain","optional":true,"computed":true},"force_delete":{"type":"bool","description":"Whether to force the compute instance to be forcefully deleted. This is useful for environments that have reclaim / soft deletion enabled.","description_kind":"plain","optional":true},"id":{"type":"string","description_kind":"plain","optional":true,"computed":true},"image_id":{"type":"string","description":"The image ID of the desired image for the server. Required if `image_name` is empty and not booting from a volume. Do not specify if booting from a volume. Changing this creates a new server.","description_kind":"plain","optional":true,"computed":true},"image_name":{"type":"string","description":"The name of the desired image for the server. Required if `image_id` is empty and not booting from a volume. Do not specify if booting from a volume. Changing this creates a new server.","description_kind":"plain","optional":true,"computed":true},"key_pair":{"type":"string","description":"The name of a key pair to put on the server. The key pair must already be created and associated with the tenant's account. Changing this creates a new server.","description_kind":"plain","optional":true},"metadata":{"type":["map","string"],"description":"Metadata key/value pairs to make available from within the instance. Changing this updates the existing server metadata.","description_kind":"plain","optional":true},"name":{"type":"string","description":"A unique name for the resource.","description_kind":"plain","required":true},"network_mode":{"type":"string","description":"Special string for `network` option to create the server. `network_mode` can be `\"auto\"` or `\"none\"`. Please see the following [reference](https://docs.openstack.org/api-ref/compute/?expanded=create-server-detail#id11) for more information. Conflicts with `network`.","description_kind":"plain","optional":true},"power_state":{"type":"string","description":"Provide the VM state. Only 'active' and 'shutoff' are supported values. _note_ If the initial power_state is the shutoff the VM will be stopped immediately after build and the provisioners like remote-exec or files are not supported.","description_kind":"plain","optional":true},"region":{"type":"string","description":"The region in which to create the server instance. If omitted, the `region` argument of the provider is used. Changing this creates a new server.","description_kind":"plain","optional":true,"computed":true},"security_groups":{"type":["set","string"],"description":"An array of one or more security group names to associate with the server. Changing this results in adding/removing security groups from the existing server. _note_ When attaching the instance to networks using Ports, place the security groups on the Port and not the instance. _note_ Names should be used and not ids, as ids trigger unnecessary updates.","description_kind":"plain","optional":true,"computed":true},"stop_before_destroy":{"type":"bool","description":"Whether to try stop instance gracefully before destroying it, thus giving chance for guest OS daemons to stop correctly. If instance doesn't stop within timeout, it will be destroyed anyway.","description_kind":"plain","optional":true},"tags":{"type":["set","string"],"description":"A set of string tags for the instance. Changing this updates the existing instance tags.","description_kind":"plain","optional":true},"user_data":{"type":"string","description":"The user data to provide when launching the instance.\tChanging this creates a new server.","description_kind":"plain","optional":true}},"block_types":{"block_device":{"nesting_mode":"list","block":{"attributes":{"boot_index":{"type":"number","description":"The boot index of the volume. It defaults to 0 if only one `block_device` is specified, and to -1 if more than one is configured. Changing this creates a new server. _note_ You must set the boot index to 0 for one of the block devices if more than one is defined.","description_kind":"plain","optional":true,"computed":true},"delete_on_termination":{"type":"bool","description":"Delete the volume / block device upon termination of the instance. Defaults to false. Changing this creates a new server. __note__ It is important to enable `delete_on_termination` for volumes created with instance. If `delete_on_termination` is disabled for such volumes, then after instance deletion such volumes will stay orphaned and uncontrolled by terraform. __note__ It is important to disable `delete_on_termination` if volume is created as separate terraform resource and is attached to instance. Enabling `delete_on_termination` for such volumes will result in mismanagement between two terraform resources in case of instance deletion","description_kind":"plain","optional":true},"destination_type":{"type":"string","description":"The type that gets created. Possible values are \"volume\" and \"local\". Changing this creates a new server.","description_kind":"plain","optional":true},"device_type":{"type":"string","description":"The low-level device type that will be used. Most common thing is to leave this empty. Changing this creates a new server.","description_kind":"plain","optional":true},"disk_bus":{"type":"string","description":"The low-level disk bus that will be used. Most common thing is to leave this empty. Changing this creates a new server.","description_kind":"plain","optional":true},"guest_format":{"type":"string","description":"Specifies the guest server disk file system format, such as `ext2`, `ext3`, `ext4`, `xfs` or `swap`. Swap block device mappings have the following restrictions: source_type must be blank and destination_type must be local and only one swap disk per server and the size of the swap disk must be less than or equal to the swap size of the flavor. Changing this creates a new server.","description_kind":"plain","optional":true},"source_type":{"type":"string","description":"The source type of the device. Must be one of \"blank\", \"image\", \"volume\", or \"snapshot\". Changing this creates a new server.","description_kind":"plain","required":true},"uuid":{"type":"string","description":"The UUID of the image, volume, or snapshot. Optional if `source_type` is set to `\"blank\"`. Changing this creates a new server.","description_kind":"plain","optional":true},"volume_size":{"type":"number","description":"The size of the volume to create (in gigabytes). Required in the following combinations: source=image and destination=volume, source=blank and destination=local, and source=blank and destination=volume. Changing this creates a new server.","description_kind":"plain","optional":true},"volume_type":{"type":"string","description":"The volume type that will be used. Changing this creates a new server.","description_kind":"plain","optional":true}},"description":"Configuration of block devices. The block_device structure is documented below. Changing this creates a new server. You can specify multiple block devices which will create an instance with multiple disks. This configuration is very flexible, so please see the following [reference](https://docs.openstack.org/nova/latest/user/block-device-mapping.html) for more information.","description_kind":"plain"}},"network":{"nesting_mode":"list","block":{"attributes":{"access_network":{"type":"bool","description":"Specifies if this network should be used for provisioning access. Accepts true or false. Defaults to false.","description_kind":"plain","optional":true},"fixed_ip_v4":{"type":"string","description":"Specifies a fixed IPv4 address to be used on this network. Changing this creates a new server.","description_kind":"plain","optional":true,"computed":true},"mac":{"type":"string","description":"The MAC address of the NIC on that network.","description_kind":"plain","computed":true},"name":{"type":"string","description":"The human-readable name of the network. Optional if `uuid` or `port` is provided. Changing this creates a new server.","description_kind":"plain","optional":true,"computed":true},"port":{"type":"string","description":"The port UUID of a network to attach to the server. Optional if `uuid` or `name` is provided. Changing this creates a new server. _note_ If port is used, only its security groups will be applied instead of security_groups instance argument.","description_kind":"plain","optional":true,"computed":true},"uuid":{"type":"string","description":"The network UUID to attach to the server. Optional if `port` or `name` is provided. Changing this creates a new server.","description_kind":"plain","optional":true,"computed":true}},"description":"An array of one or more networks to attach to the instance. The network object structure is documented below. Changing this creates a new server.","description_kind":"plain"}},"personality":{"nesting_mode":"set","block":{"attributes":{"content":{"type":"string","description":"The contents of the file. Limited to 255 bytes.","description_kind":"plain","required":true},"file":{"type":"string","description":"The absolute path of the destination file.","description_kind":"plain","required":true}},"description":"Customize the personality of an instance by defining one or more files and their contents. The personality structure is described below. _note_ 'config_drive' must be enabled.","description_kind":"plain"}},"scheduler_hints":{"nesting_mode":"set","block":{"attributes":{"group":{"type":"string","description":"A UUID of a Server Group. The instance will be placed into that group.","description_kind":"plain","optional":true}},"description":"Provide the Nova scheduler with hints on how the instance should be launched. The available hints are described below.","description_kind":"plain"}},"timeouts":{"nesting_mode":"single","block":{"attributes":{"create":{"type":"string","description_kind":"plain","optional":true},"delete":{"type":"string","description_kind":"plain","optional":true},"update":{"type":"string","description_kind":"plain","optional":true}},"description_kind":"plain"}},"vendor_options":{"nesting_mode":"set","block":{"attributes":{"detach_ports_before_destroy":{"type":"bool","description":"Whether to try to detach all attached ports to the vm before destroying it to make sure the port state is correct after the vm destruction. This is helpful when the port is not deleted.","description_kind":"plain","optional":true},"ignore_resize_confirmation":{"type":"bool","description":"Boolean to control whether to ignore manual confirmation of the instance resizing.","description_kind":"plain","optional":true}},"description":"Map of additional vendor-specific options. Supported options are described below.","description_kind":"plain"},"max_items":1}},"description":"Manages a compute VM instance resource._note_ All arguments including the instance admin password will be stored in the raw state as plain-text. [Read more about sensitive data in state](https://www.terraform.io/docs/language/state/sensitive-data.html).","description_kind":"plain"}},"vkcs_compute_interface_attach":{"version":0,"block":{"attributes":{"fixed_ip":{"type":"string","description":"An IP address to assosciate with the port. _note_ This option cannot be used with port_id. You must specify a network_id. The IP address must lie in a range on the supplied network.","description_kind":"plain","optional":true,"computed":true},"id":{"type":"string","description_kind":"plain","optional":true,"computed":true},"instance_id":{"type":"string","description":"The ID of the Instance to attach the Port or Network to.","description_kind":"plain","required":true},"network_id":{"type":"string","description":"The ID of the Network to attach to an Instance. A port will be created automatically. _note_ This option and `port_id` are mutually exclusive.","description_kind":"plain","optional":true,"computed":true},"port_id":{"type":"string","description":"The ID of the Port to attach to an Instance. _note_ This option and `network_id` are mutually exclusive.","description_kind":"plain","optional":true,"computed":true},"region":{"type":"string","description":"The region in which to create the interface attachment. If omitted, the `region` argument of the provider is used. Changing this creates a new attachment.","description_kind":"plain","optional":true,"computed":true}},"block_types":{"timeouts":{"nesting_mode":"single","block":{"attributes":{"create":{"type":"string","description_kind":"plain","optional":true},"delete":{"type":"string","description_kind":"plain","optional":true}},"description_kind":"plain"}}},"description":"Attaches a Network Interface (a Port) to an Instance using the VKCS Compute API.","description_kind":"plain"}},"vkcs_compute_keypair":{"version":0,"block":{"attributes":{"fingerprint":{"type":"string","description":"The fingerprint of the public key.","description_kind":"plain","computed":true},"id":{"type":"string","description_kind":"plain","optional":true,"computed":true},"name":{"type":"string","description":"A unique name for the keypair. Changing this creates a new keypair.","description_kind":"plain","required":true},"private_key":{"type":"string","description":"The generated private key when no public key is specified.","description_kind":"plain","computed":true,"sensitive":true},"public_key":{"type":"string","description":"A pregenerated OpenSSH-formatted public key. Changing this creates a new keypair. If a public key is not specified, then a public/private key pair will be automatically generated. If a pair is created, then destroying this resource means you will lose access to that keypair forever.","description_kind":"plain","optional":true,"computed":true},"region":{"type":"string","description":"The region in which to obtain the Compute client. Keypairs are associated with accounts, but a Compute client is needed to create one. If omitted, the `region` argument of the provider is used. Changing this creates a new keypair.","description_kind":"plain","optional":true,"computed":true},"value_specs":{"type":["map","string"],"description":"Map of additional options.","description_kind":"plain","optional":true}},"description":"Manages a keypair resource within VKCS.\n\n~\u003e **Important Security Notice** The private key generated by this resource will be stored *unencrypted* in your Terraform state file. **Use of this resource for production deployments is *not* recommended**. Instead, generate a private key file outside of Terraform and distribute it securely to the system where Terraform will be run.","description_kind":"plain"}},"vkcs_compute_servergroup":{"version":0,"block":{"attributes":{"id":{"type":"string","description_kind":"plain","optional":true,"computed":true},"members":{"type":["list","string"],"description":"The instances that are part of this server group.","description_kind":"plain","computed":true},"name":{"type":"string","description":"A unique name for the server group. Changing this creates a new server group.","description_kind":"plain","required":true},"policies":{"type":["list","string"],"description":"The set of policies for the server group. All policies are mutually exclusive. See the Policies section for more information. Changing this creates a new server group.","description_kind":"plain","optional":true},"region":{"type":"string","description":"The region in which to obtain the Compute client. If omitted, the `region` argument of the provider is used. Changing this creates a new server group.","description_kind":"plain","optional":true,"computed":true},"value_specs":{"type":["map","string"],"description":"Map of additional options.","description_kind":"plain","optional":true}},"description":"Manages a Server Group resource within VKCS.","description_kind":"plain"}},"vkcs_compute_volume_attach":{"version":0,"block":{"attributes":{"id":{"type":"string","description_kind":"plain","optional":true,"computed":true},"instance_id":{"type":"string","description":"The ID of the Instance to attach the Volume to.","description_kind":"plain","required":true},"region":{"type":"string","description":"The region in which to obtain the Compute client. A Compute client is needed to create a volume attachment. If omitted, the `region` argument of the provider is used. Changing this creates a new volume attachment.","description_kind":"plain","optional":true,"computed":true},"volume_id":{"type":"string","description":"The ID of the Volume to attach to an Instance.","description_kind":"plain","required":true}},"block_types":{"timeouts":{"nesting_mode":"single","block":{"attributes":{"create":{"type":"string","description_kind":"plain","optional":true},"delete":{"type":"string","description_kind":"plain","optional":true}},"description_kind":"plain"}}},"description":"Attaches a Block Storage Volume to an Instance using the VKCS Compute API.","description_kind":"plain"}},"vkcs_db_backup":{"version":0,"block":{"attributes":{"container_prefix":{"type":"string","description":"Prefix of S3 bucket ([prefix] - [project_id]) to store backup data. Default: databasebackups","description_kind":"plain","optional":true},"created":{"type":"string","description":"Backup creation timestamp","description_kind":"plain","computed":true},"datastore":{"nested_type":{"attributes":{"type":{"type":"string","description":"Version of the datastore. Changing this creates a new instance.","description_kind":"plain","computed":true},"version":{"type":"string","description":"Type of the datastore. Changing this creates a new instance.","description_kind":"plain","computed":true}},"nesting_mode":"list"},"description":"Object that represents datastore of backup","description_kind":"plain","computed":true},"dbms_id":{"type":"string","description":"ID of the instance or cluster, to create backup of.","description_kind":"plain","required":true},"dbms_type":{"type":"string","description":"Type of dbms for the backup, can be \"instance\" or \"cluster\".","description_kind":"plain","computed":true},"description":{"type":"string","description":"The description of the backup","description_kind":"plain","optional":true,"computed":true},"id":{"type":"string","description":"ID of the resource.","description_kind":"plain","computed":true},"location_ref":{"type":"string","description":"Location of backup data on backup storage","description_kind":"plain","computed":true},"meta":{"type":"string","description":"Metadata of the backup","description_kind":"plain","computed":true},"name":{"type":"string","description":"The name of the backup. Changing this creates a new backup","description_kind":"plain","required":true},"region":{"type":"string","description":"The region in which to obtain the service client. If omitted, the `region` argument of the provider is used._new_since_v0.4.0_.","description_kind":"plain","optional":true,"computed":true},"size":{"type":"number","description":"Backup's volume size","description_kind":"plain","computed":true},"updated":{"type":"string","description":"Timestamp of backup's last update","description_kind":"plain","computed":true},"wal_size":{"type":"number","description":"Backup's WAL volume size","description_kind":"plain","computed":true}},"block_types":{"timeouts":{"nesting_mode":"single","block":{"attributes":{"create":{"type":"string","description":"A string that can be [parsed as a duration](https://pkg.go.dev/time#ParseDuration) consisting of numbers and unit suffixes, such as \"30s\" or \"2h45m\". Valid time units are \"s\" (seconds), \"m\" (minutes), \"h\" (hours).","description_kind":"plain","optional":true},"delete":{"type":"string","description":"A string that can be [parsed as a duration](https://pkg.go.dev/time#ParseDuration) consisting of numbers and unit suffixes, such as \"30s\" or \"2h45m\". Valid time units are \"s\" (seconds), \"m\" (minutes), \"h\" (hours). Setting a timeout for a Delete operation is only applicable if changes are saved into state before the destroy operation occurs.","description_kind":"plain","optional":true}},"description_kind":"plain"}}},"description":"Provides a db backup resource. This can be used to create and delete db backup._new_since_v0.1.4_.","description_kind":"plain"}},"vkcs_db_cluster":{"version":0,"block":{"attributes":{"availability_zone":{"type":"string","description":"The name of the availability zone of the cluster. Changing this creates a new cluster.","description_kind":"plain","optional":true},"cloud_monitoring_enabled":{"type":"bool","description":"Enable cloud monitoring for the cluster. Changing this for Redis or MongoDB creates a new instance._new_since_v0.2.0_.","description_kind":"plain","optional":true},"cluster_size":{"type":"number","description":"The number of instances in the cluster.","description_kind":"plain","required":true},"configuration_id":{"type":"string","description":"The id of the configuration attached to cluster.","description_kind":"plain","optional":true},"flavor_id":{"type":"string","description":"The ID of flavor for the cluster.","description_kind":"plain","required":true},"floating_ip_enabled":{"type":"bool","description":"Indicates whether floating ip is created for cluster. Changing this creates a new cluster.","description_kind":"plain","optional":true},"id":{"type":"string","description_kind":"plain","optional":true,"computed":true},"instances":{"type":["list",["object",{"instance_id":"string","ip":["list","string"],"role":"string"}]],"description":"Cluster instances info.","description_kind":"plain","computed":true},"keypair":{"type":"string","description":"Name of the keypair to be attached to cluster. Changing this creates a new cluster.","description_kind":"plain","optional":true},"loadbalancer_id":{"type":"string","description":"The id of the loadbalancer attached to the cluster._new_since_v0.1.15_.","description_kind":"plain","computed":true},"name":{"type":"string","description":"The name of the cluster. Changing this creates a new cluster.","description_kind":"plain","required":true},"region":{"type":"string","description":"Region to create resource in.","description_kind":"plain","optional":true,"computed":true},"root_enabled":{"type":"bool","description":"Indicates whether root user is enabled for the cluster.","description_kind":"plain","optional":true},"root_password":{"type":"string","description":"Password for the root user of the cluster. When enabling root, password is autogenerated, use this field to obtain it.","description_kind":"plain","optional":true,"computed":true,"sensitive":true},"shrink_options":{"type":["list","string"],"description":"Used only for shrinking cluster. List of IDs of instances that should remain after shrink. If no options are supplied, shrink operation will choose first non-leader instance to delete.","description_kind":"plain","optional":true},"volume_size":{"type":"number","description":"Size of the cluster instance volume.","description_kind":"plain","required":true},"volume_type":{"type":"string","description":"The type of the cluster instance volume. Changing this creates a new cluster.","description_kind":"plain","required":true}},"block_types":{"backup_schedule":{"nesting_mode":"list","block":{"attributes":{"interval_hours":{"type":"number","description":"Time interval between backups, specified in hours. Available values: 3, 6, 8, 12, 24.","description_kind":"plain","required":true},"keep_count":{"type":"number","description":"Number of backups to be stored.","description_kind":"plain","required":true},"name":{"type":"string","description":"Name of the schedule.","description_kind":"plain","required":true},"start_hours":{"type":"number","description":"Hours part of timestamp of initial backup.","description_kind":"plain","required":true},"start_minutes":{"type":"number","description":"Minutes part of timestamp of initial backup.","description_kind":"plain","required":true}},"description":"Object that represents configuration of PITR backup. This functionality is available only for postgres datastore._new_since_v0.1.4_.","description_kind":"plain"},"max_items":1},"capabilities":{"nesting_mode":"list","block":{"attributes":{"name":{"type":"string","description":"The name of the capability to apply.","description_kind":"plain","required":true},"settings":{"type":["map","string"],"description":"Map of key-value settings of the capability.","description_kind":"plain","optional":true}},"description":"Object that represents capability applied to cluster. There can be several instances of this object.","description_kind":"plain"}},"datastore":{"nesting_mode":"list","block":{"attributes":{"type":{"type":"string","description":"Type of the datastore. Changing this creates a new cluster. Must be one of: `galera_mysql`, `postgresql`, `tarantool`, `postgrespro_enterprise`, `postgrespro_enterprise_1c`","description_kind":"plain","required":true},"version":{"type":"string","description":"Version of the datastore. Changing this creates a new cluster.","description_kind":"plain","required":true}},"description":"Object that represents datastore of the cluster. Changing this creates a new cluster.","description_kind":"plain"},"min_items":1,"max_items":1},"disk_autoexpand":{"nesting_mode":"list","block":{"attributes":{"autoexpand":{"type":"bool","description":"Indicates whether autoresize is enabled.","description_kind":"plain","optional":true},"max_disk_size":{"type":"number","description":"Maximum disk size for autoresize.","description_kind":"plain","optional":true}},"description":"Object that represents autoresize properties of the cluster.","description_kind":"plain"},"max_items":1},"network":{"nesting_mode":"list","block":{"attributes":{"port":{"type":"string","description":"The port id of the network. Changing this creates a new cluster. **Deprecated** This argument is deprecated, please do not use it.","description_kind":"plain","deprecated":true,"optional":true},"security_groups":{"type":["set","string"],"description":"An array of one or more security group IDs to associate with the cluster instances. Changing this creates a new cluster._new_since_v0.2.0_.","description_kind":"plain","optional":true},"subnet_id":{"type":"string","description":"The id of the subnet. Changing this creates a new cluster._new_since_v0.1.15_.","description_kind":"plain","optional":true},"uuid":{"type":"string","description":"The id of the network. Changing this creates a new cluster. _note_ Although this argument is marked as optional, it is actually required at the moment. Not setting a value for it may cause an error.","description_kind":"plain","optional":true}},"description":"Object that represents network of the cluster. Changing this creates a new cluster.","description_kind":"plain"}},"restore_point":{"nesting_mode":"list","block":{"attributes":{"backup_id":{"type":"string","description":"ID of the backup.","description_kind":"plain","required":true},"target":{"type":"string","description":"Used only for restoring from PITR backups. Timestamp of needed backup in format \"2021-10-06 01:02:00\". You can specify \"latest\" to use most recent backup.","description_kind":"plain","optional":true}},"description":"Object that represents backup to restore cluster from._new_since_v0.1.4_.","description_kind":"plain"},"max_items":1},"timeouts":{"nesting_mode":"single","block":{"attributes":{"create":{"type":"string","description_kind":"plain","optional":true},"delete":{"type":"string","description_kind":"plain","optional":true}},"description_kind":"plain"}},"vendor_options":{"nesting_mode":"set","block":{"attributes":{"restart_confirmed":{"type":"bool","description":"Boolean to confirm autorestart of the cluster's instances if it is required to apply configuration group changes.","description_kind":"plain","optional":true}},"description":"Map of additional vendor-specific options. Supported options are described below._new_since_v0.4.0_.","description_kind":"plain"},"max_items":1},"wal_disk_autoexpand":{"nesting_mode":"list","block":{"attributes":{"autoexpand":{"type":"bool","description":"Indicates whether wal volume autoresize is enabled.","description_kind":"plain","optional":true},"max_disk_size":{"type":"number","description":"Maximum disk size for wal volume autoresize.","description_kind":"plain","optional":true}},"description":"Object that represents autoresize properties of wal volume of the cluster.","description_kind":"plain"},"max_items":1},"wal_volume":{"nesting_mode":"list","block":{"attributes":{"size":{"type":"number","description":"Size of the instance wal volume.","description_kind":"plain","required":true},"volume_type":{"type":"string","description":"The type of the cluster wal volume. Changing this creates a new cluster.","description_kind":"plain","required":true}},"description":"Object that represents wal volume of the cluster. Changing this creates a new cluster.","description_kind":"plain"}}},"description":"Provides a db cluster resource. This can be used to create, modify and delete db cluster for galera_mysql, postgresql, tarantool datastores.","description_kind":"plain"}},"vkcs_db_cluster_with_shards":{"version":0,"block":{"attributes":{"cloud_monitoring_enabled":{"type":"bool","description":"Enable cloud monitoring for the cluster. Changing this for Redis or MongoDB creates a new instance._new_since_v0.2.0_.","description_kind":"plain","optional":true},"configuration_id":{"type":"string","description":"The id of the configuration attached to cluster.","description_kind":"plain","optional":true},"floating_ip_enabled":{"type":"bool","description":"Boolean field that indicates whether floating ip is created for cluster. Changing this creates a new cluster.","description_kind":"plain","optional":true},"id":{"type":"string","description_kind":"plain","optional":true,"computed":true},"keypair":{"type":"string","description":"Name of the keypair to be attached to cluster. Changing this creates a new cluster.","description_kind":"plain","optional":true},"name":{"type":"string","description":"The name of the cluster. Changing this creates a new cluster.","description_kind":"plain","required":true},"region":{"type":"string","description":"Region to create resource in.","description_kind":"plain","optional":true,"computed":true},"root_enabled":{"type":"bool","description":"Indicates whether root user is enabled for the cluster.","description_kind":"plain","optional":true},"root_password":{"type":"string","description":"Password for the root user of the cluster. When enabling root, password is autogenerated, use this field to obtain it.","description_kind":"plain","optional":true,"computed":true,"sensitive":true}},"block_types":{"capabilities":{"nesting_mode":"list","block":{"attributes":{"name":{"type":"string","description":"The name of the capability to apply.","description_kind":"plain","required":true},"settings":{"type":["map","string"],"description":"Map of key-value settings of the capability.","description_kind":"plain","optional":true}},"description":"Object that represents capability applied to cluster. There can be several instances of this object.","description_kind":"plain"}},"datastore":{"nesting_mode":"list","block":{"attributes":{"type":{"type":"string","description":"Type of the datastore. Changing this creates a new cluster. Must be one of: `clickhouse`","description_kind":"plain","required":true},"version":{"type":"string","description":"Version of the datastore. Changing this creates a new cluster.","description_kind":"plain","required":true}},"description":"Object that represents datastore of the cluster. Changing this creates a new cluster.","description_kind":"plain"},"min_items":1,"max_items":1},"disk_autoexpand":{"nesting_mode":"list","block":{"attributes":{"autoexpand":{"type":"bool","description":"Indicates whether autoresize is enabled.","description_kind":"plain","optional":true},"max_disk_size":{"type":"number","description":"Maximum disk size for autoresize.","description_kind":"plain","optional":true}},"description":"Object that represents autoresize properties of the cluster.","description_kind":"plain"},"max_items":1},"restore_point":{"nesting_mode":"list","block":{"attributes":{"backup_id":{"type":"string","description":"ID of the backup.","description_kind":"plain","required":true}},"description":"Object that represents backup to restore instance from._new_since_v0.1.4_.","description_kind":"plain"},"max_items":1},"shard":{"nesting_mode":"list","block":{"attributes":{"availability_zone":{"type":"string","description":"The name of the availability zone of the cluster shard. Changing this creates a new cluster.","description_kind":"plain","optional":true},"flavor_id":{"type":"string","description":"The ID of flavor for the cluster shard.","description_kind":"plain","required":true},"instances":{"type":["list",["object",{"instance_id":"string","ip":["list","string"]}]],"description":"Shard instances info._new_since_v0.1.15_.","description_kind":"plain","computed":true},"shard_id":{"type":"string","description":"The ID of the shard. Changing this creates a new cluster.","description_kind":"plain","required":true},"shrink_options":{"type":["list","string"],"description":"Used only for shrinking cluster. List of IDs of instances that should remain after shrink. If no options are supplied, shrink operation will choose first non-leader instance to delete.","description_kind":"plain","optional":true},"size":{"type":"number","description":"The number of instances in the cluster shard.","description_kind":"plain","required":true},"volume_size":{"type":"number","description":"Size of the cluster shard instance volume.","description_kind":"plain","required":true},"volume_type":{"type":"string","description":"The type of the cluster shard instance volume.","description_kind":"plain","required":true}},"block_types":{"network":{"nesting_mode":"list","block":{"attributes":{"port":{"type":"string","description":"The port id of the network. Changing this creates a new cluster. **Deprecated** This argument is deprecated, please do not use it.","description_kind":"plain","deprecated":true,"optional":true},"security_groups":{"type":["set","string"],"description":"An array of one or more security group IDs to associate with the shard instances. Changing this creates a new cluster._new_since_v0.2.0_.","description_kind":"plain","optional":true},"subnet_id":{"type":"string","description":"The id of the subnet. Changing this creates a new cluster._new_since_v0.1.15_.","description_kind":"plain","optional":true},"uuid":{"type":"string","description":"The id of the network. Changing this creates a new cluster. _note_ Although this argument is marked as optional, it is actually required at the moment. Not setting a value for it may cause an error.","description_kind":"plain","optional":true}},"description_kind":"plain"}},"wal_volume":{"nesting_mode":"list","block":{"attributes":{"size":{"type":"number","description":"Size of the instance wal volume.","description_kind":"plain","required":true},"volume_type":{"type":"string","description":"The type of the cluster wal volume.","description_kind":"plain","required":true}},"description":"Object that represents wal volume of the cluster.","description_kind":"plain"}}},"description":"Object that represents cluster shard. There can be several instances of this object.","description_kind":"plain"},"min_items":1},"timeouts":{"nesting_mode":"single","block":{"attributes":{"create":{"type":"string","description_kind":"plain","optional":true},"delete":{"type":"string","description_kind":"plain","optional":true}},"description_kind":"plain"}},"vendor_options":{"nesting_mode":"set","block":{"attributes":{"restart_confirmed":{"type":"bool","description":"Boolean to confirm autorestart of the cluster's instances if it is required to apply configuration group changes.","description_kind":"plain","optional":true}},"description":"Map of additional vendor-specific options. Supported options are described below._new_since_v0.4.0_.","description_kind":"plain"},"max_items":1},"wal_disk_autoexpand":{"nesting_mode":"list","block":{"attributes":{"autoexpand":{"type":"bool","description":"Indicates whether wal volume autoresize is enabled.","description_kind":"plain","optional":true},"max_disk_size":{"type":"number","description":"Maximum disk size for wal volume autoresize.","description_kind":"plain","optional":true}},"description":"Object that represents autoresize properties of wal volume of the cluster.","description_kind":"plain"},"max_items":1}},"description":"Provides a db cluster with shards resource. This can be used to create, modify and delete db cluster with shards for clickhouse datastore.","description_kind":"plain"}},"vkcs_db_config_group":{"version":0,"block":{"attributes":{"created":{"type":"string","description":"Timestamp of config group's creation","description_kind":"plain","computed":true},"description":{"type":"string","description":"The description of the config group.","description_kind":"plain","optional":true},"id":{"type":"string","description_kind":"plain","optional":true,"computed":true},"name":{"type":"string","description":"The name of the config group.","description_kind":"plain","required":true},"updated":{"type":"string","description":"Timestamp of config group's last update","description_kind":"plain","computed":true},"values":{"type":["map","string"],"description":"Map of configuration parameters in format \"key\": \"value\".","description_kind":"plain","required":true}},"block_types":{"datastore":{"nesting_mode":"list","block":{"attributes":{"type":{"type":"string","description":"Type of the datastore.","description_kind":"plain","required":true},"version":{"type":"string","description":"Version of the datastore.","description_kind":"plain","required":true}},"description":"Object that represents datastore of the config group. Changing this creates a new config group.","description_kind":"plain"},"min_items":1,"max_items":1}},"description":"Provides a db config group resource. This can be used to create, update and delete db config group._new_since_v0.1.7_.","description_kind":"plain"}},"vkcs_db_database":{"version":0,"block":{"attributes":{"charset":{"type":"string","description":"Type of charset used for the database. Changing this creates a new database.","description_kind":"plain","optional":true},"collate":{"type":"string","description":"Collate option of the database.  Changing this creates a new database.","description_kind":"plain","optional":true},"dbms_id":{"type":"string","description":"ID of the instance or cluster that database is created for.","description_kind":"plain","required":true},"dbms_type":{"type":"string","description":"Type of dbms for the database, can be \"instance\" or \"cluster\".","description_kind":"plain","computed":true},"id":{"type":"string","description_kind":"plain","optional":true,"computed":true},"name":{"type":"string","description":"The name of the database. Changing this creates a new database.","description_kind":"plain","required":true}},"block_types":{"timeouts":{"nesting_mode":"single","block":{"attributes":{"create":{"type":"string","description_kind":"plain","optional":true},"delete":{"type":"string","description_kind":"plain","optional":true}},"description_kind":"plain"}},"vendor_options":{"nesting_mode":"set","block":{"attributes":{"force_deletion":{"type":"bool","description":"Whether to try to force delete the database. Some datastores restricts regular database deletion in some circumstances but provides force deletion for that cases.","description_kind":"plain","optional":true}},"description":"_new_since_v0.5.5_.","description_kind":"plain"},"max_items":1}},"description":"Provides a db database resource. This can be used to create, modify and delete db databases.","description_kind":"plain"}},"vkcs_db_instance":{"version":0,"block":{"attributes":{"availability_zone":{"type":"string","description":"The name of the availability zone of the instance. Changing this creates a new instance.","description_kind":"plain","optional":true},"cloud_monitoring_enabled":{"type":"bool","description":"Enable cloud monitoring for the instance. Changing this for Redis or MongoDB creates a new instance._new_since_v0.2.0_.","description_kind":"plain","optional":true},"configuration_id":{"type":"string","description":"The id of the configuration attached to instance.","description_kind":"plain","optional":true},"flavor_id":{"type":"string","description":"The ID of flavor for the instance.","description_kind":"plain","required":true},"floating_ip_enabled":{"type":"bool","description":"Indicates whether floating ip is created for instance. Changing this creates a new instance.","description_kind":"plain","optional":true},"id":{"type":"string","description_kind":"plain","optional":true,"computed":true},"ip":{"type":["list","string"],"description":"IP address of the instance.","description_kind":"plain","computed":true},"keypair":{"type":"string","description":"Name of the keypair to be attached to instance. Changing this creates a new instance.","description_kind":"plain","optional":true},"name":{"type":"string","description":"The name of the instance. Changing this creates a new instance","description_kind":"plain","required":true},"region":{"type":"string","description":"Region to create resource in.","description_kind":"plain","optional":true,"computed":true},"replica_of":{"type":"string","description":"ID of the instance, that current instance is replica of. Instance's datastore must be one of: `postgrespro_enterprise`, `mysql`, `postgresql`, `postgrespro_enterprise_1c`","description_kind":"plain","optional":true},"root_enabled":{"type":"bool","description":"Indicates whether root user is enabled for the instance.","description_kind":"plain","optional":true},"root_password":{"type":"string","description":"Password for the root user of the instance. If this field is empty and root user is enabled, then after creation of the instance this field will contain auto-generated root user password.","description_kind":"plain","optional":true,"computed":true,"sensitive":true},"size":{"type":"number","description":"Size of the instance volume.","description_kind":"plain","required":true},"volume_type":{"type":"string","description":"The type of the instance volume. Changing this creates a new instance.","description_kind":"plain","required":true}},"block_types":{"backup_schedule":{"nesting_mode":"list","block":{"attributes":{"interval_hours":{"type":"number","description":"Time interval between backups, specified in hours. Available values: 3, 6, 8, 12, 24.","description_kind":"plain","required":true},"keep_count":{"type":"number","description":"Number of backups to be stored.","description_kind":"plain","required":true},"name":{"type":"string","description":"Name of the schedule.","description_kind":"plain","required":true},"start_hours":{"type":"number","description":"Hours part of timestamp of initial backup.","description_kind":"plain","required":true},"start_minutes":{"type":"number","description":"Minutes part of timestamp of initial backup.","description_kind":"plain","required":true}},"description":"Object that represents configuration of PITR backup. This functionality is available only for postgres datastore._new_since_v0.1.4_.","description_kind":"plain"},"max_items":1},"capabilities":{"nesting_mode":"list","block":{"attributes":{"name":{"type":"string","description":"The name of the capability to apply.","description_kind":"plain","required":true},"settings":{"type":["map","string"],"description":"Map of key-value settings of the capability.","description_kind":"plain","optional":true}},"description":"Object that represents capability applied to instance. There can be several instances of this object (see example).","description_kind":"plain"}},"datastore":{"nesting_mode":"list","block":{"attributes":{"type":{"type":"string","description":"Type of the datastore. Changing this creates a new instance.","description_kind":"plain","required":true},"version":{"type":"string","description":"Version of the datastore. Changing this creates a new instance.","description_kind":"plain","required":true}},"description":"Object that represents datastore of the instance. Changing this creates a new instance.","description_kind":"plain"},"min_items":1,"max_items":1},"disk_autoexpand":{"nesting_mode":"list","block":{"attributes":{"autoexpand":{"type":"bool","description":"Indicates whether autoresize is enabled.","description_kind":"plain","optional":true},"max_disk_size":{"type":"number","description":"Maximum disk size for autoresize.","description_kind":"plain","optional":true}},"description":"Object that represents autoresize properties of the instance.","description_kind":"plain"},"max_items":1},"network":{"nesting_mode":"list","block":{"attributes":{"fixed_ip_v4":{"type":"string","description":"The IPv4 address. Changing this creates a new instance. _note_ This argument conflicts with \"replica_of\". Setting both at the same time causes \"fixed_ip_v4\" to be ignored.","description_kind":"plain","optional":true},"port":{"type":"string","description":"The port id of the network. Changing this creates a new instance. **Deprecated** This argument is deprecated, please do not use it.","description_kind":"plain","deprecated":true,"optional":true},"security_groups":{"type":["set","string"],"description":"An array of one or more security group IDs to associate with the instance. Changing this creates a new instance._new_since_v0.2.0_.","description_kind":"plain","optional":true},"subnet_id":{"type":"string","description":"The id of the subnet. Changing this creates a new instance._new_since_v0.1.15_.","description_kind":"plain","optional":true},"uuid":{"type":"string","description":"The id of the network. Changing this creates a new instance. _note_ Although this argument is marked as optional, it is actually required at the moment. Not setting a value for it may cause an error.","description_kind":"plain","optional":true}},"description":"Object that represents network of the instance. Changing this creates a new instance.","description_kind":"plain"}},"restore_point":{"nesting_mode":"list","block":{"attributes":{"backup_id":{"type":"string","description":"ID of the backup.","description_kind":"plain","required":true},"target":{"type":"string","description":"Used only for restoring from postgresql PITR backups. Timestamp of needed backup in format \"2021-10-06 01:02:00\". You can specify \"latest\" to use most recent backup.","description_kind":"plain","optional":true}},"description":"Object that represents backup to restore instance from._new_since_v0.1.4_.","description_kind":"plain"},"max_items":1},"timeouts":{"nesting_mode":"single","block":{"attributes":{"create":{"type":"string","description_kind":"plain","optional":true},"delete":{"type":"string","description_kind":"plain","optional":true}},"description_kind":"plain"}},"vendor_options":{"nesting_mode":"set","block":{"attributes":{"restart_confirmed":{"type":"bool","description":"Boolean to confirm autorestart of the instance if it is required to apply configuration group changes.","description_kind":"plain","optional":true}},"description":"Map of additional vendor-specific options. Supported options are described below._new_since_v0.4.0_.","description_kind":"plain"},"max_items":1},"wal_disk_autoexpand":{"nesting_mode":"list","block":{"attributes":{"autoexpand":{"type":"bool","description":"Indicates whether wal volume autoresize is enabled.","description_kind":"plain","optional":true},"max_disk_size":{"type":"number","description":"Maximum disk size for wal volume autoresize.","description_kind":"plain","optional":true}},"description":"Object that represents autoresize properties of the instance wal volume.","description_kind":"plain"},"max_items":1},"wal_volume":{"nesting_mode":"list","block":{"attributes":{"autoexpand":{"type":"bool","description":"Indicates whether wal volume autoresize is enabled. **Deprecated** Please, use wal_disk_autoexpand block instead.","description_kind":"plain","deprecated":true,"optional":true},"max_disk_size":{"type":"number","description":"Maximum disk size for wal volume autoresize. **Deprecated** Please, use wal_disk_autoexpand block instead.","description_kind":"plain","deprecated":true,"optional":true},"size":{"type":"number","description":"Size of the instance wal volume.","description_kind":"plain","required":true},"volume_type":{"type":"string","description":"The type of the instance wal volume.","description_kind":"plain","required":true}},"description":"Object that represents wal volume of the instance. Changing this creates a new instance.","description_kind":"plain"},"max_items":1}},"description":"Provides a db instance resource. This can be used to create, modify and delete db instance.","description_kind":"plain"}},"vkcs_db_user":{"version":0,"block":{"attributes":{"databases":{"type":["list","string"],"description":"List of names of the databases, that user is created for.","description_kind":"plain","optional":true,"computed":true},"dbms_id":{"type":"string","description":"ID of the instance or cluster that user is created for.","description_kind":"plain","required":true},"dbms_type":{"type":"string","description":"Type of dbms for the user, can be \"instance\" or \"cluster\".","description_kind":"plain","computed":true},"host":{"type":"string","description":"IP address of the host that user will be accessible from.","description_kind":"plain","optional":true},"id":{"type":"string","description_kind":"plain","optional":true,"computed":true},"name":{"type":"string","description":"The name of the user. Changing this creates a new user.","description_kind":"plain","required":true},"password":{"type":"string","description":"The password of the user.","description_kind":"plain","required":true,"sensitive":true}},"block_types":{"timeouts":{"nesting_mode":"single","block":{"attributes":{"create":{"type":"string","description_kind":"plain","optional":true},"delete":{"type":"string","description_kind":"plain","optional":true}},"description_kind":"plain"}},"vendor_options":{"nesting_mode":"set","block":{"attributes":{"skip_deletion":{"type":"bool","description":"Boolean to control whether to user deletion should be skipped. If set to true, the resource will be removed from the state, but the remote object will not be deleted. This is useful for PostgreSQL, where users cannot be deleted from the API if they own database objects.","description_kind":"plain","optional":true}},"description":"_new_since_v0.5.3_.","description_kind":"plain"},"max_items":1}},"description":"Provides a db user resource. This can be used to create, modify and delete db user.","description_kind":"plain"}},"vkcs_dc_bgp_instance":{"version":0,"block":{"attributes":{"asn":{"type":"number","description":"BGP Autonomous System Number (integer representation supports only). Changing this creates a new resource","description_kind":"plain","required":true},"bgp_router_id":{"type":"string","description":"BGP Router ID (IP address that represent BGP router in BGP network). Changing this creates a new resource","description_kind":"plain","required":true},"created_at":{"type":"string","description":"Creation timestamp","description_kind":"plain","computed":true},"dc_router_id":{"type":"string","description":"Direct Connect Router ID to attach. Changing this creates a new resource","description_kind":"plain","required":true},"description":{"type":"string","description":"Description of the router","description_kind":"plain","optional":true,"computed":true},"ecmp_enabled":{"type":"bool","description":"Enable BGP ECMP behaviour on router. Default is false","description_kind":"plain","optional":true,"computed":true},"enabled":{"type":"bool","description":"Enable or disable item. Default is true","description_kind":"plain","optional":true,"computed":true},"graceful_restart":{"type":"bool","description":"Enable BGP Graceful Restart feature. Default is false","description_kind":"plain","optional":true,"computed":true},"id":{"type":"string","description":"ID of the resource","description_kind":"plain","computed":true},"long_lived_graceful_restart":{"type":"bool","description":"Enable BGP Long Lived Graceful Restart feature. Default is false","description_kind":"plain","optional":true,"computed":true},"name":{"type":"string","description":"Name of the router","description_kind":"plain","optional":true,"computed":true},"region":{"type":"string","description":"The `region` to fetch availability zones from, defaults to the provider's `region`.","description_kind":"plain","optional":true,"computed":true},"updated_at":{"type":"string","description":"Update timestamp","description_kind":"plain","computed":true}},"description":"Manages a direct connect BGP instance resource._note_ This resource requires Sprut SDN to be enabled in your project._new_since_v0.5.0_.","description_kind":"plain"}},"vkcs_dc_bgp_neighbor":{"version":0,"block":{"attributes":{"add_paths":{"type":"string","description":"Activate BGP Add-Paths feature on peer. Default is off","description_kind":"plain","optional":true,"computed":true},"bfd_enabled":{"type":"bool","description":"Control BGP session activity with BFD protocol. Default is false","description_kind":"plain","optional":true,"computed":true},"created_at":{"type":"string","description":"Creation timestamp","description_kind":"plain","computed":true},"dc_bgp_id":{"type":"string","description":"Direct Connect BGP ID to attach. Changing this creates a new resource","description_kind":"plain","required":true},"description":{"type":"string","description":"Description of the BGP neighbor","description_kind":"plain","optional":true,"computed":true},"enabled":{"type":"bool","description":"Enable or disable item. Default is true","description_kind":"plain","optional":true,"computed":true},"filter_in":{"type":"string","description":"Input filter that pass incoming BGP prefixes (allow any)","description_kind":"plain","optional":true,"computed":true},"filter_out":{"type":"string","description":"Output filter that pass incoming BGP prefixes (allow any)","description_kind":"plain","optional":true,"computed":true},"force_ibgp_next_hop_self":{"type":"bool","description":"Force set IP address of next-hop on BGP prefix to self even in iBGP. Default is false","description_kind":"plain","optional":true,"computed":true},"id":{"type":"string","description":"ID of the resource","description_kind":"plain","computed":true},"name":{"type":"string","description":"Name of the BGP neighbor","description_kind":"plain","optional":true,"computed":true},"region":{"type":"string","description":"The `region` to fetch availability zones from, defaults to the provider's `region`.","description_kind":"plain","optional":true,"computed":true},"remote_asn":{"type":"number","description":"BGP Neighbor ASN. Changing this creates a new resource","description_kind":"plain","required":true},"remote_ip":{"type":"string","description":"BGP Neighbor IP address. Changing this creates a new resource","description_kind":"plain","required":true},"updated_at":{"type":"string","description":"Update timestamp","description_kind":"plain","computed":true}},"description":"Manages a direct connect BGP neighbor resource._note_ This resource requires Sprut SDN to be enabled in your project._new_since_v0.5.0_.","description_kind":"plain"}},"vkcs_dc_bgp_static_announce":{"version":0,"block":{"attributes":{"created_at":{"type":"string","description":"Creation timestamp","description_kind":"plain","computed":true},"dc_bgp_id":{"type":"string","description":"Direct Connect BGP ID to attach. Changing this creates a new resource","description_kind":"plain","required":true},"description":{"type":"string","description":"Description of the BGP neighbor","description_kind":"plain","optional":true,"computed":true},"enabled":{"type":"bool","description":"Enable or disable item. Default is true","description_kind":"plain","optional":true,"computed":true},"gateway":{"type":"string","description":"IP address of gateway. Changing this creates a new resource","description_kind":"plain","required":true},"id":{"type":"string","description":"ID of the resource","description_kind":"plain","computed":true},"name":{"type":"string","description":"Name of the BGP neighbor","description_kind":"plain","optional":true,"computed":true},"network":{"type":"string","description":"Subnet in CIDR notation. Changing this creates a new resource","description_kind":"plain","required":true},"region":{"type":"string","description":"The `region` to fetch availability zones from, defaults to the provider's `region`.","description_kind":"plain","optional":true,"computed":true},"updated_at":{"type":"string","description":"Update timestamp","description_kind":"plain","computed":true}},"description":"Manages a direct connect BGP Static Announce resource._note_ This resource requires Sprut SDN to be enabled in your project._new_since_v0.5.0_.","description_kind":"plain"}},"vkcs_dc_interface":{"version":0,"block":{"attributes":{"bgp_announce_enabled":{"type":"bool","description":"Enable BGP announce of subnet attached to interface. Default is true","description_kind":"plain","optional":true,"computed":true},"created_at":{"type":"string","description":"Creation timestamp","description_kind":"plain","computed":true},"dc_router_id":{"type":"string","description":"Direct Connect Router ID to attach. Changing this creates a new resource","description_kind":"plain","required":true},"description":{"type":"string","description":"Description of the interface","description_kind":"plain","optional":true,"computed":true},"id":{"type":"string","description":"ID of the resource","description_kind":"plain","computed":true},"ip_address":{"type":"string","description":"IP Address of the interface. Changing this creates a new resource","description_kind":"plain","optional":true,"computed":true},"ip_netmask":{"type":"number","description":"IP Netmask","description_kind":"plain","computed":true},"mac_address":{"type":"string","description":"MAC Address of created interface","description_kind":"plain","computed":true},"mtu":{"type":"number","description":"MTU","description_kind":"plain","computed":true},"name":{"type":"string","description":"Name of the interface","description_kind":"plain","optional":true,"computed":true},"network_id":{"type":"string","description":"Network ID to attach. Changing this creates a new resource","description_kind":"plain","required":true},"port_id":{"type":"string","description":"Port ID","description_kind":"plain","computed":true},"region":{"type":"string","description":"The `region` to fetch availability zones from, defaults to the provider's `region`.","description_kind":"plain","optional":true,"computed":true},"sdn":{"type":"string","description":"SDN where interface was created","description_kind":"plain","computed":true},"subnet_id":{"type":"string","description":"Subnet ID to attach. Changing this creates a new resource","description_kind":"plain","optional":true,"computed":true},"updated_at":{"type":"string","description":"Update timestamp","description_kind":"plain","computed":true}},"description":"Manages a direct connect interface resource._note_ This resource requires Sprut SDN to be enabled in your project._new_since_v0.5.0_.","description_kind":"plain"}},"vkcs_dc_router":{"version":0,"block":{"attributes":{"availability_zone":{"type":"string","description":"The availability zone in which to create the router. Changing this creates a new router","description_kind":"plain","optional":true,"computed":true},"created_at":{"type":"string","description":"Creation timestamp","description_kind":"plain","computed":true},"description":{"type":"string","description":"Description of the router","description_kind":"plain","optional":true,"computed":true},"flavor":{"type":"string","description":"Flavor of the router. Possible values can be obtained with vkcs_dc_api_options data source. Changing this creates a new router. _note_ Not to be confused with compute service flavors.","description_kind":"plain","optional":true,"computed":true},"id":{"type":"string","description":"ID of the resource","description_kind":"plain","computed":true},"name":{"type":"string","description":"Name of the router","description_kind":"plain","optional":true,"computed":true},"region":{"type":"string","description":"The `region` to fetch availability zones from, defaults to the provider's `region`.","description_kind":"plain","optional":true,"computed":true},"updated_at":{"type":"string","description":"Update timestamp","description_kind":"plain","computed":true}},"description":"Manages a direct connect router resource._note_ This resource requires Sprut SDN to be enabled in your project._new_since_v0.5.0_.","description_kind":"plain"}},"vkcs_dc_static_route":{"version":0,"block":{"attributes":{"created_at":{"type":"string","description":"Creation timestamp","description_kind":"plain","computed":true},"dc_router_id":{"type":"string","description":"Direct Connect Router ID to attach. Changing this creates a new resource","description_kind":"plain","required":true},"description":{"type":"string","description":"Description of the static route","description_kind":"plain","optional":true,"computed":true},"gateway":{"type":"string","description":"IP address of gateway. Changing this creates a new resource","description_kind":"plain","required":true},"id":{"type":"string","description":"ID of the resource","description_kind":"plain","computed":true},"metric":{"type":"number","description":"Metric to use for route. Default is 1","description_kind":"plain","optional":true,"computed":true},"name":{"type":"string","description":"Name of the static route","description_kind":"plain","optional":true,"computed":true},"network":{"type":"string","description":"Subnet in CIDR notation. Changing this creates a new resource","description_kind":"plain","required":true},"region":{"type":"string","description":"The `region` to fetch availability zones from, defaults to the provider's `region`.","description_kind":"plain","optional":true,"computed":true},"updated_at":{"type":"string","description":"Update timestamp","description_kind":"plain","computed":true}},"description":"Manages a direct connect BGP Static Announce resource._note_ This resource requires Sprut SDN to be enabled in your project._new_since_v0.5.0_.","description_kind":"plain"}},"vkcs_dc_vrrp":{"version":0,"block":{"attributes":{"advert_interval":{"type":"number","description":"VRRP Advertise interval. Default is 1","description_kind":"plain","optional":true,"computed":true},"created_at":{"type":"string","description":"Creation timestamp","description_kind":"plain","computed":true},"description":{"type":"string","description":"Description of the VRRP","description_kind":"plain","optional":true,"computed":true},"enabled":{"type":"bool","description":"Enable or disable item. Default is true","description_kind":"plain","optional":true,"computed":true},"group_id":{"type":"number","description":"VRRP Group ID","description_kind":"plain","required":true},"id":{"type":"string","description":"ID of the resource","description_kind":"plain","computed":true},"name":{"type":"string","description":"Name of the VRRP","description_kind":"plain","optional":true,"computed":true},"network_id":{"type":"string","description":"Network ID to attach. Changing this creates a new resource","description_kind":"plain","required":true},"region":{"type":"string","description":"The `region` to fetch availability zones from, defaults to the provider's `region`.","description_kind":"plain","optional":true,"computed":true},"sdn":{"type":"string","description":"SDN of created VRRP","description_kind":"plain","computed":true},"subnet_id":{"type":"string","description":"Subnet ID to attach. Changing this creates a new resource","description_kind":"plain","optional":true,"computed":true},"updated_at":{"type":"string","description":"Update timestamp","description_kind":"plain","computed":true}},"description":"Manages a direct connect VRRP resource._note_ This resource requires Sprut SDN to be enabled in your project._new_since_v0.5.0_.","description_kind":"plain"}},"vkcs_dc_vrrp_address":{"version":0,"block":{"attributes":{"created_at":{"type":"string","description":"Creation timestamp","description_kind":"plain","computed":true},"dc_vrrp_id":{"type":"string","description":"VRRP ID to attach. Changing this creates a new resource","description_kind":"plain","required":true},"description":{"type":"string","description":"Description of the VRRP","description_kind":"plain","optional":true,"computed":true},"id":{"type":"string","description":"ID of the resource","description_kind":"plain","computed":true},"ip_address":{"type":"string","description":"IP address to assign. Changing this creates a new resource","description_kind":"plain","optional":true,"computed":true},"name":{"type":"string","description":"Name of the VRRP","description_kind":"plain","optional":true,"computed":true},"port_id":{"type":"string","description":"Port ID used to assign IP address","description_kind":"plain","computed":true},"region":{"type":"string","description":"The `region` to fetch availability zones from, defaults to the provider's `region`.","description_kind":"plain","optional":true,"computed":true},"updated_at":{"type":"string","description":"Update timestamp","description_kind":"plain","computed":true}},"description":"Manages a direct connect VRRP address resource._note_ This resource requires Sprut SDN to be enabled in your project._new_since_v0.5.0_.","description_kind":"plain"}},"vkcs_dc_vrrp_interface":{"version":0,"block":{"attributes":{"created_at":{"type":"string","description":"Creation timestamp","description_kind":"plain","computed":true},"dc_interface_id":{"type":"string","description":"DC Interface ID to attach. Changing this creates a new resource","description_kind":"plain","required":true},"dc_vrrp_id":{"type":"string","description":"VRRP ID to attach. Changing this creates a new resource","description_kind":"plain","required":true},"description":{"type":"string","description":"Description of the VRRP","description_kind":"plain","optional":true,"computed":true},"id":{"type":"string","description":"ID of the resource","description_kind":"plain","computed":true},"master":{"type":"bool","description":"Start VRRP instance on interface as VRRP Master. Default is false","description_kind":"plain","optional":true,"computed":true},"name":{"type":"string","description":"Name of the VRRP","description_kind":"plain","optional":true,"computed":true},"preempt":{"type":"bool","description":"VRRP interface preempt behavior. Default is true","description_kind":"plain","optional":true,"computed":true},"priority":{"type":"number","description":"VRRP interface priority. Default is 100","description_kind":"plain","optional":true,"computed":true},"region":{"type":"string","description":"The `region` to fetch availability zones from, defaults to the provider's `region`.","description_kind":"plain","optional":true,"computed":true},"updated_at":{"type":"string","description":"Update timestamp","description_kind":"plain","computed":true}},"description":"Manages a direct connect VRRP interface resource._note_ This resource requires Sprut SDN to be enabled in your project._new_since_v0.5.0_.","description_kind":"plain"}},"vkcs_images_image":{"version":0,"block":{"attributes":{"archiving_format":{"type":"string","description":"The format of archived image file. Use this to unzip image file when downloading an archive. Currently only \"tar\" format is supported._new_since_v0.4.2_.","description_kind":"plain","optional":true},"checksum":{"type":"string","description":"The checksum of the data associated with the image.","description_kind":"plain","computed":true},"compression_format":{"type":"string","description":"The format of compressed image. Use this attribute to decompress image when downloading it from source. Must be one of \"auto\", \"bzip2\", \"gzip\", \"xz\". If set to \"auto\", response Content-Type header will be used to detect compression format._new_since_v0.4.2_.","description_kind":"plain","optional":true},"container_format":{"type":"string","description":"The container format. Must be one of \"bare\".","description_kind":"plain","required":true},"created_at":{"type":"string","description":"The date the image was created.","description_kind":"plain","computed":true},"disk_format":{"type":"string","description":"The disk format. Must be one of \"raw\", \"iso\".","description_kind":"plain","required":true},"file":{"type":"string","description":"The trailing path after the image endpoint that represent the location of the image or the path to retrieve it.","description_kind":"plain","computed":true},"id":{"type":"string","description_kind":"plain","optional":true,"computed":true},"image_cache_path":{"type":"string","description":"This is the directory where the images will be downloaded. Images will be stored with a filename corresponding to the url's md5 hash. Defaults to \"$HOME/.terraform/image_cache\"","description_kind":"plain","optional":true},"image_source_password":{"type":"string","description":"The password of basic auth to download `image_source_url`.","description_kind":"plain","optional":true,"sensitive":true},"image_source_url":{"type":"string","description":"This is the url of the raw image. The image will be downloaded in the `image_cache_path` before being uploaded to VKCS. Conflicts with `local_file_path`.","description_kind":"plain","optional":true},"image_source_username":{"type":"string","description":"The username of basic auth to download `image_source_url`.","description_kind":"plain","optional":true},"local_file_path":{"type":"string","description":"This is the filepath of the raw image file that will be uploaded to VKCS. Conflicts with `image_source_url`","description_kind":"plain","optional":true},"metadata":{"type":["map","string"],"description":"The metadata associated with the image. Image metadata allow for meaningfully define the image properties and tags. See https://docs.openstack.org/glance/latest/user/metadefs-concepts.html.","description_kind":"plain","computed":true},"min_disk_gb":{"type":"number","description":"Amount of disk space (in GB) required to boot VM. Defaults to 0.","description_kind":"plain","optional":true},"min_ram_mb":{"type":"number","description":"Amount of ram (in MB) required to boot VM. Defauts to 0.","description_kind":"plain","optional":true},"name":{"type":"string","description":"The name of the image.","description_kind":"plain","required":true},"owner":{"type":"string","description":"The id of the vkcs user who owns the image.","description_kind":"plain","computed":true},"properties":{"type":["map","string"],"description":"A map of key/value pairs to set freeform information about an image. See the \"Notes\" section for further information about properties.","description_kind":"plain","optional":true,"computed":true},"protected":{"type":"bool","description":"If true, image will not be deletable. Defaults to false.","description_kind":"plain","optional":true},"region":{"type":"string","description":"The region in which to obtain the Image client. An Image client is needed to create an Image that can be used with a compute instance. If omitted, the `region` argument of the provider is used. Changing this creates a new Image.","description_kind":"plain","optional":true,"computed":true},"schema":{"type":"string","description":"The path to the JSON-schema that represent the image or image","description_kind":"plain","computed":true},"size_bytes":{"type":"number","description":"The size in bytes of the data associated with the image.","description_kind":"plain","computed":true},"status":{"type":"string","description":"The status of the image. It can be \"queued\", \"active\" or \"saving\".","description_kind":"plain","computed":true},"tags":{"type":["set","string"],"description":"The tags of the image. It must be a list of strings. At this time, it is not possible to delete all tags of an image.","description_kind":"plain","optional":true},"updated_at":{"type":"string","description":"The date the image was last updated.","description_kind":"plain","computed":true},"verify_checksum":{"type":"bool","description":"If false, the checksum will not be verified once the image is finished uploading.","description_kind":"plain","optional":true},"visibility":{"type":"string","description":"The visibility of the image. Must be one of \"private\", \"community\", or \"shared\". The ability to set the visibility depends upon the configuration of the VKCS cloud.","description_kind":"plain","optional":true}},"block_types":{"timeouts":{"nesting_mode":"single","block":{"attributes":{"create":{"type":"string","description_kind":"plain","optional":true}},"description_kind":"plain"}}},"description":"Manages an Image resource within VKCS._note_ All arguments including the source image URL password will be stored in the raw state as plain-text. [Read more about sensitive data in state](https://www.terraform.io/docs/language/state/sensitive-data.html).","description_kind":"plain"}},"vkcs_keymanager_container":{"version":0,"block":{"attributes":{"consumers":{"type":["list",["object",{"name":"string","url":"string"}]],"description":"The list of the container consumers. The structure is described below.","description_kind":"plain","computed":true},"container_ref":{"type":"string","description":"The container reference / where to find the container.","description_kind":"plain","computed":true},"created_at":{"type":"string","description":"The date the container ACL was created.","description_kind":"plain","computed":true},"creator_id":{"type":"string","description":"The creator of the container.","description_kind":"plain","computed":true},"id":{"type":"string","description_kind":"plain","optional":true,"computed":true},"name":{"type":"string","description":"Human-readable name for the Container. Does not have to be unique.","description_kind":"plain","optional":true},"region":{"type":"string","description":"The region in which to obtain the KeyManager client. A KeyManager client is needed to create a container. If omitted, the `region` argument of the provider is used. Changing this creates a new container.","description_kind":"plain","optional":true,"computed":true},"status":{"type":"string","description":"The status of the container.","description_kind":"plain","computed":true},"type":{"type":"string","description":"Used to indicate the type of container. Must be one of `generic`, `rsa` or `certificate`.","description_kind":"plain","required":true},"updated_at":{"type":"string","description":"The date the container ACL was last updated.","description_kind":"plain","computed":true}},"block_types":{"acl":{"nesting_mode":"list","block":{"block_types":{"read":{"nesting_mode":"list","block":{"attributes":{"created_at":{"type":"string","description":"The date the container ACL was created.","description_kind":"plain","computed":true},"project_access":{"type":"bool","description":"Whether the container is accessible project wide. Defaults to `true`.","description_kind":"plain","optional":true},"updated_at":{"type":"string","description":"The date the container ACL was last updated.","description_kind":"plain","computed":true},"users":{"type":["set","string"],"description":"The list of user IDs, which are allowed to access the container, when `project_access` is set to `false`.","description_kind":"plain","optional":true}},"description":"Block that describes read operation.","description_kind":"plain"},"max_items":1}},"description":"Allows to control an access to a container. Currently only the `read` operation is supported. If not specified, the container is accessible project wide. The `read` structure is described below.","description_kind":"plain"},"max_items":1},"secret_refs":{"nesting_mode":"set","block":{"attributes":{"name":{"type":"string","description":"The name of the secret reference. The reference names must correspond the container type, more details are available [here](https://docs.openstack.org/barbican/stein/api/reference/containers.html).","description_kind":"plain","optional":true},"secret_ref":{"type":"string","description":"The secret reference / where to find the secret, URL.","description_kind":"plain","required":true}},"description":"A set of dictionaries containing references to secrets. The structure is described below.","description_kind":"plain"}},"timeouts":{"nesting_mode":"single","block":{"attributes":{"create":{"type":"string","description_kind":"plain","optional":true},"delete":{"type":"string","description_kind":"plain","optional":true},"update":{"type":"string","description_kind":"plain","optional":true}},"description_kind":"plain"}}},"description":"Manages a key container resource within VKCS.","description_kind":"plain"}},"vkcs_keymanager_secret":{"version":0,"block":{"attributes":{"algorithm":{"type":"string","description":"Metadata provided by a user or system for informational purposes.","description_kind":"plain","optional":true,"computed":true},"all_metadata":{"type":["map","string"],"description":"The map of metadata, assigned on the secret, which has been explicitly and implicitly added.","description_kind":"plain","computed":true},"bit_length":{"type":"number","description":"Metadata provided by a user or system for informational purposes.","description_kind":"plain","optional":true,"computed":true},"content_types":{"type":["map","string"],"description":"The map of the content types, assigned on the secret.","description_kind":"plain","computed":true},"created_at":{"type":"string","description":"The date the secret ACL was created.","description_kind":"plain","computed":true},"creator_id":{"type":"string","description":"The creator of the secret.","description_kind":"plain","computed":true},"expiration":{"type":"string","description":"The expiration time of the secret in the RFC3339 timestamp format (e.g. `2019-03-09T12:58:49Z`). If omitted, a secret will never expire. Changing this creates a new secret.","description_kind":"plain","optional":true},"id":{"type":"string","description_kind":"plain","optional":true,"computed":true},"metadata":{"type":["map","string"],"description":"Additional Metadata for the secret.","description_kind":"plain","optional":true},"mode":{"type":"string","description":"Metadata provided by a user or system for informational purposes.","description_kind":"plain","optional":true,"computed":true},"name":{"type":"string","description":"Human-readable name for the Secret. Does not have to be unique.","description_kind":"plain","optional":true},"payload":{"type":"string","description":"The secret's data to be stored. **payload\\_content\\_type** must also be supplied if **payload** is included.","description_kind":"plain","optional":true,"computed":true,"sensitive":true},"payload_content_encoding":{"type":"string","description":"(required if **payload** is encoded) The encoding used for the payload to be able to include it in the JSON request. Must be either `base64` or `binary`.","description_kind":"plain","optional":true},"payload_content_type":{"type":"string","description":"(required if **payload** is included) The media type for the content of the payload. Must be one of `text/plain`, `text/plain;charset=utf-8`, `text/plain; charset=utf-8`, `application/octet-stream`, `application/pkcs8`.","description_kind":"plain","optional":true},"region":{"type":"string","description":"The region in which to obtain the KeyManager client. A KeyManager client is needed to create a secret. If omitted, the `region` argument of the provider is used. Changing this creates a new V1 secret.","description_kind":"plain","optional":true,"computed":true},"secret_ref":{"type":"string","description":"The secret reference / where to find the secret.","description_kind":"plain","computed":true},"secret_type":{"type":"string","description":"Used to indicate the type of secret being stored. For more information see [Secret types](https://docs.openstack.org/barbican/latest/api/reference/secret_types.html).","description_kind":"plain","optional":true,"computed":true},"status":{"type":"string","description":"The status of the secret.","description_kind":"plain","computed":true},"updated_at":{"type":"string","description":"The date the secret ACL was last updated.","description_kind":"plain","computed":true}},"block_types":{"acl":{"nesting_mode":"list","block":{"block_types":{"read":{"nesting_mode":"list","block":{"attributes":{"created_at":{"type":"string","description":"The date the container ACL was created.","description_kind":"plain","computed":true},"project_access":{"type":"bool","description":"Whether the container is accessible project wide. Defaults to `true`.","description_kind":"plain","optional":true},"updated_at":{"type":"string","description":"The date the container ACL was last updated.","description_kind":"plain","computed":true},"users":{"type":["set","string"],"description":"The list of user IDs, which are allowed to access the container, when `project_access` is set to `false`.","description_kind":"plain","optional":true}},"description":"Block that describes read operation.","description_kind":"plain"},"max_items":1}},"description":"Allows to control an access to a secret. Currently only the `read` operation is supported. If not specified, the secret is accessible project wide.","description_kind":"plain"},"max_items":1},"timeouts":{"nesting_mode":"single","block":{"attributes":{"create":{"type":"string","description_kind":"plain","optional":true},"delete":{"type":"string","description_kind":"plain","optional":true},"update":{"type":"string","description_kind":"plain","optional":true}},"description_kind":"plain"}}},"description":"Manages a key secret resource within VKCS.\n\n~\u003e **Important Security Notice** The payload of this resource will be stored *unencrypted* in your Terraform state file. **Use of this resource for production deployments is *not* recommended**. [Read more about sensitive data in state](https://www.terraform.io/docs/language/state/sensitive-data.html).","description_kind":"plain"}},"vkcs_kubernetes_addon":{"version":0,"block":{"attributes":{"addon_id":{"type":"string","description":"The id of the addon. Changing this creates a new addon.","description_kind":"plain","required":true},"cluster_id":{"type":"string","description":"The ID of the kubernetes cluster. Changing this creates a new addon.","description_kind":"plain","required":true},"configuration_values":{"type":"string","description":"Configuration code for the addon. Changing this creates a new addon.","description_kind":"plain","optional":true,"computed":true},"id":{"type":"string","description":"ID of the resource","description_kind":"plain","computed":true},"name":{"type":"string","description":"The name of the application. Changing this creates a new addon.","description_kind":"plain","optional":true,"computed":true},"namespace":{"type":"string","description":"The namespace name where the addon will be installed.","description_kind":"plain","required":true},"region":{"type":"string","description":"The region in which to obtain the Container Infra Addons client. If omitted, the `region` argument of the provider is used. Changing this creates a new addon.","description_kind":"plain","optional":true,"computed":true},"timeouts":{"nested_type":{"attributes":{"create":{"type":"string","description":"A string that can be [parsed as a duration](https://pkg.go.dev/time#ParseDuration) consisting of numbers and unit suffixes, such as \"30s\" or \"2h45m\". Valid time units are \"s\" (seconds), \"m\" (minutes), \"h\" (hours).","description_kind":"plain","optional":true},"delete":{"type":"string","description":"A string that can be [parsed as a duration](https://pkg.go.dev/time#ParseDuration) consisting of numbers and unit suffixes, such as \"30s\" or \"2h45m\". Valid time units are \"s\" (seconds), \"m\" (minutes), \"h\" (hours). Setting a timeout for a Delete operation is only applicable if changes are saved into state before the destroy operation occurs.","description_kind":"plain","optional":true}},"nesting_mode":"single"},"description_kind":"plain","optional":true}},"description":"Provides a kubernetes cluster addon resource. This can be used to create, modify and delete kubernetes cluster addons._new_since_v0.3.0_.","description_kind":"plain"}},"vkcs_kubernetes_cluster":{"version":0,"block":{"attributes":{"all_labels":{"type":["map","string"],"description":"The read-only map of all cluster labels._new_since_v0.5.1_.","description_kind":"plain","computed":true},"api_address":{"type":"string","description":"COE API address.","description_kind":"plain","computed":true},"api_lb_fip":{"type":"string","description":"API LoadBalancer fip. IP address field.","description_kind":"plain","optional":true,"computed":true},"api_lb_vip":{"type":"string","description":"API LoadBalancer vip. IP address field.","description_kind":"plain","optional":true,"computed":true},"availability_zone":{"type":"string","description":"Availability zone of the cluster.","description_kind":"plain","required":true},"cluster_template_id":{"type":"string","description":"The UUID of the Kubernetes cluster template. It can be obtained using the cluster_template data source.","description_kind":"plain","required":true},"created_at":{"type":"string","description":"The time at which cluster was created.","description_kind":"plain","computed":true},"dns_domain":{"type":"string","description":"Custom DNS cluster domain. Changing this creates a new cluster.","description_kind":"plain","optional":true,"computed":true},"floating_ip_enabled":{"type":"bool","description":"Floating ip is enabled.","description_kind":"plain","required":true},"id":{"type":"string","description_kind":"plain","optional":true,"computed":true},"ingress_floating_ip":{"type":"string","description":"Floating IP created for ingress service.","description_kind":"plain","optional":true,"computed":true},"insecure_registries":{"type":["list","string"],"description":"Addresses of registries from which you can download images without checking certificates. Changing this creates a new cluster.","description_kind":"plain","optional":true,"computed":true},"keypair":{"type":"string","description":"The name of the Compute service SSH keypair. Changing this creates a new cluster.","description_kind":"plain","optional":true},"labels":{"type":["map","string"],"description":"The list of optional key value pairs representing additional properties of the cluster. _note_ Updating this attribute will not immediately apply the changes; these options will be used when recreating or deleting cluster nodes, for example, during an upgrade operation.\n\n  * `calico_ipv4pool` to set subnet where pods will be created. Default 10.100.0.0/16. _note_ Updating this value while the cluster is running is dangerous because it can lead to loss of connectivity of the cluster nodes.\n  * `clean_volumes` to remove pvc volumes when deleting a cluster. Default False. _note_ Changes to this value will be applied immediately.\n  * `cloud_monitoring` to enable cloud monitoring feature. Default False.\n  * `etcd_volume_size` to set etcd volume size in GB. Default 10.\n  * `kube_log_level` to set log level for kubelet in range 0 to 8. Default 0.\n  * `master_volume_size` to set master vm volume size in GB. Default 50.\n  * `cluster_node_volume_type` to set master vm volume type. Default ceph-hdd.\n","description_kind":"plain","optional":true,"computed":true},"loadbalancer_subnet_id":{"type":"string","description":"The UUID of the load balancer's subnet. Changing this creates new cluster.","description_kind":"plain","optional":true,"computed":true},"master_addresses":{"type":["list","string"],"description":"IP addresses of the master node of the cluster.","description_kind":"plain","computed":true},"master_count":{"type":"number","description":"The number of master nodes for the cluster. Changing this creates a new cluster.","description_kind":"plain","optional":true,"computed":true},"master_flavor":{"type":"string","description":"The UUID of a flavor for the master nodes. If master_flavor is not present, value from cluster_template will be used.","description_kind":"plain","optional":true,"computed":true},"name":{"type":"string","description":"The name of the cluster. Changing this creates a new cluster. Should match the pattern `^[a-zA-Z][a-zA-Z0-9_.-]*$`.","description_kind":"plain","required":true},"network_id":{"type":"string","description":"UUID of the cluster's network.","description_kind":"plain","required":true},"pods_network_cidr":{"type":"string","description":"Network cidr of k8s virtual network","description_kind":"plain","optional":true,"computed":true},"project_id":{"type":"string","description":"The project of the cluster.","description_kind":"plain","computed":true},"region":{"type":"string","description":"Region to use for the cluster. Default is a region configured for provider.","description_kind":"plain","optional":true,"computed":true},"registry_auth_password":{"type":"string","description":"Docker registry access password.","description_kind":"plain","optional":true,"computed":true},"stack_id":{"type":"string","description":"UUID of the Orchestration service stack.","description_kind":"plain","computed":true},"status":{"type":"string","description":"Current state of a cluster. Changing this to `RUNNING` or `SHUTOFF` will turn cluster on/off.","description_kind":"plain","optional":true,"computed":true},"subnet_id":{"type":"string","description":"UUID of the cluster's subnet.","description_kind":"plain","required":true},"sync_security_policy":{"type":"bool","description":"Enables syncing of security policies of cluster. Default value is false._new_since_v0.7.0_.","description_kind":"plain","optional":true,"computed":true},"updated_at":{"type":"string","description":"The time at which cluster was created.","description_kind":"plain","computed":true},"user_id":{"type":"string","description":"The user of the cluster.","description_kind":"plain","computed":true}},"block_types":{"timeouts":{"nesting_mode":"single","block":{"attributes":{"create":{"type":"string","description_kind":"plain","optional":true},"delete":{"type":"string","description_kind":"plain","optional":true},"update":{"type":"string","description_kind":"plain","optional":true}},"description_kind":"plain"}}},"description":"Provides a kubernetes cluster resource. This can be used to create, modify and delete kubernetes clusters.","description_kind":"plain"}},"vkcs_kubernetes_node_group":{"version":0,"block":{"attributes":{"autoscaling_enabled":{"type":"bool","description":"Determines whether the autoscaling is enabled.","description_kind":"plain","optional":true},"availability_zones":{"type":["list","string"],"description":"The list of availability zones of the node group. Zones `MS1` and  `GZ1` are available. By default, node group is being created at cluster's zone.\n**Important:** Receiving default AZ add it manually to your main.tf config to sync it with state to avoid node groups force recreation in the future.","description_kind":"plain","optional":true,"computed":true},"cluster_id":{"type":"string","description":"The UUID of the existing cluster.","description_kind":"plain","required":true},"created_at":{"type":"string","description":"The time at which node group was created.","description_kind":"plain","computed":true},"flavor_id":{"type":"string","description":"The flavor UUID of this node group. _note_ Starting with v0.5.1, changing this attribute does not force the resource to be recreated, which requires an in-place update and may not be provided in custom deployments. In this case, contact support for clarification.","description_kind":"plain","optional":true,"computed":true},"id":{"type":"string","description_kind":"plain","optional":true,"computed":true},"max_node_unavailable":{"type":"number","description":"The maximum number of nodes that can fail during an upgrade. The default value is 25 percent.","description_kind":"plain","optional":true,"computed":true},"max_nodes":{"type":"number","description":"The maximum allowed nodes for this node group.","description_kind":"plain","optional":true,"computed":true},"min_nodes":{"type":"number","description":"The minimum allowed nodes for this node group. Default to 0 if not set.","description_kind":"plain","optional":true,"computed":true},"name":{"type":"string","description":"The name of node group to create. Changing this will force to create a new node group.","description_kind":"plain","required":true},"node_count":{"type":"number","description":"The node count for this node group. Should be greater than 0. If `autoscaling_enabled` parameter is set, this attribute will be ignored during update.","description_kind":"plain","required":true},"state":{"type":"string","description":"Determines current state of node group (RUNNING, SHUTOFF, ERROR).","description_kind":"plain","computed":true},"updated_at":{"type":"string","description":"The time at which node group was created.","description_kind":"plain","computed":true},"uuid":{"type":"string","description":"The UUID of the cluster's node group.","description_kind":"plain","computed":true},"volume_size":{"type":"number","description":"The size in GB for volume to load nodes from. Changing this will force to create a new node group.","description_kind":"plain","optional":true,"computed":true},"volume_type":{"type":"string","description":"The volume type to load nodes from. Changing this will force to create a new node group.","description_kind":"plain","optional":true,"computed":true}},"block_types":{"labels":{"nesting_mode":"list","block":{"attributes":{"key":{"type":"string","description_kind":"plain","required":true},"value":{"type":"string","description_kind":"plain","optional":true}},"description":"The list of objects representing representing additional properties of the node group. Each object should have attribute \"key\". Object may also have optional attribute \"value\".","description_kind":"plain"}},"taints":{"nesting_mode":"list","block":{"attributes":{"effect":{"type":"string","description_kind":"plain","required":true},"key":{"type":"string","description_kind":"plain","required":true},"value":{"type":"string","description_kind":"plain","required":true}},"description":"The list of objects representing node group taints. Each object should have following attributes: key, value, effect.","description_kind":"plain"}},"timeouts":{"nesting_mode":"single","block":{"attributes":{"create":{"type":"string","description_kind":"plain","optional":true},"delete":{"type":"string","description_kind":"plain","optional":true},"update":{"type":"string","description_kind":"plain","optional":true}},"description_kind":"plain"}}},"description":"Provides a cluster node group resource. This can be used to create, modify and delete cluster's node group.","description_kind":"plain"}},"vkcs_kubernetes_security_policy":{"version":0,"block":{"attributes":{"cluster_id":{"type":"string","description":"The ID of the kubernetes cluster. Changing this creates a new security policy.","description_kind":"plain","required":true},"created_at":{"type":"string","description":"Creation timestamp","description_kind":"plain","computed":true},"enabled":{"type":"bool","description":"Controls whether the security policy is enabled. Default is true.","description_kind":"plain","optional":true,"computed":true},"id":{"type":"string","description":"ID of the resource","description_kind":"plain","computed":true},"namespace":{"type":"string","description":"Namespace to apply security policy to.","description_kind":"plain","required":true},"policy_settings":{"type":"string","description":"Policy settings.","description_kind":"plain","required":true},"region":{"type":"string","description":"The region in which to obtain the Container Infra client. If omitted, the `region` argument of the provider is used. Changing this creates a new security policy.","description_kind":"plain","optional":true,"computed":true},"security_policy_template_id":{"type":"string","description":"The ID of the security policy template. Changing this creates a new security policy.","description_kind":"plain","required":true},"updated_at":{"type":"string","description":"Update timestamp.","description_kind":"plain","computed":true}},"description":"Provides a kubernetes cluster security policy resource. This can be used to create, modify and delete kubernetes security policies._new_since_v0.7.0_.","description_kind":"plain"}},"vkcs_lb_l7policy":{"version":0,"block":{"attributes":{"action":{"type":"string","description":"The L7 Policy action - can either be REDIRECT\\_TO\\_POOL, REDIRECT\\_TO\\_URL or REJECT.","description_kind":"plain","required":true},"admin_state_up":{"type":"bool","description":"The administrative state of the L7 Policy. A valid value is true (UP) or false (DOWN).","description_kind":"plain","optional":true},"description":{"type":"string","description":"Human-readable description for the L7 Policy.","description_kind":"plain","optional":true},"id":{"type":"string","description_kind":"plain","optional":true,"computed":true},"listener_id":{"type":"string","description":"The Listener on which the L7 Policy will be associated with. Changing this creates a new L7 Policy.","description_kind":"plain","required":true},"name":{"type":"string","description":"Human-readable name for the L7 Policy. Does not have to be unique.","description_kind":"plain","optional":true},"position":{"type":"number","description":"The position of this policy on the listener. Positions start at 1.","description_kind":"plain","optional":true,"computed":true},"redirect_pool_id":{"type":"string","description":"Requests matching this policy will be redirected to the pool with this ID. Only valid if action is REDIRECT\\_TO\\_POOL.","description_kind":"plain","optional":true},"redirect_url":{"type":"string","description":"Requests matching this policy will be redirected to this URL. Only valid if action is REDIRECT\\_TO\\_URL.","description_kind":"plain","optional":true},"region":{"type":"string","description":"The region in which to obtain the Loadbalancer client. If omitted, the `region` argument of the provider is used. Changing this creates a new L7 Policy.","description_kind":"plain","optional":true,"computed":true}},"block_types":{"timeouts":{"nesting_mode":"single","block":{"attributes":{"create":{"type":"string","description_kind":"plain","optional":true},"delete":{"type":"string","description_kind":"plain","optional":true},"update":{"type":"string","description_kind":"plain","optional":true}},"description_kind":"plain"}}},"description":"Manages a Load Balancer L7 Policy resource within VKCS.","description_kind":"plain"}},"vkcs_lb_l7rule":{"version":0,"block":{"attributes":{"admin_state_up":{"type":"bool","description":"The administrative state of the L7 Rule. A valid value is true (UP) or false (DOWN).","description_kind":"plain","optional":true},"compare_type":{"type":"string","description":"The comparison type for the L7 rule - can either be CONTAINS, STARTS\\_WITH, ENDS_WITH, EQUAL_TO or REGEX","description_kind":"plain","required":true},"id":{"type":"string","description_kind":"plain","optional":true,"computed":true},"invert":{"type":"bool","description":"When true the logic of the rule is inverted. For example, with invert true, equal to would become not equal to. Default is false.","description_kind":"plain","optional":true},"key":{"type":"string","description":"The key to use for the comparison. For example, the name of the cookie to evaluate. Valid when `type` is set to COOKIE or HEADER.","description_kind":"plain","optional":true},"l7policy_id":{"type":"string","description":"The ID of the L7 Policy to query. Changing this creates a new L7 Rule.","description_kind":"plain","required":true},"listener_id":{"type":"string","description":"The ID of the Listener owning this resource.","description_kind":"plain","computed":true},"region":{"type":"string","description":"The region in which to obtain the Loadbalancer client. If omitted, the `region` argument of the provider is used. Changing this creates a new L7 Rule.","description_kind":"plain","optional":true,"computed":true},"type":{"type":"string","description":"The L7 Rule type - can either be COOKIE, FILE\\_TYPE, HEADER, HOST\\_NAME or PATH.","description_kind":"plain","required":true},"value":{"type":"string","description":"The value to use for the comparison. For example, the file type to compare.","description_kind":"plain","required":true}},"block_types":{"timeouts":{"nesting_mode":"single","block":{"attributes":{"create":{"type":"string","description_kind":"plain","optional":true},"delete":{"type":"string","description_kind":"plain","optional":true},"update":{"type":"string","description_kind":"plain","optional":true}},"description_kind":"plain"}}},"description":"Manages a L7 Rule resource within VKCS.","description_kind":"plain"}},"vkcs_lb_listener":{"version":0,"block":{"attributes":{"admin_state_up":{"type":"bool","description":"The administrative state of the Listener. A valid value is true (UP) or false (DOWN).","description_kind":"plain","optional":true},"allowed_cidrs":{"type":["list","string"],"description":"A list of CIDR blocks that are permitted to connect to this listener, denying all other source addresses. If not present, defaults to allow all.","description_kind":"plain","optional":true},"connection_limit":{"type":"number","description":"The maximum number of connections allowed for the Listener.","description_kind":"plain","optional":true,"computed":true},"default_pool_id":{"type":"string","description":"The ID of the default pool with which the Listener is associated.","description_kind":"plain","optional":true,"computed":true},"default_tls_container_ref":{"type":"string","description":"A reference to a Keymanager Secrets container which stores TLS information. This is required if the protocol is `TERMINATED_HTTPS`.","description_kind":"plain","optional":true},"description":{"type":"string","description":"Human-readable description for the Listener.","description_kind":"plain","optional":true},"id":{"type":"string","description_kind":"plain","optional":true,"computed":true},"insert_headers":{"type":["map","string"],"description":"The list of key value pairs representing headers to insert into the request before it is sent to the backend members. Changing this updates the headers of the existing listener.","description_kind":"plain","optional":true},"loadbalancer_id":{"type":"string","description":"The load balancer on which to provision this Listener. Changing this creates a new Listener.","description_kind":"plain","required":true},"name":{"type":"string","description":"Human-readable name for the Listener. Does not have to be unique.","description_kind":"plain","optional":true,"computed":true},"protocol":{"type":"string","description":"The protocol - can either be TCP, HTTP, HTTPS, TERMINATED_HTTPS, UDP. Changing this creates a new Listener.","description_kind":"plain","required":true},"protocol_port":{"type":"number","description":"The port on which to listen for client traffic. Changing this creates a new Listener.","description_kind":"plain","required":true},"region":{"type":"string","description":"The region in which to obtain the Loadbalancer client. If omitted, the `region` argument of the provider is used. Changing this creates a new Listener.","description_kind":"plain","optional":true,"computed":true},"sni_container_refs":{"type":["list","string"],"description":"A list of references to Keymanager Secrets containers which store SNI information.","description_kind":"plain","optional":true},"timeout_client_data":{"type":"number","description":"The client inactivity timeout in milliseconds.","description_kind":"plain","optional":true,"computed":true},"timeout_member_connect":{"type":"number","description":"The member connection timeout in milliseconds.","description_kind":"plain","optional":true,"computed":true},"timeout_member_data":{"type":"number","description":"The member inactivity timeout in milliseconds.","description_kind":"plain","optional":true,"computed":true},"timeout_tcp_inspect":{"type":"number","description":"The time in milliseconds, to wait for additional TCP packets for content inspection.","description_kind":"plain","optional":true,"computed":true}},"block_types":{"timeouts":{"nesting_mode":"single","block":{"attributes":{"create":{"type":"string","description_kind":"plain","optional":true},"delete":{"type":"string","description_kind":"plain","optional":true},"update":{"type":"string","description_kind":"plain","optional":true}},"description_kind":"plain"}}},"description":"Manages a listener resource within VKCS.","description_kind":"plain"}},"vkcs_lb_loadbalancer":{"version":0,"block":{"attributes":{"admin_state_up":{"type":"bool","description":"The administrative state of the Loadbalancer. A valid value is true (UP) or false (DOWN).","description_kind":"plain","optional":true},"availability_zone":{"type":"string","description":"The availability zone of the Loadbalancer. Changing this creates a new loadbalancer.","description_kind":"plain","optional":true},"description":{"type":"string","description":"Human-readable description for the Loadbalancer.","description_kind":"plain","optional":true},"id":{"type":"string","description_kind":"plain","optional":true,"computed":true},"name":{"type":"string","description":"Human-readable name for the Loadbalancer. Does not have to be unique.","description_kind":"plain","optional":true},"region":{"type":"string","description":"The region in which to obtain the Loadbalancer client. If omitted, the `region` argument of the provider is used. Changing this creates a new LB loadbalancer.","description_kind":"plain","optional":true,"computed":true},"security_group_ids":{"type":["set","string"],"description":"A list of security group IDs to apply to the loadbalancer. The security groups must be specified by ID and not name (as opposed to how they are configured with the Compute Instance). **Deprecated** This argument is deprecated, please do not use it.","description_kind":"plain","deprecated":true,"optional":true,"computed":true},"tags":{"type":["set","string"],"description":"A list of simple strings assigned to the loadbalancer.","description_kind":"plain","optional":true},"vip_address":{"type":"string","description":"The ip address of the load balancer. Changing this creates a new loadbalancer.","description_kind":"plain","optional":true,"computed":true},"vip_network_id":{"type":"string","description":"The network on which to allocate the Loadbalancer's address. A tenant can only create Loadbalancers on networks authorized by policy (e.g. networks that belong to them or networks that are shared).  Changing this creates a new loadbalancer.","description_kind":"plain","optional":true,"computed":true},"vip_port_id":{"type":"string","description":"The port UUID that the loadbalancer will use. Changing this creates a new loadbalancer.","description_kind":"plain","optional":true,"computed":true},"vip_subnet_id":{"type":"string","description":"The subnet on which to allocate the Loadbalancer's address. A tenant can only create Loadbalancers on networks authorized by policy (e.g. networks that belong to them or networks that are shared).  Changing this creates a new loadbalancer.","description_kind":"plain","optional":true,"computed":true}},"block_types":{"timeouts":{"nesting_mode":"single","block":{"attributes":{"create":{"type":"string","description_kind":"plain","optional":true},"delete":{"type":"string","description_kind":"plain","optional":true},"update":{"type":"string","description_kind":"plain","optional":true}},"description_kind":"plain"}}},"description":"Manages a loadbalancer resource within VKCS.","description_kind":"plain"}},"vkcs_lb_member":{"version":0,"block":{"attributes":{"address":{"type":"string","description":"The IP address of the member to receive traffic from the load balancer. Changing this creates a new member.","description_kind":"plain","required":true},"admin_state_up":{"type":"bool","description":"The administrative state of the member. A valid value is true (UP) or false (DOWN). Defaults to true.","description_kind":"plain","optional":true},"id":{"type":"string","description_kind":"plain","optional":true,"computed":true},"name":{"type":"string","description":"Human-readable name for the member.","description_kind":"plain","optional":true},"pool_id":{"type":"string","description":"The id of the pool that this member will be assigned to. Changing this creates a new member.","description_kind":"plain","required":true},"protocol_port":{"type":"number","description":"The port on which to listen for client traffic. Changing this creates a new member.","description_kind":"plain","required":true},"region":{"type":"string","description":"The region in which to obtain the Loadbalancer client. If omitted, the `region` argument of the provider is used. Changing this creates a new member.","description_kind":"plain","optional":true,"computed":true},"subnet_id":{"type":"string","description":"The subnet in which to access the member. Changing this creates a new member.","description_kind":"plain","optional":true},"weight":{"type":"number","description":"A positive integer value that indicates the relative portion of traffic that this member should receive from the pool. For example, a member with a weight of 10 receives five times as much traffic as a member with a weight of 2. Defaults to 1.","description_kind":"plain","optional":true,"computed":true}},"block_types":{"timeouts":{"nesting_mode":"single","block":{"attributes":{"create":{"type":"string","description_kind":"plain","optional":true},"delete":{"type":"string","description_kind":"plain","optional":true},"update":{"type":"string","description_kind":"plain","optional":true}},"description_kind":"plain"}}},"description":"Manages a member resource within VKCS.","description_kind":"plain"}},"vkcs_lb_members":{"version":0,"block":{"attributes":{"id":{"type":"string","description_kind":"plain","optional":true,"computed":true},"pool_id":{"type":"string","description":"The id of the pool that members will be assigned to. Changing this creates a new members resource.","description_kind":"plain","required":true},"region":{"type":"string","description":"The region in which to obtain the Loadbalancer client. If omitted, the `region` argument of the provider is used. Changing this creates a new members resource.","description_kind":"plain","optional":true,"computed":true}},"block_types":{"member":{"nesting_mode":"set","block":{"attributes":{"address":{"type":"string","description":"The IP address of the members to receive traffic from the load balancer.","description_kind":"plain","required":true},"admin_state_up":{"type":"bool","description":"The administrative state of the member. A valid value is true (UP) or false (DOWN). Defaults to true.","description_kind":"plain","optional":true},"backup":{"type":"bool","description":"A bool that indicates whether the member is backup.","description_kind":"plain","optional":true},"id":{"type":"string","description":"The unique ID for the member.","description_kind":"plain","computed":true},"name":{"type":"string","description":"Human-readable name for the member.","description_kind":"plain","optional":true},"protocol_port":{"type":"number","description":"The port on which to listen for client traffic.","description_kind":"plain","required":true},"subnet_id":{"type":"string","description":"The subnet in which to access the member.","description_kind":"plain","optional":true},"weight":{"type":"number","description":"A positive integer value that indicates the relative portion of traffic that this members should receive from the pool. For example, a member with a weight of 10 receives five times as much traffic as a member with a weight of 2. Defaults to 1.","description_kind":"plain","optional":true}},"description":"A set of dictionaries containing member parameters. The structure is described below.","description_kind":"plain"}},"timeouts":{"nesting_mode":"single","block":{"attributes":{"create":{"type":"string","description_kind":"plain","optional":true},"delete":{"type":"string","description_kind":"plain","optional":true},"update":{"type":"string","description_kind":"plain","optional":true}},"description_kind":"plain"}}},"description_kind":"plain"}},"vkcs_lb_monitor":{"version":0,"block":{"attributes":{"admin_state_up":{"type":"bool","description":"The administrative state of the monitor. A valid value is true (UP) or false (DOWN).","description_kind":"plain","optional":true},"delay":{"type":"number","description":"The time, in seconds, between sending probes to members.","description_kind":"plain","required":true},"expected_codes":{"type":"string","description":"Required for HTTP(S) types. Expected HTTP codes for a passing HTTP(S) monitor. You can either specify a single status like \"200\", or a range like \"200-202\".","description_kind":"plain","optional":true,"computed":true},"http_method":{"type":"string","description":"Required for HTTP(S) types. The HTTP method used for requests by the monitor. If this attribute is not specified, it defaults to \"GET\".","description_kind":"plain","optional":true,"computed":true},"id":{"type":"string","description_kind":"plain","optional":true,"computed":true},"max_retries":{"type":"number","description":"Number of permissible ping failures before changing the member's status to INACTIVE. Must be a number between 1 and 10.","description_kind":"plain","required":true},"max_retries_down":{"type":"number","description":"Number of permissible ping failures befor changing the member's status to ERROR. Must be a number between 1 and 10. Changing this updates the max_retries_down of the existing monitor.","description_kind":"plain","optional":true,"computed":true},"name":{"type":"string","description":"The Name of the Monitor.","description_kind":"plain","optional":true},"pool_id":{"type":"string","description":"The id of the pool that this monitor will be assigned to.","description_kind":"plain","required":true},"region":{"type":"string","description":"The region in which to obtain the Loadbalancer client. If omitted, the `region` argument of the provider is used. Changing this creates a new monitor.","description_kind":"plain","optional":true,"computed":true},"timeout":{"type":"number","description":"Maximum number of seconds for a monitor to wait for a ping reply before it times out. The value must be less than the delay value.","description_kind":"plain","required":true},"type":{"type":"string","description":"The type of probe, which is PING, TCP, HTTP, HTTPS, TLS-HELLO or UDP-CONNECT, that is sent by the load balancer to verify the member state. Changing this creates a new monitor.","description_kind":"plain","required":true},"url_path":{"type":"string","description":"Required for HTTP(S) types. URI path that will be accessed if monitor type is HTTP or HTTPS.","description_kind":"plain","optional":true,"computed":true}},"block_types":{"timeouts":{"nesting_mode":"single","block":{"attributes":{"create":{"type":"string","description_kind":"plain","optional":true},"delete":{"type":"string","description_kind":"plain","optional":true},"update":{"type":"string","description_kind":"plain","optional":true}},"description_kind":"plain"}}},"description":"Manages a monitor resource within VKCS.","description_kind":"plain"}},"vkcs_lb_pool":{"version":0,"block":{"attributes":{"admin_state_up":{"type":"bool","description":"The administrative state of the pool. A valid value is true (UP) or false (DOWN).","description_kind":"plain","optional":true},"description":{"type":"string","description":"Human-readable description for the pool.","description_kind":"plain","optional":true},"id":{"type":"string","description_kind":"plain","optional":true,"computed":true},"lb_method":{"type":"string","description":"The load balancing algorithm to distribute traffic to the pool's members. Must be one of ROUND_ROBIN, LEAST_CONNECTIONS, SOURCE_IP, or SOURCE_IP_PORT.","description_kind":"plain","required":true},"listener_id":{"type":"string","description":"The Listener on which the members of the pool will be associated with. Changing this creates a new pool. _note_ One of LoadbalancerID or ListenerID must be provided.","description_kind":"plain","optional":true},"loadbalancer_id":{"type":"string","description":"The load balancer on which to provision this pool. Changing this creates a new pool. _note_ One of LoadbalancerID or ListenerID must be provided.","description_kind":"plain","optional":true},"name":{"type":"string","description":"Human-readable name for the pool.","description_kind":"plain","optional":true},"protocol":{"type":"string","description":"The protocol - can either be TCP, HTTP, HTTPS, PROXY, or UDP. Changing this creates a new pool.","description_kind":"plain","required":true},"region":{"type":"string","description":"The region in which to obtain the Loadbalancer client. If omitted, the `region` argument of the provider is used. Changing this creates a new pool.","description_kind":"plain","optional":true,"computed":true}},"block_types":{"persistence":{"nesting_mode":"list","block":{"attributes":{"cookie_name":{"type":"string","description":"The name of the cookie if persistence mode is set appropriately. Required if `type = APP_COOKIE`.","description_kind":"plain","optional":true},"type":{"type":"string","description":"The type of persistence mode. The current specification supports SOURCE_IP, HTTP_COOKIE, and APP_COOKIE.","description_kind":"plain","required":true}},"description":"Omit this field to prevent session persistence. Indicates whether connections in the same session will be processed by the same Pool member or not. Changing this creates a new pool.","description_kind":"plain"},"max_items":1},"timeouts":{"nesting_mode":"single","block":{"attributes":{"create":{"type":"string","description_kind":"plain","optional":true},"delete":{"type":"string","description_kind":"plain","optional":true},"update":{"type":"string","description_kind":"plain","optional":true}},"description_kind":"plain"}}},"description":"Manages a pool resource within VKCS.","description_kind":"plain"}},"vkcs_mlplatform_jupyterhub":{"version":0,"block":{"attributes":{"admin_name":{"type":"string","description":"JupyterHub admin name. Changing this creates a new resource","description_kind":"plain","optional":true},"admin_password":{"type":"string","description":"JupyterHub admin password. Changing this creates a new resource","description_kind":"plain","optional":true,"sensitive":true},"availability_zone":{"type":"string","description":"The availability zone in which to create the resource. Changing this creates a new resource","description_kind":"plain","required":true},"boot_volume":{"nested_type":{"attributes":{"name":{"type":"string","description":"Name of the volume","description_kind":"plain","computed":true},"size":{"type":"number","description":"Size of the volume","description_kind":"plain","optional":true,"computed":true},"volume_id":{"type":"string","description":"ID of the volume","description_kind":"plain","computed":true},"volume_type":{"type":"string","description":"Type of the volume","description_kind":"plain","required":true}},"nesting_mode":"single"},"description":"Instance's boot volume configuration","description_kind":"plain","required":true},"created_at":{"type":"string","description":"Creation timestamp","description_kind":"plain","computed":true},"data_volumes":{"nested_type":{"attributes":{"name":{"type":"string","description":"Name of the volume","description_kind":"plain","computed":true},"size":{"type":"number","description":"Size of the volume","description_kind":"plain","required":true},"volume_id":{"type":"string","description":"ID of the volume","description_kind":"plain","computed":true},"volume_type":{"type":"string","description":"Type of the volume","description_kind":"plain","required":true}},"nesting_mode":"list"},"description":"Instance's data volumes configuration","description_kind":"plain","required":true},"dns_name":{"type":"string","description":"DNS name","description_kind":"plain","computed":true},"domain_name":{"type":"string","description":"Domain name. Changing this creates a new resource","description_kind":"plain","optional":true},"flavor_id":{"type":"string","description":"Flavor ID","description_kind":"plain","required":true},"id":{"type":"string","description":"ID of the resource","description_kind":"plain","computed":true},"name":{"type":"string","description":"Instance name. Changing this creates a new resource","description_kind":"plain","required":true},"networks":{"nested_type":{"attributes":{"ip_pool":{"type":"string","description":"ID of the ip pool","description_kind":"plain","optional":true},"network_id":{"type":"string","description":"ID of the network","description_kind":"plain","required":true}},"nesting_mode":"list"},"description":"Network configuration","description_kind":"plain","required":true},"private_ip":{"type":"string","description":"Private IP address","description_kind":"plain","computed":true},"region":{"type":"string","description":"The `region` in which ML Platform client is obtained, defaults to the provider's `region`.","description_kind":"plain","optional":true,"computed":true},"s3fs_bucket":{"type":"string","description":"Connect specified s3 bucket to instance as volume. Changing this creates a new resource","description_kind":"plain","optional":true},"timeouts":{"nested_type":{"attributes":{"create":{"type":"string","description":"A string that can be [parsed as a duration](https://pkg.go.dev/time#ParseDuration) consisting of numbers and unit suffixes, such as \"30s\" or \"2h45m\". Valid time units are \"s\" (seconds), \"m\" (minutes), \"h\" (hours).","description_kind":"plain","optional":true},"delete":{"type":"string","description":"A string that can be [parsed as a duration](https://pkg.go.dev/time#ParseDuration) consisting of numbers and unit suffixes, such as \"30s\" or \"2h45m\". Valid time units are \"s\" (seconds), \"m\" (minutes), \"h\" (hours). Setting a timeout for a Delete operation is only applicable if changes are saved into state before the destroy operation occurs.","description_kind":"plain","optional":true},"update":{"type":"string","description":"A string that can be [parsed as a duration](https://pkg.go.dev/time#ParseDuration) consisting of numbers and unit suffixes, such as \"30s\" or \"2h45m\". Valid time units are \"s\" (seconds), \"m\" (minutes), \"h\" (hours).","description_kind":"plain","optional":true}},"nesting_mode":"single"},"description_kind":"plain","optional":true}},"description":"Manages a ML Platform JupyterHub resource._new_since_v0.6.0_.","description_kind":"plain"}},"vkcs_mlplatform_k8s_registry":{"version":0,"block":{"attributes":{"admin_name":{"type":"string","description":"K8SRegistry admin name. Changing this creates a new resource","description_kind":"plain","optional":true},"admin_password":{"type":"string","description":"K8SRegistry admin password. Changing this creates a new resource","description_kind":"plain","optional":true,"sensitive":true},"availability_zone":{"type":"string","description":"The availability zone in which to create the resource. Changing this creates a new resource","description_kind":"plain","required":true},"boot_volume":{"nested_type":{"attributes":{"name":{"type":"string","description":"Name of the volume","description_kind":"plain","computed":true},"size":{"type":"number","description":"Size of the volume","description_kind":"plain","optional":true,"computed":true},"volume_id":{"type":"string","description":"ID of the volume","description_kind":"plain","computed":true},"volume_type":{"type":"string","description":"Type of the volume","description_kind":"plain","required":true}},"nesting_mode":"single"},"description":"Instance's boot volume configuration","description_kind":"plain","required":true},"created_at":{"type":"string","description":"Creation timestamp","description_kind":"plain","computed":true},"data_volumes":{"nested_type":{"attributes":{"name":{"type":"string","description":"Name of the volume","description_kind":"plain","computed":true},"size":{"type":"number","description":"Size of the volume","description_kind":"plain","required":true},"volume_id":{"type":"string","description":"ID of the volume","description_kind":"plain","computed":true},"volume_type":{"type":"string","description":"Type of the volume","description_kind":"plain","required":true}},"nesting_mode":"list"},"description":"Instance's data volumes configuration","description_kind":"plain","optional":true},"dns_name":{"type":"string","description":"DNS name","description_kind":"plain","computed":true},"domain_name":{"type":"string","description":"Domain name. Changing this creates a new resource","description_kind":"plain","optional":true},"flavor_id":{"type":"string","description":"Flavor ID","description_kind":"plain","required":true},"id":{"type":"string","description":"ID of the resource","description_kind":"plain","computed":true},"name":{"type":"string","description":"Instance name. Changing this creates a new resource","description_kind":"plain","required":true},"networks":{"nested_type":{"attributes":{"ip_pool":{"type":"string","description":"ID of the ip pool","description_kind":"plain","required":true},"network_id":{"type":"string","description":"ID of the network","description_kind":"plain","required":true}},"nesting_mode":"list"},"description":"Network configuration","description_kind":"plain","required":true},"private_ip":{"type":"string","description":"Private IP address","description_kind":"plain","computed":true},"region":{"type":"string","description":"The `region` in which ML Platform client is obtained, defaults to the provider's `region`.","description_kind":"plain","optional":true,"computed":true},"timeouts":{"nested_type":{"attributes":{"create":{"type":"string","description":"A string that can be [parsed as a duration](https://pkg.go.dev/time#ParseDuration) consisting of numbers and unit suffixes, such as \"30s\" or \"2h45m\". Valid time units are \"s\" (seconds), \"m\" (minutes), \"h\" (hours).","description_kind":"plain","optional":true},"delete":{"type":"string","description":"A string that can be [parsed as a duration](https://pkg.go.dev/time#ParseDuration) consisting of numbers and unit suffixes, such as \"30s\" or \"2h45m\". Valid time units are \"s\" (seconds), \"m\" (minutes), \"h\" (hours). Setting a timeout for a Delete operation is only applicable if changes are saved into state before the destroy operation occurs.","description_kind":"plain","optional":true},"update":{"type":"string","description":"A string that can be [parsed as a duration](https://pkg.go.dev/time#ParseDuration) consisting of numbers and unit suffixes, such as \"30s\" or \"2h45m\". Valid time units are \"s\" (seconds), \"m\" (minutes), \"h\" (hours).","description_kind":"plain","optional":true}},"nesting_mode":"single"},"description_kind":"plain","optional":true}},"description":"Manages a ML Platform K8SRegistry resource._new_since_v0.7.0_.","description_kind":"plain"}},"vkcs_mlplatform_mlflow":{"version":0,"block":{"attributes":{"availability_zone":{"type":"string","description":"The availability zone in which to create the resource. Changing this creates a new resource","description_kind":"plain","required":true},"boot_volume":{"nested_type":{"attributes":{"name":{"type":"string","description":"Name of the volume","description_kind":"plain","computed":true},"size":{"type":"number","description":"Size of the volume","description_kind":"plain","optional":true,"computed":true},"volume_id":{"type":"string","description":"ID of the volume","description_kind":"plain","computed":true},"volume_type":{"type":"string","description":"Type of the volume","description_kind":"plain","required":true}},"nesting_mode":"single"},"description":"Instance's boot volume configuration","description_kind":"plain","required":true},"created_at":{"type":"string","description":"Creation timestamp","description_kind":"plain","computed":true},"data_volumes":{"nested_type":{"attributes":{"name":{"type":"string","description":"Name of the volume","description_kind":"plain","computed":true},"size":{"type":"number","description":"Size of the volume","description_kind":"plain","required":true},"volume_id":{"type":"string","description":"ID of the volume","description_kind":"plain","computed":true},"volume_type":{"type":"string","description":"Type of the volume","description_kind":"plain","required":true}},"nesting_mode":"list"},"description":"Instance's data volumes configuration","description_kind":"plain","optional":true},"demo_mode":{"type":"bool","description":"Controls whether demo mode is enabled. If true, data will be stored on mlflow virtual machine. If false, s3 bucket will be used alongside dbaas postgres database.","description_kind":"plain","optional":true},"dns_name":{"type":"string","description":"DNS name","description_kind":"plain","computed":true},"flavor_id":{"type":"string","description":"Flavor ID","description_kind":"plain","required":true},"id":{"type":"string","description":"ID of the resource","description_kind":"plain","computed":true},"jh_instance_id":{"type":"string","description":"JupyterHub instance ID","description_kind":"plain","required":true},"name":{"type":"string","description":"Instance name. Changing this creates a new resource","description_kind":"plain","required":true},"networks":{"nested_type":{"attributes":{"ip_pool":{"type":"string","description":"ID of the ip pool","description_kind":"plain","optional":true},"network_id":{"type":"string","description":"ID of the network","description_kind":"plain","required":true}},"nesting_mode":"list"},"description":"Network configuration","description_kind":"plain","required":true},"private_ip":{"type":"string","description":"Private IP address","description_kind":"plain","computed":true},"region":{"type":"string","description":"The `region` in which ML Platform client is obtained, defaults to the provider's `region`.","description_kind":"plain","optional":true,"computed":true},"timeouts":{"nested_type":{"attributes":{"create":{"type":"string","description":"A string that can be [parsed as a duration](https://pkg.go.dev/time#ParseDuration) consisting of numbers and unit suffixes, such as \"30s\" or \"2h45m\". Valid time units are \"s\" (seconds), \"m\" (minutes), \"h\" (hours).","description_kind":"plain","optional":true},"delete":{"type":"string","description":"A string that can be [parsed as a duration](https://pkg.go.dev/time#ParseDuration) consisting of numbers and unit suffixes, such as \"30s\" or \"2h45m\". Valid time units are \"s\" (seconds), \"m\" (minutes), \"h\" (hours). Setting a timeout for a Delete operation is only applicable if changes are saved into state before the destroy operation occurs.","description_kind":"plain","optional":true},"update":{"type":"string","description":"A string that can be [parsed as a duration](https://pkg.go.dev/time#ParseDuration) consisting of numbers and unit suffixes, such as \"30s\" or \"2h45m\". Valid time units are \"s\" (seconds), \"m\" (minutes), \"h\" (hours).","description_kind":"plain","optional":true}},"nesting_mode":"single"},"description_kind":"plain","optional":true}},"description":"Manages a ML Platform MLFlow resource._new_since_v0.6.0_.","description_kind":"plain"}},"vkcs_mlplatform_mlflow_deploy":{"version":0,"block":{"attributes":{"availability_zone":{"type":"string","description":"The availability zone in which to create the resource. Changing this creates a new resource","description_kind":"plain","required":true},"boot_volume":{"nested_type":{"attributes":{"name":{"type":"string","description":"Name of the volume","description_kind":"plain","computed":true},"size":{"type":"number","description":"Size of the volume","description_kind":"plain","optional":true,"computed":true},"volume_id":{"type":"string","description":"ID of the volume","description_kind":"plain","computed":true},"volume_type":{"type":"string","description":"Type of the volume","description_kind":"plain","required":true}},"nesting_mode":"single"},"description":"Instance's boot volume configuration","description_kind":"plain","required":true},"created_at":{"type":"string","description":"Creation timestamp","description_kind":"plain","computed":true},"data_volumes":{"nested_type":{"attributes":{"name":{"type":"string","description":"Name of the volume","description_kind":"plain","computed":true},"size":{"type":"number","description":"Size of the volume","description_kind":"plain","required":true},"volume_id":{"type":"string","description":"ID of the volume","description_kind":"plain","computed":true},"volume_type":{"type":"string","description":"Type of the volume","description_kind":"plain","required":true}},"nesting_mode":"list"},"description":"Instance's data volumes configuration","description_kind":"plain","optional":true},"dns_name":{"type":"string","description":"DNS name","description_kind":"plain","computed":true},"flavor_id":{"type":"string","description":"Flavor ID","description_kind":"plain","required":true},"id":{"type":"string","description":"ID of the resource","description_kind":"plain","computed":true},"mlflow_instance_id":{"type":"string","description":"MLFlow instance ID","description_kind":"plain","required":true},"name":{"type":"string","description":"Instance name. Changing this creates a new resource","description_kind":"plain","required":true},"networks":{"nested_type":{"attributes":{"ip_pool":{"type":"string","description":"ID of the ip pool","description_kind":"plain","optional":true},"network_id":{"type":"string","description":"ID of the network","description_kind":"plain","required":true}},"nesting_mode":"list"},"description":"Network configuration","description_kind":"plain","required":true},"private_ip":{"type":"string","description":"Private IP address","description_kind":"plain","computed":true},"region":{"type":"string","description":"The `region` in which ML Platform client is obtained, defaults to the provider's `region`.","description_kind":"plain","optional":true,"computed":true},"timeouts":{"nested_type":{"attributes":{"create":{"type":"string","description":"A string that can be [parsed as a duration](https://pkg.go.dev/time#ParseDuration) consisting of numbers and unit suffixes, such as \"30s\" or \"2h45m\". Valid time units are \"s\" (seconds), \"m\" (minutes), \"h\" (hours).","description_kind":"plain","optional":true},"delete":{"type":"string","description":"A string that can be [parsed as a duration](https://pkg.go.dev/time#ParseDuration) consisting of numbers and unit suffixes, such as \"30s\" or \"2h45m\". Valid time units are \"s\" (seconds), \"m\" (minutes), \"h\" (hours). Setting a timeout for a Delete operation is only applicable if changes are saved into state before the destroy operation occurs.","description_kind":"plain","optional":true},"update":{"type":"string","description":"A string that can be [parsed as a duration](https://pkg.go.dev/time#ParseDuration) consisting of numbers and unit suffixes, such as \"30s\" or \"2h45m\". Valid time units are \"s\" (seconds), \"m\" (minutes), \"h\" (hours).","description_kind":"plain","optional":true}},"nesting_mode":"single"},"description_kind":"plain","optional":true}},"description":"Manages a ML Platform Deploy resource._new_since_v0.6.0_.","description_kind":"plain"}},"vkcs_mlplatform_spark_k8s":{"version":0,"block":{"attributes":{"availability_zone":{"type":"string","description":"The availability zone in which to create the resource. Changing this creates a new resource","description_kind":"plain","required":true},"cluster_mode":{"type":"string","description":"Cluster Mode. Should be `DEV` or `PROD`. Changing this creates a new resource","description_kind":"plain","required":true},"control_instance_id":{"type":"string","description":"ID of the control instance","description_kind":"plain","computed":true},"delete_after_inactive_min":{"type":"number","description":"Timeout of cluster inactivity before deletion, in minutes. Changing this creates a new resource","description_kind":"plain","optional":true},"environment_variables":{"type":"string","description":"Environment variables. Read more about this parameter here: https://cloud.vk.com/docs/en/ml/spark-to-k8s/instructions/create. Changing this creates a new resource","description_kind":"plain","optional":true},"history_server_url":{"type":"string","description":"URL of the history server","description_kind":"plain","computed":true},"id":{"type":"string","description":"ID of the resource","description_kind":"plain","computed":true},"inactive_min":{"type":"number","description":"Current time of cluster inactivity, in minutes","description_kind":"plain","computed":true},"ip_pool":{"type":"string","description":"ID of the ip pool. Changing this creates a new resource","description_kind":"plain","required":true},"name":{"type":"string","description":"Cluster name. Changing this creates a new resource","description_kind":"plain","required":true},"network_id":{"type":"string","description":"ID of the network. Changing this creates a new resource","description_kind":"plain","required":true},"node_groups":{"nested_type":{"attributes":{"autoscaling_enabled":{"type":"bool","description":"Enables autoscaling for node group","description_kind":"plain","required":true},"flavor_id":{"type":"string","description":"ID of the flavor to be used in nodes","description_kind":"plain","required":true},"max_nodes":{"type":"number","description":"Maximum number of nodes in node group. It is used only when autoscaling is enabled","description_kind":"plain","optional":true},"min_nodes":{"type":"number","description":"Minimum count of nodes in node group. It is used only when autoscaling is enabled","description_kind":"plain","optional":true},"node_count":{"type":"number","description":"Count of nodes in node group","description_kind":"plain","optional":true}},"nesting_mode":"list"},"description":"Cluster's node groups configuration","description_kind":"plain","required":true},"region":{"type":"string","description":"The `region` in which ML Platform client is obtained, defaults to the provider's `region`.","description_kind":"plain","optional":true,"computed":true},"registry_id":{"type":"string","description":"ID of the K8S registry to use with cluster. Changing this creates a new resource","description_kind":"plain","required":true},"s3_bucket_name":{"type":"string","description":"S3 bucket name","description_kind":"plain","computed":true},"spark_configuration":{"type":"string","description":"Spark configuration. Read more about this parameter here: https://cloud.vk.com/docs/en/ml/spark-to-k8s/instructions/create. Changing this creates a new resource","description_kind":"plain","optional":true},"subnet_id":{"type":"string","description":"ID of the subnet. Changing this creates a new resource","description_kind":"plain","optional":true},"suspend_after_inactive_min":{"type":"number","description":"Timeout of cluster inactivity before suspending, in minutes. Changing this creates a new resource","description_kind":"plain","optional":true},"timeouts":{"nested_type":{"attributes":{"create":{"type":"string","description":"A string that can be [parsed as a duration](https://pkg.go.dev/time#ParseDuration) consisting of numbers and unit suffixes, such as \"30s\" or \"2h45m\". Valid time units are \"s\" (seconds), \"m\" (minutes), \"h\" (hours).","description_kind":"plain","optional":true},"delete":{"type":"string","description":"A string that can be [parsed as a duration](https://pkg.go.dev/time#ParseDuration) consisting of numbers and unit suffixes, such as \"30s\" or \"2h45m\". Valid time units are \"s\" (seconds), \"m\" (minutes), \"h\" (hours). Setting a timeout for a Delete operation is only applicable if changes are saved into state before the destroy operation occurs.","description_kind":"plain","optional":true},"update":{"type":"string","description":"A string that can be [parsed as a duration](https://pkg.go.dev/time#ParseDuration) consisting of numbers and unit suffixes, such as \"30s\" or \"2h45m\". Valid time units are \"s\" (seconds), \"m\" (minutes), \"h\" (hours).","description_kind":"plain","optional":true}},"nesting_mode":"single"},"description_kind":"plain","optional":true}},"description":"Manages a ML Platform Spark K8S cluster resource._new_since_v0.7.0_.","description_kind":"plain"}},"vkcs_networking_floatingip":{"version":0,"block":{"attributes":{"address":{"type":"string","description":"The actual floating IP address itself.","description_kind":"plain","optional":true,"computed":true},"description":{"type":"string","description":"Human-readable description for the floating IP.","description_kind":"plain","optional":true},"fixed_ip":{"type":"string","description":"Fixed IP of the port to associate with this floating IP. Required if the port has multiple fixed IPs.","description_kind":"plain","optional":true,"computed":true},"id":{"type":"string","description_kind":"plain","optional":true,"computed":true},"pool":{"type":"string","description":"The name of the pool from which to obtain the floating IP. Changing this creates a new floating IP.","description_kind":"plain","required":true},"port_id":{"type":"string","description":"ID of an existing port with at least one IP address to associate with this floating IP.","description_kind":"plain","optional":true,"computed":true},"region":{"type":"string","description":"The region in which to obtain the Networking client. A Networking client is needed to create a floating IP that can be used with another networking resource, such as a load balancer. If omitted, the `region` argument of the provider is used. Changing this creates a new floating IP (which may or may not have a different address).","description_kind":"plain","optional":true,"computed":true},"sdn":{"type":"string","description":"SDN to use for this resource. Must be one of following: \"neutron\", \"sprut\". Default value is project's default SDN.","description_kind":"plain","optional":true,"computed":true},"subnet_id":{"type":"string","description":"The subnet ID of the floating IP pool. Specify this if the floating IP network has multiple subnets.","description_kind":"plain","optional":true,"computed":true},"subnet_ids":{"type":["list","string"],"description":"A list of external subnet IDs to try over each to allocate a floating IP address. If a subnet ID in a list has exhausted floating IP pool, the next subnet ID will be tried. This argument is used only during the resource creation. Conflicts with a `subnet_id` argument.","description_kind":"plain","optional":true},"value_specs":{"type":["map","string"],"description":"Map of additional options.","description_kind":"plain","optional":true}},"block_types":{"timeouts":{"nesting_mode":"single","block":{"attributes":{"create":{"type":"string","description_kind":"plain","optional":true},"delete":{"type":"string","description_kind":"plain","optional":true}},"description_kind":"plain"}}},"description":"Manages a floating IP resource within VKCS that can be used for load balancers.","description_kind":"plain"}},"vkcs_networking_floatingip_associate":{"version":0,"block":{"attributes":{"fixed_ip":{"type":"string","description":"One of the port's IP addresses.","description_kind":"plain","optional":true,"computed":true},"floating_ip":{"type":"string","description":"IP Address of an existing floating IP.","description_kind":"plain","required":true},"id":{"type":"string","description_kind":"plain","optional":true,"computed":true},"port_id":{"type":"string","description":"ID of an existing port with at least one IP address to associate with this floating IP.","description_kind":"plain","required":true},"region":{"type":"string","description":"The region in which to obtain the Networking client. A Networking client is needed to create a floating IP that can be used with another networking resource, such as a load balancer. If omitted, the `region` argument of the provider is used. Changing this creates a new floating IP (which may or may not have a different address).","description_kind":"plain","optional":true,"computed":true},"sdn":{"type":"string","description":"SDN to use for this resource. Must be one of following: \"neutron\", \"sprut\". Default value is project's default SDN.","description_kind":"plain","optional":true,"computed":true}},"description":"Associates a floating IP to a port. This can be done only if port is assigned to router connected to external network. This is useful for situations where you have a pre-allocated floating IP or are unable to use the `vkcs_networking_floatingip` resource to create a floating IP.","description_kind":"plain"}},"vkcs_networking_network":{"version":0,"block":{"attributes":{"admin_state_up":{"type":"bool","description":"The administrative state of the network. Acceptable values are \"true\" and \"false\". Changing this value updates the state of the existing network.","description_kind":"plain","optional":true},"all_tags":{"type":["set","string"],"description":"The collection of tags assigned on the network, which have been explicitly and implicitly added.","description_kind":"plain","computed":true},"description":{"type":"string","description":"Human-readable description of the network. Changing this updates the name of the existing network.","description_kind":"plain","optional":true},"id":{"type":"string","description_kind":"plain","optional":true,"computed":true},"name":{"type":"string","description":"The name of the network. Changing this updates the name of the existing network.","description_kind":"plain","optional":true},"port_security_enabled":{"type":"bool","description":"Whether to explicitly enable or disable port security on the network. Port Security is usually enabled by default, so omitting this argument will usually result in a value of \"true\". Setting this explicitly to `false` will disable port security. Valid values are `true` and `false`.","description_kind":"plain","optional":true},"private_dns_domain":{"type":"string","description":"Private dns domain name","description_kind":"plain","optional":true,"computed":true},"region":{"type":"string","description":"The region in which to obtain the Networking client. A Networking client is needed to create a network. If omitted, the `region` argument of the provider is used. Changing this creates a new network.","description_kind":"plain","optional":true,"computed":true},"sdn":{"type":"string","description":"SDN to use for this resource. Must be one of following: \"neutron\", \"sprut\". Default value is project's default SDN.","description_kind":"plain","optional":true,"computed":true},"tags":{"type":["set","string"],"description":"A set of string tags for the network.","description_kind":"plain","optional":true},"value_specs":{"type":["map","string"],"description":"Map of additional options.","description_kind":"plain","optional":true},"vkcs_services_access":{"type":"bool","description":"Whether VKCS services access is enabled. This feature should be enabled globally for your project. Access can be enabled for new or existing networks, but cannot be disabled for existing networks. Valid values are `true` and `false`.","description_kind":"plain","optional":true}},"block_types":{"timeouts":{"nesting_mode":"single","block":{"attributes":{"create":{"type":"string","description_kind":"plain","optional":true},"delete":{"type":"string","description_kind":"plain","optional":true}},"description_kind":"plain"}}},"description":"Manages a network resource within VKCS.","description_kind":"plain"}},"vkcs_networking_port":{"version":0,"block":{"attributes":{"admin_state_up":{"type":"bool","description":"Administrative up/down status for the port (must be `true` or `false` if provided). Changing this updates the `admin_state_up` of an existing port.","description_kind":"plain","optional":true},"all_fixed_ips":{"type":["list","string"],"description":"The collection of Fixed IP addresses on the port in the order returned by the Network v2 API.","description_kind":"plain","computed":true},"all_security_group_ids":{"type":["set","string"],"description":"The collection of Security Group IDs on the port which have been explicitly and implicitly added.","description_kind":"plain","computed":true},"all_tags":{"type":["set","string"],"description":"The collection of tags assigned on the port, which have been explicitly and implicitly added.","description_kind":"plain","computed":true},"description":{"type":"string","description":"Human-readable description of the port. Changing this updates the `description` of an existing port.","description_kind":"plain","optional":true},"device_id":{"type":"string","description":"The ID of the device attached to the port. Changing this creates a new port.","description_kind":"plain","optional":true,"computed":true},"device_owner":{"type":"string","description":"The device owner of the port. Changing this creates a new port.","description_kind":"plain","optional":true,"computed":true},"dns_assignment":{"type":["list",["map","string"]],"description":"The list of maps representing port DNS assignments.","description_kind":"plain","computed":true},"dns_name":{"type":"string","description":"The port DNS name.","description_kind":"plain","optional":true,"computed":true},"id":{"type":"string","description_kind":"plain","optional":true,"computed":true},"mac_address":{"type":"string","description":"Specify a specific MAC address for the port. Changing this creates a new port.","description_kind":"plain","optional":true,"computed":true},"name":{"type":"string","description":"A unique name for the port. Changing this updates the `name` of an existing port.","description_kind":"plain","optional":true},"network_id":{"type":"string","description":"The ID of the network to attach the port to. Changing this creates a new port.","description_kind":"plain","required":true},"no_fixed_ip":{"type":"bool","description":"(Conflicts with `fixed_ip`) Create a port with no fixed IP address. This will also remove any fixed IPs previously set on a port. `true` is the only valid value for this argument.","description_kind":"plain","optional":true},"no_security_groups":{"type":"bool","description":"(Conflicts with `security_group_ids`) If set to `true`, then no security groups are applied to the port. If set to `false` and no `security_group_ids` are specified, then the port will yield to the default behavior of the Networking service, which is to usually apply the \"default\" security group.","description_kind":"plain","optional":true},"port_security_enabled":{"type":"bool","description":"Whether to explicitly enable or disable port security on the port. Port Security is usually enabled by default, so omitting argument will usually result in a value of `true`. Setting this explicitly to `false` will disable port security. In order to disable port security, the port must not have any security groups. Valid values are `true` and `false`.","description_kind":"plain","optional":true},"region":{"type":"string","description":"The region in which to obtain the Networking client. A Networking client is needed to create a port. If omitted, the `region` argument of the provider is used. Changing this creates a new port.","description_kind":"plain","optional":true,"computed":true},"sdn":{"type":"string","description":"SDN to use for this resource. Must be one of following: \"neutron\", \"sprut\". Default value is project's default SDN.","description_kind":"plain","optional":true,"computed":true},"security_group_ids":{"type":["set","string"],"description":"(Conflicts with `no_security_groups`) A list of security group IDs to apply to the port. The security groups must be specified by ID and not name (as opposed to how they are configured with the Compute Instance).","description_kind":"plain","optional":true},"tags":{"type":["set","string"],"description":"A set of string tags for the port.","description_kind":"plain","optional":true},"value_specs":{"type":["map","string"],"description":"Map of additional options.","description_kind":"plain","optional":true}},"block_types":{"allowed_address_pairs":{"nesting_mode":"set","block":{"attributes":{"ip_address":{"type":"string","description":"The additional IP address.","description_kind":"plain","required":true},"mac_address":{"type":"string","description":"The additional MAC address.","description_kind":"plain","optional":true}},"description":"An IP/MAC Address pair of additional IP addresses that can be active on this port. The structure is described below.","description_kind":"plain"}},"extra_dhcp_option":{"nesting_mode":"set","block":{"attributes":{"name":{"type":"string","description":"Name of the DHCP option.","description_kind":"plain","required":true},"value":{"type":"string","description":"Value of the DHCP option.","description_kind":"plain","required":true}},"description":"An extra DHCP option that needs to be configured on the port. The structure is described below. Can be specified multiple times.","description_kind":"plain"}},"fixed_ip":{"nesting_mode":"list","block":{"attributes":{"ip_address":{"type":"string","description":"IP address desired in the subnet for this port. If you don't specify `ip_address`, an available IP address from the specified subnet will be allocated to this port. This field will not be populated if it is left blank or omitted. To retrieve the assigned IP address, use the `all_fixed_ips` attribute.","description_kind":"plain","optional":true},"subnet_id":{"type":"string","description":"Subnet in which to allocate IP address for this port.","description_kind":"plain","required":true}},"description":"(Conflicts with `no_fixed_ip`) An array of desired IPs for this port. The structure is described below.","description_kind":"plain"}},"timeouts":{"nesting_mode":"single","block":{"attributes":{"create":{"type":"string","description_kind":"plain","optional":true},"delete":{"type":"string","description_kind":"plain","optional":true}},"description_kind":"plain"}}},"description":"Manages a port resource within VKCS.","description_kind":"plain"}},"vkcs_networking_port_secgroup_associate":{"version":0,"block":{"attributes":{"all_security_group_ids":{"type":["set","string"],"description":"The collection of Security Group IDs on the port which have been explicitly and implicitly added.","description_kind":"plain","computed":true},"enforce":{"type":"bool","description":"Whether to replace or append the list of security groups, specified in the `security_group_ids`. Defaults to `false`.","description_kind":"plain","optional":true},"id":{"type":"string","description_kind":"plain","optional":true,"computed":true},"port_id":{"type":"string","description":"An UUID of the port to apply security groups to.","description_kind":"plain","required":true},"region":{"type":"string","description":"The region in which to obtain the networking client. A networking client is needed to manage a port. If omitted, the `region` argument of the provider is used. Changing this creates a new resource.","description_kind":"plain","optional":true,"computed":true},"sdn":{"type":"string","description":"SDN to use for this resource. Must be one of following: \"neutron\", \"sprut\". Default value is project's default SDN.","description_kind":"plain","optional":true,"computed":true},"security_group_ids":{"type":["set","string"],"description":"A list of security group IDs to apply to the port. The security groups must be specified by ID and not name (as opposed to how they are configured with the Compute Instance).","description_kind":"plain","required":true}},"description":"Manages a port's security groups within VKCS. Useful, when the port was created not by Terraform. It should not be used, when the port was created directly within Terraform.\n\nWhen the resource is deleted, Terraform doesn't delete the port, but unsets the list of user defined security group IDs.  However, if `enforce` is set to `true` and the resource is deleted, Terraform will remove all assigned security group IDs.","description_kind":"plain"}},"vkcs_networking_router":{"version":0,"block":{"attributes":{"admin_state_up":{"type":"bool","description":"Administrative up/down status for the router (must be \"true\" or \"false\" if provided). Changing this updates the `admin_state_up` of an existing router.","description_kind":"plain","optional":true,"computed":true},"all_tags":{"type":["set","string"],"description":"The collection of tags assigned on the router, which have been explicitly and implicitly added.","description_kind":"plain","computed":true},"description":{"type":"string","description":"Human-readable description for the router.","description_kind":"plain","optional":true},"external_network_id":{"type":"string","description":"The network UUID of an external gateway for the router. A router with an external gateway is required if any compute instances or load balancers will be using floating IPs. Changing this updates the external gateway of the router.","description_kind":"plain","optional":true,"computed":true},"id":{"type":"string","description_kind":"plain","optional":true,"computed":true},"name":{"type":"string","description":"A unique name for the router. Changing this updates the `name` of an existing router.","description_kind":"plain","optional":true},"region":{"type":"string","description":"The region in which to obtain the networking client. A networking client is needed to create a router. If omitted, the `region` argument of the provider is used. Changing this creates a new router.","description_kind":"plain","optional":true,"computed":true},"sdn":{"type":"string","description":"SDN to use for this resource. Must be one of following: \"neutron\", \"sprut\". Default value is project's default SDN.","description_kind":"plain","optional":true,"computed":true},"tags":{"type":["set","string"],"description":"A set of string tags for the router.","description_kind":"plain","optional":true},"value_specs":{"type":["map","string"],"description":"Map of additional driver-specific options.","description_kind":"plain","optional":true}},"block_types":{"timeouts":{"nesting_mode":"single","block":{"attributes":{"create":{"type":"string","description_kind":"plain","optional":true},"delete":{"type":"string","description_kind":"plain","optional":true}},"description_kind":"plain"}},"vendor_options":{"nesting_mode":"set","block":{"attributes":{"set_router_gateway_after_create":{"type":"bool","description":"Boolean to control whether the Router gateway is assigned during creation or updated after creation.","description_kind":"plain","optional":true}},"description":"Map of additional vendor-specific options. Supported options are described below.","description_kind":"plain"},"max_items":1}},"description":"Manages a router resource within VKCS.","description_kind":"plain"}},"vkcs_networking_router_interface":{"version":0,"block":{"attributes":{"id":{"type":"string","description_kind":"plain","optional":true,"computed":true},"port_id":{"type":"string","description":"ID of the port this interface connects to. Changing this creates a new router interface.","description_kind":"plain","optional":true,"computed":true},"region":{"type":"string","description":"The region in which to obtain the networking client. A networking client is needed to create a router. If omitted, the `region` argument of the provider is used. Changing this creates a new router interface.","description_kind":"plain","optional":true,"computed":true},"router_id":{"type":"string","description":"ID of the router this interface belongs to. Changing this creates a new router interface.","description_kind":"plain","required":true},"sdn":{"type":"string","description":"SDN to use for this resource. Must be one of following: \"neutron\", \"sprut\". Default value is project's default SDN.","description_kind":"plain","optional":true,"computed":true},"subnet_id":{"type":"string","description":"ID of the subnet this interface connects to. Changing this creates a new router interface.","description_kind":"plain","optional":true,"computed":true}},"block_types":{"timeouts":{"nesting_mode":"single","block":{"attributes":{"create":{"type":"string","description_kind":"plain","optional":true},"delete":{"type":"string","description_kind":"plain","optional":true}},"description_kind":"plain"}}},"description":"Manages a router interface resource within VKCS.","description_kind":"plain"}},"vkcs_networking_router_route":{"version":0,"block":{"attributes":{"destination_cidr":{"type":"string","description":"CIDR block to match on the packet’s destination IP. Changing this creates a new routing entry.","description_kind":"plain","required":true},"id":{"type":"string","description_kind":"plain","optional":true,"computed":true},"next_hop":{"type":"string","description":"IP address of the next hop gateway. Changing this creates a new routing entry.","description_kind":"plain","required":true},"region":{"type":"string","description":"The region in which to obtain the networking client. A networking client is needed to configure a routing entry on a router. If omitted, the `region` argument of the provider is used. Changing this creates a new routing entry.","description_kind":"plain","optional":true,"computed":true},"router_id":{"type":"string","description":"ID of the router this routing entry belongs to. Changing this creates a new routing entry.","description_kind":"plain","required":true},"sdn":{"type":"string","description":"SDN to use for this resource. Must be one of following: \"neutron\", \"sprut\". Default value is project's default SDN.","description_kind":"plain","optional":true,"computed":true}},"description":"Creates a routing entry on a VKCS router.","description_kind":"plain"}},"vkcs_networking_secgroup":{"version":0,"block":{"attributes":{"all_tags":{"type":["set","string"],"description":"The collection of tags assigned on the security group, which have been explicitly and implicitly added.","description_kind":"plain","computed":true},"delete_default_rules":{"type":"bool","description":"Whether or not to delete the default egress security rules. This is `false` by default. See the below note for more information.","description_kind":"plain","optional":true},"description":{"type":"string","description":"A unique name for the security group.","description_kind":"plain","optional":true,"computed":true},"id":{"type":"string","description_kind":"plain","optional":true,"computed":true},"name":{"type":"string","description":"A unique name for the security group.","description_kind":"plain","required":true},"region":{"type":"string","description":"The region in which to obtain the networking client. A networking client is needed to create a port. If omitted, the `region` argument of the provider is used. Changing this creates a new security group.","description_kind":"plain","optional":true,"computed":true},"sdn":{"type":"string","description":"SDN to use for this resource. Must be one of following: \"neutron\", \"sprut\". Default value is project's default SDN.","description_kind":"plain","optional":true,"computed":true},"tags":{"type":["set","string"],"description":"A set of string tags for the security group.","description_kind":"plain","optional":true}},"block_types":{"timeouts":{"nesting_mode":"single","block":{"attributes":{"delete":{"type":"string","description_kind":"plain","optional":true}},"description_kind":"plain"}}},"description":"Manages a security group resource within VKCS.","description_kind":"plain"}},"vkcs_networking_secgroup_rule":{"version":0,"block":{"attributes":{"description":{"type":"string","description":"A description of the rule. Changing this creates a new security group rule.","description_kind":"plain","optional":true},"direction":{"type":"string","description":"The direction of the rule, valid values are __ingress__ or __egress__. Changing this creates a new security group rule.","description_kind":"plain","required":true},"ethertype":{"type":"string","description":"The layer 3 protocol type, the only valid value is __IPv4__. Changing this creates a new security group rule. **Deprecated** Only IPv4 can be used as ethertype. This argument is deprecated, please do not use it.","description_kind":"plain","deprecated":true,"optional":true},"id":{"type":"string","description_kind":"plain","optional":true,"computed":true},"port_range_max":{"type":"number","description":"The higher part of the allowed port range, valid integer value needs to be between 1 and 65535. To specify all ports, `port_range_min` and `port_range_max` arguments must be absent. Changing this creates a new security group rule.","description_kind":"plain","optional":true,"computed":true},"port_range_min":{"type":"number","description":"The lower part of the allowed port range, valid integer value needs to be between 1 and 65535. To specify all ports, `port_range_min` and `port_range_max` arguments must be absent. Changing this creates a new security group rule.","description_kind":"plain","optional":true,"computed":true},"protocol":{"type":"string","description":"The layer 4 protocol type, valid values are following. Changing this creates a new security group rule. This is required if you want to specify a port range.\n  * __tcp__\n  * __udp__\n  * __icmp__\n  * __ah__\n  * __dccp__\n  * __egp__\n  * __esp__\n  * __gre__\n  * __igmp__\n  * __ospf__\n  * __pgm__\n  * __rsvp__\n  * __sctp__\n  * __udplite__\n  * __vrrp__","description_kind":"plain","optional":true,"computed":true},"region":{"type":"string","description":"The region in which to obtain the networking client. A networking client is needed to create a port. If omitted, the `region` argument of the provider is used. Changing this creates a new security group rule.","description_kind":"plain","optional":true,"computed":true},"remote_group_id":{"type":"string","description":"The remote group id, the value needs to be an ID of a security group in the same tenant. Changing this creates a new security group rule. _note_ Only one of `remote_group_id` or `remote_ip_prefix` may be set.","description_kind":"plain","optional":true,"computed":true},"remote_ip_prefix":{"type":"string","description":"The remote CIDR, the value needs to be a valid CIDR (i.e. 192.168.0.0/16). Changing this creates a new security group rule. _note_ Only one of `remote_group_id` or `remote_ip_prefix` may be set.","description_kind":"plain","optional":true,"computed":true},"sdn":{"type":"string","description":"SDN to use for this resource. Must be one of following: \"neutron\", \"sprut\". Default value is project's default SDN.","description_kind":"plain","optional":true,"computed":true},"security_group_id":{"type":"string","description":"The security group id the rule should belong to, the value needs to be an ID of a security group in the same tenant. Changing this creates a new security group rule.","description_kind":"plain","required":true}},"block_types":{"timeouts":{"nesting_mode":"single","block":{"attributes":{"delete":{"type":"string","description_kind":"plain","optional":true}},"description_kind":"plain"}}},"description":"Manages a security group rule resource within VKCS.","description_kind":"plain"}},"vkcs_networking_subnet":{"version":0,"block":{"attributes":{"all_tags":{"type":["set","string"],"description":"The collection of ags assigned on the subnet, which have been explicitly and implicitly added.","description_kind":"plain","computed":true},"cidr":{"type":"string","description":"CIDR representing IP range for this subnet, based on IP version. You can omit this option if you are creating a subnet from a subnet pool.","description_kind":"plain","optional":true,"computed":true},"description":{"type":"string","description":"Human-readable description of the subnet. Changing this updates the name of the existing subnet.","description_kind":"plain","optional":true},"dns_nameservers":{"type":["list","string"],"description":"An array of DNS name server names used by hosts in this subnet. Changing this updates the DNS name servers for the existing subnet.","description_kind":"plain","optional":true},"enable_dhcp":{"type":"bool","description":"The administrative state of the network. Acceptable values are \"true\" and \"false\". Changing this value enables or disables the DHCP capabilities of the existing subnet. Defaults to true.","description_kind":"plain","optional":true},"gateway_ip":{"type":"string","description":"Default gateway used by devices in this subnet. Leaving this blank and not setting `no_gateway` will cause a default gateway of `.1` to be used. Changing this updates the gateway IP of the existing subnet.","description_kind":"plain","optional":true,"computed":true},"id":{"type":"string","description_kind":"plain","optional":true,"computed":true},"name":{"type":"string","description":"The name of the subnet. Changing this updates the name of the existing subnet.","description_kind":"plain","optional":true},"network_id":{"type":"string","description":"The UUID of the parent network. Changing this creates a new subnet.","description_kind":"plain","required":true},"no_gateway":{"type":"bool","description":"Do not set a gateway IP on this subnet. Changing this removes or adds a default gateway IP of the existing subnet.","description_kind":"plain","optional":true},"prefix_length":{"type":"number","description":"The prefix length to use when creating a subnet from a subnet pool. The default subnet pool prefix length that was defined when creating the subnet pool will be used if not provided. Changing this creates a new subnet.","description_kind":"plain","optional":true},"region":{"type":"string","description":"The region in which to obtain the Networking client. A Networking client is needed to create a subnet. If omitted, the `region` argument of the provider is used. Changing this creates a new subnet.","description_kind":"plain","optional":true,"computed":true},"sdn":{"type":"string","description":"SDN to use for this resource. Must be one of following: \"neutron\", \"sprut\". Default value is project's default SDN.","description_kind":"plain","optional":true,"computed":true},"subnetpool_id":{"type":"string","description":"The ID of the subnetpool associated with the subnet.","description_kind":"plain","optional":true},"tags":{"type":["set","string"],"description":"A set of string tags for the subnet.","description_kind":"plain","optional":true},"value_specs":{"type":["map","string"],"description":"Map of additional options.","description_kind":"plain","optional":true}},"block_types":{"allocation_pool":{"nesting_mode":"set","block":{"attributes":{"end":{"type":"string","description":"The ending address.","description_kind":"plain","required":true},"start":{"type":"string","description":"The starting address.","description_kind":"plain","required":true}},"description":"A block declaring the start and end range of the IP addresses available for use with DHCP in this subnet. Multiple `allocation_pool` blocks can be declared, providing the subnet with more than one range of IP addresses to use with DHCP. However, each IP range must be from the same CIDR that the subnet is part of. The `allocation_pool` block is documented below.","description_kind":"plain"}},"timeouts":{"nesting_mode":"single","block":{"attributes":{"create":{"type":"string","description_kind":"plain","optional":true},"delete":{"type":"string","description_kind":"plain","optional":true}},"description_kind":"plain"}}},"description":"Manages a subnet resource within VKCS.","description_kind":"plain"}},"vkcs_networking_subnet_route":{"version":0,"block":{"attributes":{"destination_cidr":{"type":"string","description":"CIDR block to match on the packet’s destination IP. Changing this creates a new routing entry.","description_kind":"plain","required":true},"id":{"type":"string","description_kind":"plain","optional":true,"computed":true},"next_hop":{"type":"string","description":"IP address of the next hop gateway. Changing this creates a new routing entry.","description_kind":"plain","required":true},"region":{"type":"string","description":"The region in which to obtain the networking client. A networking client is needed to configure a routing entry on a subnet. If omitted, the `region` argument of the provider is used. Changing this creates a new routing entry.","description_kind":"plain","optional":true,"computed":true},"sdn":{"type":"string","description":"SDN to use for this resource. Must be one of following: \"neutron\", \"sprut\". Default value is project's default SDN.","description_kind":"plain","optional":true,"computed":true},"subnet_id":{"type":"string","description":"ID of the subnet this routing entry belongs to. Changing this creates a new routing entry.","description_kind":"plain","required":true}},"description":"Creates a routing entry on a VKCS subnet.","description_kind":"plain"}},"vkcs_publicdns_record":{"version":0,"block":{"attributes":{"content":{"type":"string","description":"The content of the record.","description_kind":"plain","optional":true,"computed":true},"full_name":{"type":"string","description":"The full name of the SRV record.","description_kind":"plain","computed":true},"host":{"type":"string","description":"The domain name of the target host.","description_kind":"plain","optional":true,"computed":true},"id":{"type":"string","description_kind":"plain","optional":true,"computed":true},"ip":{"type":"string","description":"The IP address of the record. It should be IPv4 for record of type \"A\" and IPv6 for record of type \"AAAA\".","description_kind":"plain","optional":true,"computed":true},"name":{"type":"string","description":"The name of the record.","description_kind":"plain","optional":true,"computed":true},"port":{"type":"number","description":"The port on the target host of the service.","description_kind":"plain","optional":true,"computed":true},"priority":{"type":"number","description":"The priority of the record's server.","description_kind":"plain","optional":true,"computed":true},"proto":{"type":"string","description":"The name of the desired protocol.","description_kind":"plain","optional":true},"region":{"type":"string","description":"The region in which to obtain the V2 Public DNS client. If omitted, the `region` argument of the provider is used. Changing this creates a new record.","description_kind":"plain","optional":true,"computed":true},"service":{"type":"string","description":"The name of the desired service.","description_kind":"plain","optional":true},"ttl":{"type":"number","description":"The time to live of the record.","description_kind":"plain","optional":true,"computed":true},"type":{"type":"string","description":"The type of the record. Must be one of following: \"A\", \"AAAA\", \"CNAME\", \"MX\", \"NS\", \"SRV\", \"TXT\".","description_kind":"plain","required":true},"weight":{"type":"number","description":"The relative weight of the record's server.","description_kind":"plain","optional":true,"computed":true},"zone_id":{"type":"string","description":"The ID of the zone to attach the record to.","description_kind":"plain","required":true}},"block_types":{"timeouts":{"nesting_mode":"single","block":{"attributes":{"create":{"type":"string","description_kind":"plain","optional":true},"delete":{"type":"string","description_kind":"plain","optional":true}},"description_kind":"plain"}}},"description":"Manages a public DNS zone record resource within VKCS._note_ Although some arguments are marked as optional, it is actually required to set values for them depending on record \\\"type\\\". Use this map to get information about which arguments you have to set:\n\n| Record type | Required arguments |\n| ----------- | ------------------ |\n| A | ip |\n| AAAA | ip |\n| CNAME | name, content |\n| MX | priority, content |\n| NS | content |\n| SRV | service, proto, priority, weight, host, port |\n| TXT | content |\n\n\n_new_since_v0.2.0_.","description_kind":"plain"}},"vkcs_publicdns_zone":{"version":0,"block":{"attributes":{"admin_email":{"type":"string","description":"The admin email of the zone SOA.","description_kind":"plain","optional":true},"expire":{"type":"number","description":"The expire time of the zone SOA.","description_kind":"plain","optional":true,"computed":true},"id":{"type":"string","description_kind":"plain","optional":true,"computed":true},"primary_dns":{"type":"string","description":"The primary DNS of the zone SOA.","description_kind":"plain","optional":true,"computed":true},"refresh":{"type":"number","description":"The refresh time of the zone SOA.","description_kind":"plain","optional":true,"computed":true},"region":{"type":"string","description":"The region in which to obtain the V2 Public DNS client. If omitted, the `region` argument of the provider is used. Changing this creates a new zone.","description_kind":"plain","optional":true,"computed":true},"retry":{"type":"number","description":"The retry time of the zone SOA.","description_kind":"plain","optional":true,"computed":true},"serial":{"type":"number","description":"The serial number of the zone SOA.","description_kind":"plain","computed":true},"status":{"type":"string","description":"The status of the zone.","description_kind":"plain","computed":true},"ttl":{"type":"number","description":"The TTL (time to live) of the zone SOA.","description_kind":"plain","optional":true,"computed":true},"zone":{"type":"string","description":"The name of the zone. **Changes this creates a new zone**.","description_kind":"plain","required":true}},"block_types":{"timeouts":{"nesting_mode":"single","block":{"attributes":{"create":{"type":"string","description_kind":"plain","optional":true},"delete":{"type":"string","description_kind":"plain","optional":true}},"description_kind":"plain"}}},"description":"Manages a public DNS record resource within VKCS._new_since_v0.2.0_.","description_kind":"plain"}},"vkcs_sharedfilesystem_securityservice":{"version":0,"block":{"attributes":{"description":{"type":"string","description":"The human-readable description for the security service. Changing this updates the description of the existing security service.","description_kind":"plain","optional":true},"dns_ip":{"type":"string","description":"The security service DNS IP address that is used inside the tenant network.","description_kind":"plain","optional":true},"domain":{"type":"string","description":"The security service domain.","description_kind":"plain","optional":true},"id":{"type":"string","description_kind":"plain","optional":true,"computed":true},"name":{"type":"string","description":"The name of the security service. Changing this updates the name of the existing security service.","description_kind":"plain","optional":true},"password":{"type":"string","description":"The user password, if you specify a user.","description_kind":"plain","optional":true,"sensitive":true},"project_id":{"type":"string","description":"The owner of the Security Service.","description_kind":"plain","computed":true},"region":{"type":"string","description":"The region in which to obtain the Shared File System client. A Shared File System client is needed to create a security service. If omitted, the `region` argument of the provider is used. Changing this creates a new security service.","description_kind":"plain","optional":true,"computed":true},"server":{"type":"string","description":"The security service host name or IP address.","description_kind":"plain","optional":true},"type":{"type":"string","description":"The security service type - can either be active\\_directory, kerberos or ldap.  Changing this updates the existing security service.","description_kind":"plain","required":true},"user":{"type":"string","description":"The security service user or group name that is used by the tenant.","description_kind":"plain","optional":true}},"block_types":{"timeouts":{"nesting_mode":"single","block":{"attributes":{"create":{"type":"string","description_kind":"plain","optional":true},"delete":{"type":"string","description_kind":"plain","optional":true},"update":{"type":"string","description_kind":"plain","optional":true}},"description_kind":"plain"}}},"description":"Use this resource to configure a security service._note_ All arguments including the security service password will be stored in the raw state as plain-text. [Read more about sensitive data in state](/docs/state/sensitive-data.html).\n\nA security service stores configuration information for clients for authentication and authorization (AuthN/AuthZ). For example, a share server will be the client for an existing service such as LDAP, Kerberos, or Microsoft Active Directory.","description_kind":"plain"}},"vkcs_sharedfilesystem_share":{"version":0,"block":{"attributes":{"all_metadata":{"type":["map","string"],"description":"The map of metadata, assigned on the share, which has been explicitly and implicitly added.","description_kind":"plain","computed":true},"availability_zone":{"type":"string","description":"The share availability zone. Changing this creates a new share.","description_kind":"plain","optional":true,"computed":true},"description":{"type":"string","description":"The human-readable description for the share. Changing this updates the description of the existing share.","description_kind":"plain","optional":true},"export_location_path":{"type":"string","description":"The export location path of the share._new_since_v0.1.15_.","description_kind":"plain","computed":true},"id":{"type":"string","description_kind":"plain","optional":true,"computed":true},"name":{"type":"string","description":"The name of the share. Changing this updates the name of the existing share.","description_kind":"plain","required":true},"project_id":{"type":"string","description":"The owner of the Share.","description_kind":"plain","computed":true},"region":{"type":"string","description":"The region in which to obtain the Shared File System client. A Shared File System client is needed to create a share. Changing this creates a new share.","description_kind":"plain","optional":true,"computed":true},"share_network_id":{"type":"string","description":"The UUID of the share network.","description_kind":"plain","required":true},"share_proto":{"type":"string","description":"The share protocol - can either be NFS, CIFS, CEPHFS, GLUSTERFS, HDFS or MAPRFS. Changing this creates a new share.","description_kind":"plain","required":true},"share_server_id":{"type":"string","description":"The UUID of the share server.","description_kind":"plain","computed":true},"share_type":{"type":"string","description":"The share type name. If you omit this parameter, the default share type is used.","description_kind":"plain","optional":true,"computed":true},"size":{"type":"number","description":"The share size, in GBs. The requested share size cannot be greater than the allowed GB quota. Changing this resizes the existing share.","description_kind":"plain","required":true},"snapshot_id":{"type":"string","description":"The UUID of the share's base snapshot. Changing this creates a new share.","description_kind":"plain","optional":true}},"block_types":{"timeouts":{"nesting_mode":"single","block":{"attributes":{"create":{"type":"string","description_kind":"plain","optional":true},"delete":{"type":"string","description_kind":"plain","optional":true},"update":{"type":"string","description_kind":"plain","optional":true}},"description_kind":"plain"}}},"description":"Use this resource to configure a share.","description_kind":"plain"}},"vkcs_sharedfilesystem_share_access":{"version":0,"block":{"attributes":{"access_level":{"type":"string","description":"The access level to the share. Can either be `rw` or `ro`.","description_kind":"plain","required":true},"access_to":{"type":"string","description":"The value that defines the access. Can either be an IP address or a username verified by configured Security Service of the Share Network.","description_kind":"plain","required":true},"access_type":{"type":"string","description":"The access rule type. Can either be an ip, user, cert, or cephx.","description_kind":"plain","required":true},"id":{"type":"string","description_kind":"plain","optional":true,"computed":true},"region":{"type":"string","description":"The region in which to obtain the Shared File System client. A Shared File System client is needed to create a share access. Changing this creates a new share access.","description_kind":"plain","optional":true,"computed":true},"share_id":{"type":"string","description":"The UUID of the share to which you are granted access.","description_kind":"plain","required":true}},"block_types":{"timeouts":{"nesting_mode":"single","block":{"attributes":{"create":{"type":"string","description_kind":"plain","optional":true},"delete":{"type":"string","description_kind":"plain","optional":true},"update":{"type":"string","description_kind":"plain","optional":true}},"description_kind":"plain"}}},"description":"Use this resource to control the share access lists.\n\n~\u003e **Important Security Notice** The access key assigned by this resource will be stored *unencrypted* in your Terraform state file. If you use this resource in production, please make sure your state file is sufficiently protected. [Read more about sensitive data in state](https://www.terraform.io/docs/language/state/sensitive-data.html).","description_kind":"plain"}},"vkcs_sharedfilesystem_sharenetwork":{"version":0,"block":{"attributes":{"cidr":{"type":"string","description":"The share network CIDR.","description_kind":"plain","computed":true},"description":{"type":"string","description":"The human-readable description for the share network. Changing this updates the description of the existing share network.","description_kind":"plain","optional":true},"id":{"type":"string","description_kind":"plain","optional":true,"computed":true},"name":{"type":"string","description":"The name for the share network. Changing this updates the name of the existing share network.","description_kind":"plain","optional":true},"neutron_net_id":{"type":"string","description":"The UUID of a neutron network when setting up or updating a share network. Changing this updates the existing share network if it's not used by shares.","description_kind":"plain","required":true},"neutron_subnet_id":{"type":"string","description":"The UUID of the neutron subnet when setting up or updating a share network. Changing this updates the existing share network if it's not used by shares.","description_kind":"plain","required":true},"project_id":{"type":"string","description":"The owner of the Share Network.","description_kind":"plain","computed":true},"region":{"type":"string","description":"The region in which to obtain the Shared File System client. A Shared File System client is needed to create a share network. If omitted, the `region` argument of the provider is used. Changing this creates a new share network.","description_kind":"plain","optional":true,"computed":true},"security_service_ids":{"type":["set","string"],"description":"The list of security service IDs to associate with the share network. The security service must be specified by ID and not name.","description_kind":"plain","optional":true}},"block_types":{"timeouts":{"nesting_mode":"single","block":{"attributes":{"create":{"type":"string","description_kind":"plain","optional":true},"delete":{"type":"string","description_kind":"plain","optional":true},"update":{"type":"string","description_kind":"plain","optional":true}},"description_kind":"plain"}}},"description":"Use this resource to configure a share network.\n\nA share network stores network information that share servers can use when shares are created.","description_kind":"plain"}},"vkcs_vpnaas_endpoint_group":{"version":0,"block":{"attributes":{"description":{"type":"string","description":"The human-readable description for the group. Changing this updates the description of the existing group.","description_kind":"plain","optional":true},"endpoints":{"type":["set","string"],"description":"List of endpoints of the same type, for the endpoint group. The values will depend on the type. Changing this creates a new group.","description_kind":"plain","optional":true},"id":{"type":"string","description_kind":"plain","optional":true,"computed":true},"name":{"type":"string","description":"The name of the group. Changing this updates the name of the existing group.","description_kind":"plain","optional":true},"region":{"type":"string","description":"The region in which to obtain the Networking client. A Networking client is needed to create an endpoint group. If omitted, the `region` argument of the provider is used. Changing this creates a new group.","description_kind":"plain","optional":true,"computed":true},"sdn":{"type":"string","description":"SDN to use for this resource. Must be one of following: \"neutron\", \"sprut\". Default value is project's default SDN._new_since_v0.5.3_.","description_kind":"plain","optional":true,"computed":true},"type":{"type":"string","description":"The type of the endpoints in the group. A valid value is subnet, cidr, network, router, or vlan. Changing this creates a new group.","description_kind":"plain","optional":true,"computed":true}},"block_types":{"timeouts":{"nesting_mode":"single","block":{"attributes":{"create":{"type":"string","description_kind":"plain","optional":true},"delete":{"type":"string","description_kind":"plain","optional":true},"update":{"type":"string","description_kind":"plain","optional":true}},"description_kind":"plain"}}},"description":"Manages an Endpoint Group resource within VKCS.","description_kind":"plain"}},"vkcs_vpnaas_ike_policy":{"version":0,"block":{"attributes":{"auth_algorithm":{"type":"string","description":"The authentication hash algorithm. Valid values are sha1, sha256, sha384, sha512. Default is sha1. Changing this updates the algorithm of the existing policy.","description_kind":"plain","optional":true},"description":{"type":"string","description":"The human-readable description for the policy. Changing this updates the description of the existing policy.","description_kind":"plain","optional":true},"encryption_algorithm":{"type":"string","description":"The encryption algorithm. Valid values are 3des, aes-128, aes-192 and so on. The default value is aes-128. Changing this updates the existing policy.","description_kind":"plain","optional":true},"id":{"type":"string","description_kind":"plain","optional":true,"computed":true},"ike_version":{"type":"string","description":"The IKE mode. A valid value is v1 or v2. Default is v1. Changing this updates the existing policy.","description_kind":"plain","optional":true},"name":{"type":"string","description":"The name of the policy. Changing this updates the name of the existing policy.","description_kind":"plain","optional":true},"pfs":{"type":"string","description":"The perfect forward secrecy mode. Valid values are Group2, Group5 and Group14. Default is Group5. Changing this updates the existing policy.","description_kind":"plain","optional":true},"phase1_negotiation_mode":{"type":"string","description":"The IKE mode. A valid value is main, which is the default. Changing this updates the existing policy.","description_kind":"plain","optional":true},"region":{"type":"string","description":"The region in which to obtain the Networking client. A Networking client is needed to create a VPN service. If omitted, the `region` argument of the provider is used. Changing this creates a new service.","description_kind":"plain","optional":true,"computed":true},"sdn":{"type":"string","description":"SDN to use for this resource. Must be one of following: \"neutron\", \"sprut\". Default value is project's default SDN._new_since_v0.5.3_.","description_kind":"plain","optional":true,"computed":true}},"block_types":{"lifetime":{"nesting_mode":"set","block":{"attributes":{"units":{"type":"string","description":"The units for the lifetime of the security association. Can be either seconds or kilobytes. Default is seconds.","description_kind":"plain","optional":true,"computed":true},"value":{"type":"number","description":"The value for the lifetime of the security association. Must be a positive integer. Default is 3600.","description_kind":"plain","optional":true,"computed":true}},"description":"The lifetime of the security association. Consists of Unit and Value.","description_kind":"plain"}},"timeouts":{"nesting_mode":"single","block":{"attributes":{"create":{"type":"string","description_kind":"plain","optional":true}},"description_kind":"plain"}}},"description":"Manages a IKE policy resource within VKCS.","description_kind":"plain"}},"vkcs_vpnaas_ipsec_policy":{"version":0,"block":{"attributes":{"auth_algorithm":{"type":"string","description":"The authentication hash algorithm. Valid values are sha1, sha256, sha384, sha512. Default is sha1. Changing this updates the algorithm of the existing policy.","description_kind":"plain","optional":true,"computed":true},"description":{"type":"string","description":"The human-readable description for the policy. Changing this updates the description of the existing policy.","description_kind":"plain","optional":true},"encapsulation_mode":{"type":"string","description":"The encapsulation mode. Valid values are tunnel and transport. Default is tunnel. Changing this updates the existing policy.","description_kind":"plain","optional":true,"computed":true},"encryption_algorithm":{"type":"string","description":"The encryption algorithm. Valid values are 3des, aes-128, aes-192 and so on. The default value is aes-128. Changing this updates the existing policy.","description_kind":"plain","optional":true,"computed":true},"id":{"type":"string","description_kind":"plain","optional":true,"computed":true},"name":{"type":"string","description":"The name of the policy. Changing this updates the name of the existing policy.","description_kind":"plain","optional":true},"pfs":{"type":"string","description":"The perfect forward secrecy mode. Valid values are Group2, Group5 and Group14. Default is Group5. Changing this updates the existing policy.","description_kind":"plain","optional":true,"computed":true},"region":{"type":"string","description":"The region in which to obtain the Networking client. A Networking client is needed to create an IPSec policy. If omitted, the `region` argument of the provider is used. Changing this creates a new policy.","description_kind":"plain","optional":true,"computed":true},"sdn":{"type":"string","description":"SDN to use for this resource. Must be one of following: \"neutron\", \"sprut\". Default value is project's default SDN._new_since_v0.5.3_.","description_kind":"plain","optional":true,"computed":true},"transform_protocol":{"type":"string","description":"The transform protocol. Valid values are ESP, AH and AH-ESP. Changing this updates the existing policy. Default is ESP.","description_kind":"plain","optional":true,"computed":true}},"block_types":{"lifetime":{"nesting_mode":"set","block":{"attributes":{"units":{"type":"string","description":"The units for the lifetime of the security association. Can be either seconds or kilobytes. Default is seconds.","description_kind":"plain","optional":true,"computed":true},"value":{"type":"number","description":"The value for the lifetime of the security association. Must be a positive integer. Default is 3600.","description_kind":"plain","optional":true,"computed":true}},"description":"The lifetime of the security association. Consists of Unit and Value.","description_kind":"plain"}},"timeouts":{"nesting_mode":"single","block":{"attributes":{"create":{"type":"string","description_kind":"plain","optional":true}},"description_kind":"plain"}}},"description":"Manages a IPSec policy resource within VKCS.","description_kind":"plain"}},"vkcs_vpnaas_service":{"version":0,"block":{"attributes":{"admin_state_up":{"type":"bool","description":"The administrative state of the resource. Can either be up(true) or down(false). Changing this updates the administrative state of the existing service.","description_kind":"plain","optional":true},"description":{"type":"string","description":"The human-readable description for the service. Changing this updates the description of the existing service.","description_kind":"plain","optional":true},"external_v4_ip":{"type":"string","description":"The read-only external (public) IPv4 address that is used for the VPN service.","description_kind":"plain","computed":true},"external_v6_ip":{"type":"string","description":"The read-only external (public) IPv6 address that is used for the VPN service.","description_kind":"plain","computed":true},"id":{"type":"string","description_kind":"plain","optional":true,"computed":true},"name":{"type":"string","description":"The name of the service. Changing this updates the name of the existing service.","description_kind":"plain","optional":true},"region":{"type":"string","description":"The region in which to obtain the Networking client. A Networking client is needed to create a VPN service. If omitted, the `region` argument of the provider is used. Changing this creates a new service.","description_kind":"plain","optional":true,"computed":true},"router_id":{"type":"string","description":"The ID of the router. Changing this creates a new service.","description_kind":"plain","required":true},"sdn":{"type":"string","description":"SDN to use for this resource. Must be one of following: \"neutron\", \"sprut\". Default value is project's default SDN._new_since_v0.5.3_.","description_kind":"plain","optional":true,"computed":true},"status":{"type":"string","description":"Indicates whether IPsec VPN service is currently operational. Values are ACTIVE, DOWN, BUILD, ERROR, PENDING_CREATE, PENDING_UPDATE, or PENDING_DELETE.","description_kind":"plain","computed":true},"subnet_id":{"type":"string","description":"SubnetID is the ID of the subnet. Default is null.","description_kind":"plain","optional":true}},"block_types":{"timeouts":{"nesting_mode":"single","block":{"attributes":{"create":{"type":"string","description_kind":"plain","optional":true},"delete":{"type":"string","description_kind":"plain","optional":true},"update":{"type":"string","description_kind":"plain","optional":true}},"description_kind":"plain"}}},"description":"Manages a VPN service resource within VKCS.","description_kind":"plain"}},"vkcs_vpnaas_site_connection":{"version":0,"block":{"attributes":{"admin_state_up":{"type":"bool","description":"The administrative state of the resource. Can either be up(true) or down(false). Changing this updates the administrative state of the existing connection.","description_kind":"plain","optional":true},"description":{"type":"string","description":"The human-readable description for the connection. Changing this updates the description of the existing connection.","description_kind":"plain","optional":true},"id":{"type":"string","description_kind":"plain","optional":true,"computed":true},"ikepolicy_id":{"type":"string","description":"The ID of the IKE policy. Changing this creates a new connection.","description_kind":"plain","required":true},"initiator":{"type":"string","description":"A valid value is response-only or bi-directional. Default is bi-directional.","description_kind":"plain","optional":true,"computed":true},"ipsecpolicy_id":{"type":"string","description":"The ID of the IPsec policy. Changing this creates a new connection.","description_kind":"plain","required":true},"local_ep_group_id":{"type":"string","description":"The ID for the endpoint group that contains private subnets for the local side of the connection. You must specify this parameter with the peer_ep_group_id parameter unless in backward- compatible mode where peer_cidrs is provided with a subnet_id for the VPN service. Changing this updates the existing connection.","description_kind":"plain","optional":true},"local_id":{"type":"string","description":"An ID to be used instead of the external IP address for a virtual router used in traffic between instances on different networks in east-west traffic. Most often, local ID would be domain name, email address, etc. If this is not configured then the external IP address will be used as the ID.","description_kind":"plain","optional":true},"mtu":{"type":"number","description":"The maximum transmission unit (MTU) value to address fragmentation. Minimum value is 68 for IPv4, and 1280 for IPv6.","description_kind":"plain","optional":true,"computed":true},"name":{"type":"string","description":"The name of the connection. Changing this updates the name of the existing connection.","description_kind":"plain","optional":true},"peer_address":{"type":"string","description":"The peer gateway public IPv4 or IPv6 address or FQDN.","description_kind":"plain","required":true},"peer_cidrs":{"type":["list","string"],"description":"Unique list of valid peer private CIDRs in the form \u003c net_address \u003e / \u003c prefix \u003e.","description_kind":"plain","optional":true},"peer_ep_group_id":{"type":"string","description":"The ID for the endpoint group that contains private CIDRs in the form \u003c net_address \u003e / \u003c prefix \u003e for the peer side of the connection. You must specify this parameter with the local_ep_group_id parameter unless in backward-compatible mode where peer_cidrs is provided with a subnet_id for the VPN service.","description_kind":"plain","optional":true},"peer_id":{"type":"string","description":"The peer router identity for authentication. A valid value is an IPv4 address, IPv6 address, e-mail address, key ID, or FQDN. Typically, this value matches the peer_address value. Changing this updates the existing policy.","description_kind":"plain","required":true},"psk":{"type":"string","description":"The pre-shared key. A valid value is any string.","description_kind":"plain","required":true},"region":{"type":"string","description":"The region in which to obtain the Networking client. A Networking client is needed to create an IPSec site connection. If omitted, the `region` argument of the provider is used. Changing this creates a new site connection.","description_kind":"plain","optional":true,"computed":true},"sdn":{"type":"string","description":"SDN to use for this resource. Must be one of following: \"neutron\", \"sprut\". Default value is project's default SDN._new_since_v0.5.3_.","description_kind":"plain","optional":true,"computed":true},"vpnservice_id":{"type":"string","description":"The ID of the VPN service. Changing this creates a new connection.","description_kind":"plain","required":true}},"block_types":{"dpd":{"nesting_mode":"set","block":{"attributes":{"action":{"type":"string","description":"The dead peer detection (DPD) action. A valid value is clear, hold, restart, disabled, or restart-by-peer. Default value is hold.","description_kind":"plain","optional":true,"computed":true},"interval":{"type":"number","description":"The dead peer detection (DPD) interval, in seconds. A valid value is a positive integer. Default is 30.","description_kind":"plain","optional":true,"computed":true},"timeout":{"type":"number","description":"The dead peer detection (DPD) timeout in seconds. A valid value is a positive integer that is greater than the DPD interval value. Default is 120.","description_kind":"plain","optional":true,"computed":true}},"description":"A dictionary with dead peer detection (DPD) protocol controls.","description_kind":"plain"}},"timeouts":{"nesting_mode":"single","block":{"attributes":{"create":{"type":"string","description_kind":"plain","optional":true},"delete":{"type":"string","description_kind":"plain","optional":true},"update":{"type":"string","description_kind":"plain","optional":true}},"description_kind":"plain"}}},"description":"Manages a IPSec site connection resource within VKCS.","description_kind":"plain"}}},"data_source_schemas":{"vkcs_backup_plan":{"version":0,"block":{"attributes":{"full_retention":{"nested_type":{"attributes":{"max_full_backup":{"type":"number","description":"Maximum number of backups","description_kind":"plain","computed":true}},"nesting_mode":"single"},"description":"Parameters for full retention policy. Specifies number of full backups stored. Incremental backups (if enabled) are not counted as full","description_kind":"plain","computed":true},"gfs_retention":{"nested_type":{"attributes":{"gfs_monthly":{"type":"number","description":"Number of months to store backups","description_kind":"plain","computed":true},"gfs_weekly":{"type":"number","description":"Number of weeks to store backups","description_kind":"plain","computed":true},"gfs_yearly":{"type":"number","description":"Number of years to store backups","description_kind":"plain","computed":true}},"nesting_mode":"single"},"description":"Parameters for gfs retention policy. Specifies number of full backups stored. Incremental backups (if enabled) are not counted as full","description_kind":"plain","computed":true},"id":{"type":"string","description":"ID of the resource","description_kind":"plain","computed":true},"incremental_backup":{"type":"bool","description":"Whether incremental backups should be stored","description_kind":"plain","computed":true},"instance_id":{"type":"string","description":"ID of the instance that should be included in backup plan","description_kind":"plain","optional":true},"instance_ids":{"type":["list","string"],"description":"List of ids of backed up instances","description_kind":"plain","computed":true},"name":{"type":"string","description":"Name of the backup plan","description_kind":"plain","optional":true},"provider_id":{"type":"string","description":"ID of backup provider","description_kind":"plain","computed":true},"region":{"type":"string","description":"The `region` to fetch availability zones from, defaults to the provider's `region`.","description_kind":"plain","optional":true,"computed":true},"schedule":{"nested_type":{"attributes":{"date":{"type":["list","string"],"description":"List of days when to perform backups. If incremental_backups is enabled, this field contains day of full backup","description_kind":"plain","computed":true},"every_hours":{"type":"number","description":"Hour period of backups","description_kind":"plain","computed":true},"time":{"type":"string","description":"Time of backup in format hh:mm, using UTC timezone","description_kind":"plain","computed":true}},"nesting_mode":"single"},"description_kind":"plain","computed":true}},"description":"Use this data source to get backup plan info_new_since_v0.4.0_.","description_kind":"plain"}},"vkcs_backup_provider":{"version":0,"block":{"attributes":{"id":{"type":"string","description":"ID of the resource","description_kind":"plain","computed":true},"name":{"type":"string","description":"Name of the backup provider","description_kind":"plain","required":true},"region":{"type":"string","description":"The `region` to fetch availability zones from, defaults to the provider's `region`.","description_kind":"plain","optional":true,"computed":true}},"description":"Use this data source to get backup provider info_new_since_v0.4.0_.","description_kind":"plain"}},"vkcs_backup_providers":{"version":0,"block":{"attributes":{"id":{"type":"string","description_kind":"plain","computed":true},"providers":{"nested_type":{"attributes":{"id":{"type":"string","description":"ID of the backup provider","description_kind":"plain","computed":true},"name":{"type":"string","description":"Name of the backup provider","description_kind":"plain","required":true}},"nesting_mode":"list"},"description":"List of available backup providers","description_kind":"plain","computed":true},"region":{"type":"string","description":"The `region` to fetch availability zones from, defaults to the provider's `region`.","description_kind":"plain","optional":true,"computed":true}},"description":"Use this data source to get backup providers info_new_since_v0.4.0_.","description_kind":"plain"}},"vkcs_blockstorage_snapshot":{"version":0,"block":{"attributes":{"description":{"type":"string","description":"The snapshot's description.","description_kind":"plain","computed":true},"id":{"type":"string","description_kind":"plain","optional":true,"computed":true},"metadata":{"type":["map","string"],"description":"The snapshot's metadata.","description_kind":"plain","computed":true},"most_recent":{"type":"bool","description":"Pick the most recently created snapshot if there are multiple results.","description_kind":"plain","optional":true},"name":{"type":"string","description":"The name of the snapshot.","description_kind":"plain","optional":true,"computed":true},"region":{"type":"string","description":"The region in which to obtain the Block Storage client. If omitted, the `region` argument of the provider is used.","description_kind":"plain","optional":true,"computed":true},"size":{"type":"number","description":"The size of the snapshot.","description_kind":"plain","computed":true},"status":{"type":"string","description":"The status of the snapshot.","description_kind":"plain","optional":true,"computed":true},"volume_id":{"type":"string","description":"The ID of the snapshot's volume.","description_kind":"plain","optional":true,"computed":true}},"description":"Use this data source to get information about an existing snapshot.","description_kind":"plain"}},"vkcs_blockstorage_volume":{"version":0,"block":{"attributes":{"availability_zone":{"type":"string","description":"The name of the availability zone of the volume.","description_kind":"plain","computed":true},"bootable":{"type":"string","description":"Indicates if the volume is bootable.","description_kind":"plain","optional":true,"computed":true},"id":{"type":"string","description_kind":"plain","optional":true,"computed":true},"metadata":{"type":["map","string"],"description":"Metadata key/value pairs associated with the volume.","description_kind":"plain","optional":true,"computed":true},"name":{"type":"string","description":"The name of the volume.","description_kind":"plain","optional":true,"computed":true},"region":{"type":"string","description":"The region in which to obtain the Block Storage client. If omitted, the `region` argument of the provider is used.","description_kind":"plain","optional":true,"computed":true},"size":{"type":"number","description":"The size of the volume in GBs.","description_kind":"plain","computed":true},"source_volume_id":{"type":"string","description":"The ID of the volume from which the current volume was created.","description_kind":"plain","computed":true},"status":{"type":"string","description":"The status of the volume.","description_kind":"plain","optional":true,"computed":true},"volume_type":{"type":"string","description":"The type of the volume.","description_kind":"plain","optional":true,"computed":true}},"description":"Use this data source to get information about an existing volume.","description_kind":"plain"}},"vkcs_compute_availability_zones":{"version":0,"block":{"attributes":{"id":{"type":"string","description":"Hash of the returned zone list.","description_kind":"plain","computed":true},"names":{"type":["list","string"],"description":"The names of the availability zones, ordered alphanumerically, that match the queried `state`","description_kind":"plain","computed":true},"region":{"type":"string","description":"The `region` to fetch availability zones from, defaults to the provider's `region`","description_kind":"plain","optional":true,"computed":true},"state":{"type":"string","description":"The `state` of the availability zones to match, default (\"available\").","description_kind":"plain","optional":true}},"description":"Use this data source to get a list of availability zones from VKCS","description_kind":"plain"}},"vkcs_compute_flavor":{"version":0,"block":{"attributes":{"disk":{"type":"number","description":"The exact amount of disk (in gigabytes).","description_kind":"plain","optional":true},"extra_specs":{"type":["map","string"],"description":"Key/Value pairs of metadata for the flavor.","description_kind":"plain","computed":true},"flavor_id":{"type":"string","description":"The ID of the flavor. Conflicts with the `name`, `min_ram` and `min_disk`","description_kind":"plain","optional":true},"id":{"type":"string","description":"ID of the found flavor.","description_kind":"plain","computed":true},"is_public":{"type":"bool","description":"The flavor visibility.","description_kind":"plain","optional":true},"min_disk":{"type":"number","description":"The minimum amount of disk (in gigabytes). Conflicts with the `flavor_id`.","description_kind":"plain","optional":true},"min_ram":{"type":"number","description":"The minimum amount of RAM (in megabytes). Conflicts with the `flavor_id`.","description_kind":"plain","optional":true},"name":{"type":"string","description":"The name of the flavor. Conflicts with the `flavor_id`.","description_kind":"plain","optional":true},"ram":{"type":"number","description":"The exact amount of RAM (in megabytes).","description_kind":"plain","optional":true},"region":{"type":"string","description":"The region in which to obtain the Compute client. If omitted, the `region` argument of the provider is used.","description_kind":"plain","optional":true,"computed":true},"rx_tx_factor":{"type":"number","description":"The `rx_tx_factor` of the flavor.","description_kind":"plain","optional":true},"swap":{"type":"number","description":"The amount of swap (in gigabytes).","description_kind":"plain","optional":true},"vcpus":{"type":"number","description":"The amount of VCPUs.","description_kind":"plain","optional":true}},"description":"Use this data source to get the ID of an available VKCS flavor.","description_kind":"plain"}},"vkcs_compute_instance":{"version":0,"block":{"attributes":{"access_ip_v4":{"type":"string","description":"The first IPv4 address assigned to this server.","description_kind":"plain","computed":true},"availability_zone":{"type":"string","description":"The availability zone of this server.","description_kind":"plain","computed":true},"flavor_id":{"type":"string","description":"The flavor ID used to create the server.","description_kind":"plain","computed":true},"flavor_name":{"type":"string","description":"The flavor name used to create the server.","description_kind":"plain","computed":true},"id":{"type":"string","description":"The UUID of the instance","description_kind":"plain","required":true},"image_id":{"type":"string","description":"The image ID used to create the server.","description_kind":"plain","computed":true},"image_name":{"type":"string","description":"The image name used to create the server.","description_kind":"plain","computed":true},"key_pair":{"type":"string","description":"The name of the key pair assigned to this server.","description_kind":"plain","computed":true},"metadata":{"type":["map","string"],"description":"A set of key/value pairs made available to the server.","description_kind":"plain","computed":true},"name":{"type":"string","description":"The name of the server.","description_kind":"plain","computed":true},"power_state":{"type":"string","description":"VM state","description_kind":"plain","computed":true},"region":{"type":"string","description":"The region in which to obtain the Compute client. If omitted, the `region` argument of the provider is used.","description_kind":"plain","optional":true,"computed":true},"security_groups":{"type":["set","string"],"description":"An array of security group names associated with this server.","description_kind":"plain","computed":true},"tags":{"type":["set","string"],"description":"A set of string tags for the instance.","description_kind":"plain","computed":true},"user_data":{"type":"string","description":"The user data added when the server was created.","description_kind":"plain","optional":true,"computed":true}},"block_types":{"network":{"nesting_mode":"list","block":{"attributes":{"fixed_ip_v4":{"type":"string","description":"The IPv4 address assigned to this network port.","description_kind":"plain","computed":true},"mac":{"type":"string","description":"The MAC address assigned to this network interface.","description_kind":"plain","computed":true},"name":{"type":"string","description":"The name of the network","description_kind":"plain","computed":true},"port":{"type":"string","description":"The port UUID for this network","description_kind":"plain","computed":true},"uuid":{"type":"string","description":"The UUID of the network","description_kind":"plain","computed":true}},"description":"An array of maps, detailed below.","description_kind":"plain"}}},"description":"Use this data source to get the details of a running server","description_kind":"plain"}},"vkcs_compute_keypair":{"version":0,"block":{"attributes":{"fingerprint":{"type":"string","description":"The fingerprint of the OpenSSH key.","description_kind":"plain","computed":true},"id":{"type":"string","description_kind":"plain","optional":true,"computed":true},"name":{"type":"string","description":"The unique name of the keypair.","description_kind":"plain","required":true},"public_key":{"type":"string","description":"The OpenSSH-formatted public key of the keypair.","description_kind":"plain","computed":true},"region":{"type":"string","description":"The region in which to obtain the Compute client. If omitted, the `region` argument of the provider is used.","description_kind":"plain","optional":true,"computed":true}},"description":"Use this data source to get the ID and public key of an VKCS keypair.","description_kind":"plain"}},"vkcs_compute_quotaset":{"version":0,"block":{"attributes":{"cores":{"type":"number","description":"The number of allowed server cores.","description_kind":"plain","computed":true},"id":{"type":"string","description_kind":"plain","optional":true,"computed":true},"injected_file_content_bytes":{"type":"number","description":"The number of allowed bytes of content for each injected file.","description_kind":"plain","computed":true},"injected_file_path_bytes":{"type":"number","description":"The number of allowed bytes for each injected file path.","description_kind":"plain","computed":true},"injected_files":{"type":"number","description":"The number of allowed injected files.","description_kind":"plain","computed":true},"instances":{"type":"number","description":"The number of allowed servers.","description_kind":"plain","computed":true},"key_pairs":{"type":"number","description":"The number of allowed key pairs for each user.","description_kind":"plain","computed":true},"metadata_items":{"type":"number","description":"The number of allowed metadata items for each server.","description_kind":"plain","computed":true},"project_id":{"type":"string","description":"The id of the project to retrieve the quotaset.","description_kind":"plain","required":true},"ram":{"type":"number","description":"The amount of allowed server RAM, in MiB.","description_kind":"plain","computed":true},"region":{"type":"string","description":"The region in which to obtain the Compute client. If omitted, the `region` argument of the provider is used.","description_kind":"plain","optional":true,"computed":true},"server_group_members":{"type":"number","description":"The number of allowed members for each server group.","description_kind":"plain","computed":true},"server_groups":{"type":"number","description":"The number of allowed server groups.","description_kind":"plain","computed":true}},"description":"Use this data source to get the compute quotaset of an VKCS project.","description_kind":"plain"}},"vkcs_db_backup":{"version":0,"block":{"attributes":{"backup_id":{"type":"string","description":"The UUID of the backup.","description_kind":"plain","required":true},"created":{"type":"string","description":"Backup creation timestamp","description_kind":"plain","computed":true},"datastore":{"nested_type":{"attributes":{"type":{"type":"string","description":"Type of the datastore.","description_kind":"plain","required":true},"version":{"type":"string","description":"Version of the datastore.","description_kind":"plain","required":true}},"nesting_mode":"list"},"description":"Object that represents datastore of backup","description_kind":"plain","computed":true},"dbms_id":{"type":"string","description":"ID of the backed up instance or cluster","description_kind":"plain","computed":true},"dbms_type":{"type":"string","description":"Type of dbms of the backup, can be \"instance\" or \"cluster\".","description_kind":"plain","computed":true},"description":{"type":"string","description":"The description of the backup","description_kind":"plain","optional":true},"id":{"type":"string","description":"ID of the resource.","description_kind":"plain","computed":true},"location_ref":{"type":"string","description":"Location of backup data on backup storage","description_kind":"plain","computed":true},"meta":{"type":"string","description":"Metadata of the backup","description_kind":"plain","computed":true},"name":{"type":"string","description":"The name of the backup.","description_kind":"plain","computed":true},"region":{"type":"string","description":"The region in which to obtain the service client. If omitted, the `region` argument of the provider is used._new_since_v0.4.0_.","description_kind":"plain","optional":true,"computed":true},"size":{"type":"number","description":"Backup's volume size","description_kind":"plain","computed":true},"updated":{"type":"string","description":"Timestamp of backup's last update","description_kind":"plain","computed":true},"wal_size":{"type":"number","description":"Backup's WAL volume size","description_kind":"plain","computed":true}},"description":"Use this data source to get the information on a db backup resource.","description_kind":"plain"}},"vkcs_db_config_group":{"version":0,"block":{"attributes":{"config_group_id":{"type":"string","description":"The UUID of the config_group.","description_kind":"plain","required":true},"created":{"type":"string","description":"Timestamp of config group's creation.","description_kind":"plain","computed":true},"datastore":{"nested_type":{"attributes":{"type":{"type":"string","description":"Type of the datastore.","description_kind":"plain","required":true},"version":{"type":"string","description":"Version of the datastore.","description_kind":"plain","required":true}},"nesting_mode":"list"},"description":"Object that represents datastore of backup","description_kind":"plain","computed":true},"description":{"type":"string","description":"The description of the config group.","description_kind":"plain","computed":true},"id":{"type":"string","description":"ID of the resource.","description_kind":"plain","computed":true},"name":{"type":"string","description":"The name of the config group.","description_kind":"plain","computed":true},"region":{"type":"string","description":"The region in which to obtain the service client. If omitted, the `region` argument of the provider is used._new_since_v0.4.0_.","description_kind":"plain","optional":true,"computed":true},"updated":{"type":"string","description":"Timestamp of config group's last update.","description_kind":"plain","computed":true},"values":{"type":["map","string"],"description":"Map of configuration parameters in format \"key\": \"value\".","description_kind":"plain","computed":true}},"description":"Use this data source to get the information on a db config group resource._new_since_v0.1.7_.","description_kind":"plain"}},"vkcs_db_database":{"version":0,"block":{"attributes":{"charset":{"type":"string","description":"Type of charset used for the database.","description_kind":"plain","optional":true},"collate":{"type":"string","description":"Collate option of the database.","description_kind":"plain","optional":true},"dbms_id":{"type":"string","description":"ID of the instance or cluster that database is created for.","description_kind":"plain","optional":true},"id":{"type":"string","description":"The id of the database in form \"dbms_id/db_name\".","description_kind":"plain","required":true},"name":{"type":"string","description":"The name of the database.","description_kind":"plain","optional":true}},"description":"Use this data source to get the information on a db database resource.","description_kind":"plain"}},"vkcs_db_datastore":{"version":0,"block":{"attributes":{"cluster_volume_types":{"type":["list","string"],"description":"Supported volume types for the datastore when used in a cluster.","description_kind":"plain","computed":true},"id":{"type":"string","description":"The id of the datastore.","description_kind":"plain","optional":true,"computed":true},"minimum_cpu":{"type":"number","description":"Minimum CPU required for instance of the datastore.","description_kind":"plain","computed":true},"minimum_ram":{"type":"number","description":"Minimum RAM required for instance of the datastore.","description_kind":"plain","computed":true},"name":{"type":"string","description":"The name of the datastore.","description_kind":"plain","optional":true,"computed":true},"region":{"type":"string","description":"The region to obtain the service client. If omitted, the `region` argument of the provider is used.","description_kind":"plain","optional":true,"computed":true},"versions":{"nested_type":{"attributes":{"id":{"type":"string","description":"ID of a version of the datastore.","description_kind":"plain","computed":true},"name":{"type":"string","description":"Name of a version of the datastore.","description_kind":"plain","computed":true}},"nesting_mode":"list"},"description":"Versions of the datastore.","description_kind":"plain","computed":true},"volume_types":{"type":["list","string"],"description":"Supported volume types for the datastore.","description_kind":"plain","computed":true}},"description":"Use this data source to get information on a VKCS db datastore._new_since_v0.2.0_.","description_kind":"plain"}},"vkcs_db_datastore_capabilities":{"version":0,"block":{"attributes":{"capabilities":{"nested_type":{"attributes":{"allow_major_upgrade":{"type":"bool","description":"This attribute indicates whether a capability can be applied in the next major version of data store.","description_kind":"plain","computed":true},"allow_upgrade_from_backup":{"type":"bool","description":"This attribute indicates whether a capability can be applied to upgrade from backup.","description_kind":"plain","computed":true},"description":{"type":"string","description":"Description of data store capability.","description_kind":"plain","computed":true},"name":{"type":"string","description":"Name of data store capability.","description_kind":"plain","computed":true},"params":{"nested_type":{"attributes":{"default_value":{"type":"string","description":"Default value for a parameter.","description_kind":"plain","computed":true},"element_type":{"type":"string","description":"Type of element value for a parameter of `list` type.","description_kind":"plain","computed":true},"enum_values":{"type":["list","string"],"description":"Supported values for a parameter.","description_kind":"plain","computed":true},"masked":{"type":"bool","description":"Masked indicates whether a parameter value must be a boolean mask.","description_kind":"plain","computed":true},"max":{"type":"number","description":"Maximum value for a parameter.","description_kind":"plain","computed":true},"min":{"type":"number","description":"Minimum value for a parameter.","description_kind":"plain","computed":true},"name":{"type":"string","description":"Name of a parameter.","description_kind":"plain","computed":true},"regex":{"type":"string","description":"Regular expression that a parameter value must match.","description_kind":"plain","computed":true},"required":{"type":"bool","description":"Required indicates whether a parameter value must be set.","description_kind":"plain","computed":true},"type":{"type":"string","description":"Type of value for a parameter.","description_kind":"plain","computed":true}},"nesting_mode":"list"},"description_kind":"plain","computed":true},"should_be_on_master":{"type":"bool","description":"This attribute indicates whether a capability applies only to the master node.","description_kind":"plain","computed":true}},"nesting_mode":"list"},"description":"Capabilities of the datastore.","description_kind":"plain","computed":true},"datastore_name":{"type":"string","description":"Name of the data store.","description_kind":"plain","required":true},"datastore_version_id":{"type":"string","description":"ID of the version of the data store.","description_kind":"plain","required":true},"id":{"type":"string","description":"ID of the resource","description_kind":"plain","computed":true},"region":{"type":"string","description":"The `region` to fetch availability zones from, defaults to the provider's `region`.","description_kind":"plain","optional":true,"computed":true}},"description":"Use this data source to get capabilities supported for a VKCS datastore._new_since_v0.2.0_.","description_kind":"plain"}},"vkcs_db_datastore_parameters":{"version":0,"block":{"attributes":{"datastore_name":{"type":"string","description":"Name of the data store.","description_kind":"plain","required":true},"datastore_version_id":{"type":"string","description":"ID of the version of the data store.","description_kind":"plain","required":true},"id":{"type":"string","description":"ID of the resource.","description_kind":"plain","optional":true,"computed":true},"parameters":{"nested_type":{"attributes":{"max":{"type":"number","description":"Maximum value of a configuration parameter.","description_kind":"plain","computed":true},"min":{"type":"number","description":"Minimum value of a configuration parameter.","description_kind":"plain","computed":true},"name":{"type":"string","description":"Name of a configuration parameter.","description_kind":"plain","computed":true},"restart_required":{"type":"bool","description":"This attribute indicates whether a restart required when a parameter is set.","description_kind":"plain","computed":true},"type":{"type":"string","description":"Type of a configuration parameter.","description_kind":"plain","computed":true}},"nesting_mode":"list"},"description":"Configuration parameters supported for the datastore.","description_kind":"plain","computed":true},"region":{"type":"string","description":"The region to obtain the service client. If omitted, the `region` argument of the provider is used.","description_kind":"plain","optional":true,"computed":true}},"description":"Use this data source to get configuration parameters supported for a VKCS datastore._new_since_v0.2.0_.","description_kind":"plain"}},"vkcs_db_datastores":{"version":0,"block":{"attributes":{"datastores":{"nested_type":{"attributes":{"id":{"type":"string","description":"ID of a datastore.","description_kind":"plain","computed":true},"name":{"type":"string","description":"Name of a datastore.","description_kind":"plain","computed":true}},"nesting_mode":"list"},"description":"List of datastores within VKCS.","description_kind":"plain","computed":true},"id":{"type":"string","description":"ID of the resource.","description_kind":"plain","optional":true,"computed":true},"region":{"type":"string","description":"The region to obtain the service client. If omitted, the `region` argument of the provider is used.","description_kind":"plain","optional":true,"computed":true}},"description":"Use this data source to get a list of datastores from VKCS._new_since_v0.2.0_.","description_kind":"plain"}},"vkcs_db_instance":{"version":0,"block":{"attributes":{"flavor_id":{"type":"string","description":"The ID of flavor for the instance.","description_kind":"plain","optional":true},"hostname":{"type":"string","description":"The hostname of the instance.","description_kind":"plain","optional":true},"id":{"type":"string","description":"The id of the instance.","description_kind":"plain","required":true},"ip":{"type":["list","string"],"description":"IP address of the instance.","description_kind":"plain","optional":true},"name":{"type":"string","description":"The name of the instance.","description_kind":"plain","optional":true},"region":{"type":"string","description":"Region of the resource.","description_kind":"plain","optional":true},"status":{"type":"string","description":"Instance status.","description_kind":"plain","optional":true}},"block_types":{"backup_schedule":{"nesting_mode":"list","block":{"attributes":{"interval_hours":{"type":"number","description":"Time interval between backups, specified in hours. Available values: 3, 6, 8, 12, 24.","description_kind":"plain","required":true},"keep_count":{"type":"number","description":"Number of backups to be stored.","description_kind":"plain","required":true},"name":{"type":"string","description":"Name of the schedule.","description_kind":"plain","required":true},"start_hours":{"type":"number","description":"Hours part of timestamp of initial backup.","description_kind":"plain","required":true},"start_minutes":{"type":"number","description":"Minutes part of timestamp of initial backup.","description_kind":"plain","required":true}},"description":"Object that represents configuration of PITR backup. This functionality is available only for postgres datastore._new_since_v0.1.4_.","description_kind":"plain"}},"datastore":{"nesting_mode":"list","block":{"attributes":{"type":{"type":"string","description":"Type of the datastore.","description_kind":"plain","required":true},"version":{"type":"string","description":"Version of the datastore.","description_kind":"plain","required":true}},"description":"Object that represents datastore of the instance.","description_kind":"plain"},"max_items":1},"volume":{"nesting_mode":"set","block":{"attributes":{"size":{"type":"number","description":"Size of the instance volume.","description_kind":"plain","required":true},"used":{"type":"number","description":"Size of the used volume space.","description_kind":"plain","required":true},"volume_id":{"type":"string","description":"ID of the instance volume.","description_kind":"plain","required":true},"volume_type":{"type":"string","description":"Type of the instance volume.","description_kind":"plain","required":true}},"description":"Object that describes volume of the instance.","description_kind":"plain"},"max_items":1}},"description":"Use this data source to get the information on a db instance resource.","description_kind":"plain"}},"vkcs_db_user":{"version":0,"block":{"attributes":{"databases":{"type":["list","string"],"description":"List of names of the databases, that user is created for.","description_kind":"plain","optional":true},"dbms_id":{"type":"string","description":"ID of the instance or cluster that user is created for.","description_kind":"plain","optional":true},"host":{"type":"string","description":"IP address of the host that user will be accessible from.","description_kind":"plain","optional":true},"id":{"type":"string","description":"The id of the user in form \"dbms_id/user_name\".","description_kind":"plain","required":true},"name":{"type":"string","description":"The name of the user. Changing this creates a new user.","description_kind":"plain","optional":true},"password":{"type":"string","description":"The password of the user.","description_kind":"plain","optional":true}},"description":"Use this data source to get the information on a db user resource.","description_kind":"plain"}},"vkcs_dc_api_options":{"version":0,"block":{"attributes":{"availability_zones":{"type":["list","string"],"description":"List of avalability zone options","description_kind":"plain","computed":true},"flavors":{"type":["list","string"],"description":"List of flavor options for vkcs_dc_router resource","description_kind":"plain","computed":true},"id":{"type":"string","description":"ID of the data source","description_kind":"plain","computed":true},"region":{"type":"string","description":"The `region` to fetch availability zones from, defaults to the provider's `region`.","description_kind":"plain","optional":true,"computed":true}},"description":"Use this data source to get direct connect api options._note_ This data source requires Sprut SDN to be enabled in your project._new_since_v0.5.0_.","description_kind":"plain"}},"vkcs_images_image":{"version":0,"block":{"attributes":{"checksum":{"type":"string","description":"The checksum of the data associated with the image.","description_kind":"plain","computed":true},"container_format":{"type":"string","description":"The format of the image's container.","description_kind":"plain","computed":true},"created_at":{"type":"string","description":"The date the image was created.","description_kind":"plain","computed":true},"default":{"type":"bool","description":"Search for an image that is available for virtual machine creation._new_since_v0.4.2_.","description_kind":"plain","optional":true},"disk_format":{"type":"string","description":"The format of the image's disk.","description_kind":"plain","computed":true},"file":{"type":"string","description":"The trailing path after the endpoint that represent the location of the image or the path to retrieve it.","description_kind":"plain","computed":true},"id":{"type":"string","description_kind":"plain","optional":true,"computed":true},"member_status":{"type":"string","description":"Status for adding a new member (tenant) to an image member list.","description_kind":"plain","optional":true},"metadata":{"type":["map","string"],"description":"The metadata associated with the image. Image metadata allow for meaningfully define the image properties and tags. See https://docs.openstack.org/glance/latest/user/metadefs-concepts.html.","description_kind":"plain","computed":true},"min_disk_gb":{"type":"number","description":"The minimum amount of disk space required to use the image.","description_kind":"plain","computed":true},"min_ram_mb":{"type":"number","description":"The minimum amount of ram required to use the image.","description_kind":"plain","computed":true},"most_recent":{"type":"bool","description":"If more than one result is returned, use the most recent image.","description_kind":"plain","optional":true},"name":{"type":"string","description":"The name of the image.","description_kind":"plain","optional":true},"owner":{"type":"string","description":"The owner (UUID) of the image.","description_kind":"plain","optional":true},"properties":{"type":["map","string"],"description":"A map of key/value pairs to match an image with. All specified properties must be matched. Unlike other options filtering by `properties` does by client on the result of search query. Filtering is applied if server response contains at least 2 images. In case there is only one image the `properties` ignores.","description_kind":"plain","optional":true},"protected":{"type":"bool","description":"Whether or not the image is protected.","description_kind":"plain","computed":true},"region":{"type":"string","description":"The region in which to obtain the Image client. An Image client is needed to create an Image that can be used with a compute instance. If omitted, the `region` argument of the provider is used.","description_kind":"plain","optional":true,"computed":true},"schema":{"type":"string","description":"The path to the JSON-schema that represent the image or image","description_kind":"plain","computed":true},"size_bytes":{"type":"number","description":"The size of the image (in bytes).","description_kind":"plain","computed":true},"size_max":{"type":"number","description":"The maximum size (in bytes) of the image to return.","description_kind":"plain","optional":true},"size_min":{"type":"number","description":"The minimum size (in bytes) of the image to return.","description_kind":"plain","optional":true},"tag":{"type":"string","description":"Search for images with a specific tag.","description_kind":"plain","optional":true},"tags":{"type":["set","string"],"description":"The tags list of the image.","description_kind":"plain","computed":true},"updated_at":{"type":"string","description":"The date the image was last updated.","description_kind":"plain","computed":true},"visibility":{"type":"string","description":"The visibility of the image. Must be one of \"public\", \"private\", \"community\", or \"shared\".","description_kind":"plain","optional":true}},"description":"Use this data source to get the ID of an available VKCS image.","description_kind":"plain"}},"vkcs_images_images":{"version":0,"block":{"attributes":{"created_at":{"type":"string","description":"Date filter to select images with created_at matching the specified criteria. Value should be either RFC3339 formatted time or time filter in format `filter:time`, where `filter` is one of [eq, neq, gt, gte, lt, lte] and `time` is RFC3339 formatted time.","description_kind":"plain","optional":true},"default":{"type":"bool","description":"The flag used to filter images based on whether they are available for virtual machine creation.","description_kind":"plain","optional":true},"id":{"type":"string","description":"The ID of the data source","description_kind":"plain","computed":true},"images":{"nested_type":{"attributes":{"id":{"type":"string","description":"ID of an image.","description_kind":"plain","computed":true},"name":{"type":"string","description":"Name of an image.","description_kind":"plain","computed":true},"properties":{"type":["map","string"],"description":"Properties associated with an image.","description_kind":"plain","computed":true}},"nesting_mode":"list"},"description":"Images matching specified criteria.","description_kind":"plain","computed":true},"owner":{"type":"string","description":"The ID of the owner of images.","description_kind":"plain","optional":true},"properties":{"type":["map","string"],"description":"Search for images with specific properties.","description_kind":"plain","optional":true},"region":{"type":"string","description":"The region in which to obtain the Images client. If omitted, the `region` argument of the provider is used.","description_kind":"plain","optional":true,"computed":true},"size_max":{"type":"number","description":"The maximum size (in bytes) of images to return.","description_kind":"plain","optional":true},"size_min":{"type":"number","description":"The minimum size (in bytes) of images to return.","description_kind":"plain","optional":true},"tags":{"type":["list","string"],"description":"Search for images with specific tags.","description_kind":"plain","optional":true},"updated_at":{"type":"string","description":"Date filter to select images with updated_at matching the specified criteria. Value should be either RFC3339 formatted time or time filter in format `filter:time`, where `filter` is one of [eq, neq, gt, gte, lt, lte] and `time` is RFC3339 formatted time.","description_kind":"plain","optional":true},"visibility":{"type":"string","description":"The visibility of images. Must be one of \"public\", \"private\", \"community\", or \"shared\".","description_kind":"plain","optional":true}},"description":"Use this data source to get information on VKCS images._new_since_v0.4.2_.","description_kind":"plain"}},"vkcs_keymanager_container":{"version":0,"block":{"attributes":{"acl":{"nested_type":{"attributes":{"read":{"nested_type":{"attributes":{"created_at":{"type":"string","description":"The date the container ACL was created.","description_kind":"plain","computed":true},"project_access":{"type":"bool","description":"Whether the container is accessible project wide.","description_kind":"plain","computed":true},"updated_at":{"type":"string","description":"The date the container ACL was last updated.","description_kind":"plain","computed":true},"users":{"type":["set","string"],"description":"The list of user IDs, which are allowed to access the container, when `project_access` is set to `false`.","description_kind":"plain","computed":true}},"nesting_mode":"list"},"description":"Object that describes read operation.","description_kind":"plain","computed":true}},"nesting_mode":"list"},"description":"ACLs assigned to a container.","description_kind":"plain","computed":true},"consumers":{"nested_type":{"attributes":{"name":{"type":"string","description":"The name of the consumer.","description_kind":"plain","optional":true},"url":{"type":"string","description":"The consumer URL.","description_kind":"plain","optional":true}},"nesting_mode":"list"},"description":"The list of the container consumers.","description_kind":"plain","computed":true},"container_ref":{"type":"string","description":"The container reference / where to find the container.","description_kind":"plain","computed":true},"created_at":{"type":"string","description":"The date the container was created.","description_kind":"plain","computed":true},"creator_id":{"type":"string","description":"The creator of the container.","description_kind":"plain","computed":true},"id":{"type":"string","description":"ID of the resource.","description_kind":"plain","computed":true},"name":{"type":"string","description":"The Container name.","description_kind":"plain","optional":true,"computed":true},"region":{"type":"string","description":"The region in which to obtain the VKCS Key Manager client. If omitted, the `region` argument of the provider is used.","description_kind":"plain","optional":true,"computed":true},"secret_refs":{"nested_type":{"attributes":{"name":{"type":"string","description_kind":"plain","optional":true},"secret_ref":{"type":"string","description_kind":"plain","optional":true}},"nesting_mode":"set"},"description":"A set of dictionaries containing references to secrets.","description_kind":"plain","computed":true},"status":{"type":"string","description":"The status of the container.","description_kind":"plain","computed":true},"type":{"type":"string","description":"The container type.","description_kind":"plain","computed":true},"updated_at":{"type":"string","description":"The date the container was last updated.","description_kind":"plain","computed":true}},"description":"Use this data source to get the ID of an available Key container.","description_kind":"plain"}},"vkcs_keymanager_secret":{"version":0,"block":{"attributes":{"acl":{"nested_type":{"attributes":{"read":{"nested_type":{"attributes":{"created_at":{"type":"string","description":"The date the container ACL was created.","description_kind":"plain","computed":true},"project_access":{"type":"bool","description":"Whether the container is accessible project wide. Defaults to `true`.","description_kind":"plain","optional":true},"updated_at":{"type":"string","description":"The date the container ACL was last updated.","description_kind":"plain","computed":true},"users":{"type":["set","string"],"description":"The list of user IDs, which are allowed to access the container, when `project_access` is set to `false`.","description_kind":"plain","optional":true}},"nesting_mode":"list"},"description":"Block that describes read operation.","description_kind":"plain","computed":true}},"nesting_mode":"list"},"description":"The list of ACLs assigned to a secret.","description_kind":"plain","computed":true},"acl_only":{"type":"bool","description":"Select the Secret with an ACL that contains the user. Project scope is ignored. Defaults to `false`.","description_kind":"plain","optional":true},"algorithm":{"type":"string","description":"The Secret algorithm.","description_kind":"plain","optional":true,"computed":true},"bit_length":{"type":"number","description":"The Secret bit length.","description_kind":"plain","optional":true,"computed":true},"content_types":{"type":["map","string"],"description":"The map of the content types, assigned on the secret.","description_kind":"plain","computed":true},"created_at":{"type":"string","description":"The date the secret was created.","description_kind":"plain","computed":true},"created_at_filter":{"type":"string","description":"Date filter to select the Secret with created matching the specified criteria. See Date Filters below for more detail.","description_kind":"plain","optional":true},"creator_id":{"type":"string","description":"The creator of the secret.","description_kind":"plain","computed":true},"expiration":{"type":"string","description":"The date the secret will expire.","description_kind":"plain","computed":true},"expiration_filter":{"type":"string","description":"Date filter to select the Secret with expiration matching the specified criteria. See Date Filters below for more detail.","description_kind":"plain","optional":true},"id":{"type":"string","description":"ID of the resource.","description_kind":"plain","computed":true},"metadata":{"type":["map","string"],"description":"The map of metadata, assigned on the secret, which has been explicitly and implicitly added.","description_kind":"plain","computed":true},"mode":{"type":"string","description":"The Secret mode.","description_kind":"plain","optional":true,"computed":true},"name":{"type":"string","description":"The Secret name.","description_kind":"plain","optional":true,"computed":true},"payload":{"type":"string","description":"The secret payload.","description_kind":"plain","computed":true,"sensitive":true},"payload_content_encoding":{"type":"string","description":"The Secret encoding.","description_kind":"plain","computed":true},"payload_content_type":{"type":"string","description":"The Secret content type.","description_kind":"plain","computed":true},"region":{"type":"string","description":"The region in which to obtain the service client. If omitted, the `region` argument of the provider is used.","description_kind":"plain","optional":true,"computed":true},"secret_ref":{"type":"string","description":"The secret reference / where to find the secret.","description_kind":"plain","computed":true},"secret_type":{"type":"string","description":"The Secret type. For more information see [Secret types](https://docs.openstack.org/barbican/latest/api/reference/secret_types.html).","description_kind":"plain","optional":true,"computed":true},"status":{"type":"string","description":"The status of the secret.","description_kind":"plain","computed":true},"updated_at":{"type":"string","description":"The date the secret was last updated.","description_kind":"plain","computed":true},"updated_at_filter":{"type":"string","description":"Date filter to select the Secret with updated matching the specified criteria. See Date Filters below for more detail.","description_kind":"plain","optional":true}},"description":"Use this data source to get the ID and the payload of an available Key secret\n\n~\u003e **Important Security Notice** The payload of this data source will be stored *unencrypted* in your Terraform state file. **Use of this resource for production deployments is *not* recommended**. [Read more about sensitive data in state](https://www.terraform.io/docs/language/state/sensitive-data.html).","description_kind":"plain"}},"vkcs_kubernetes_addon":{"version":0,"block":{"attributes":{"cluster_id":{"type":"string","description":"The ID of the kubernetes cluster.","description_kind":"plain","required":true},"configuration_values":{"type":"string","description":"Configuration code for the addon. If the addon was installed in the cluster, this value is the user-provided configuration code, otherwise it is a template for this cluster.","description_kind":"plain","computed":true},"id":{"type":"string","description":"ID of the resource.","description_kind":"plain","computed":true},"installed":{"type":"bool","description":"Whether the addon was installed in the cluster.","description_kind":"plain","computed":true},"name":{"type":"string","description":"An addon name to filter by.","description_kind":"plain","required":true},"region":{"type":"string","description":"The region in which to obtain the service client. If omitted, the `region` argument of the provider is used.","description_kind":"plain","optional":true,"computed":true},"version":{"type":"string","description":"An addon version to filter by.","description_kind":"plain","required":true}},"description":"Provides a kubernetes cluster addon datasource. This can be used to get information about an VKCS cluster addon._new_since_v0.3.0_.","description_kind":"plain"}},"vkcs_kubernetes_addons":{"version":0,"block":{"attributes":{"addons":{"nested_type":{"attributes":{"id":{"type":"string","description":"ID of an addon.","description_kind":"plain","computed":true},"installed":{"type":"bool","description":"Whether an addon was installed in the cluster.","description_kind":"plain","computed":true},"name":{"type":"string","description":"Name of an addon.","description_kind":"plain","computed":true},"version":{"type":"string","description":"Version of an addon.","description_kind":"plain","computed":true}},"nesting_mode":"list"},"description_kind":"plain","computed":true},"cluster_id":{"type":"string","description":"The ID of the kubernetes cluster.","description_kind":"plain","required":true},"id":{"type":"string","description":"ID of the resource.","description_kind":"plain","computed":true},"region":{"type":"string","description":"The region in which to obtain the service client. If omitted, the `region` argument of the provider is used.","description_kind":"plain","optional":true,"computed":true}},"description":"Provides a kubernetes cluster addons datasource. This can be used to get information about an VKCS cluster addons._new_since_v0.3.0_.","description_kind":"plain"}},"vkcs_kubernetes_cluster":{"version":0,"block":{"attributes":{"api_address":{"type":"string","description":"COE API address.","description_kind":"plain","computed":true},"api_lb_fip":{"type":"string","description":"API LoadBalancer fip.","description_kind":"plain","computed":true},"api_lb_vip":{"type":"string","description":"API LoadBalancer vip.","description_kind":"plain","computed":true},"availability_zone":{"type":"string","description":"Availability zone of the cluster.","description_kind":"plain","computed":true},"cluster_id":{"type":"string","description":"The UUID of the Kubernetes cluster template. _note_ Only one of `name` or `cluster_id` must be specified.","description_kind":"plain","optional":true,"computed":true},"cluster_template_id":{"type":"string","description":"The UUID of the V1 Container Infra cluster template.","description_kind":"plain","computed":true},"created_at":{"type":"string","description":"The time at which cluster was created.","description_kind":"plain","computed":true},"discovery_url":{"type":"string","description":"The URL used for cluster node discovery.","description_kind":"plain","computed":true},"dns_domain":{"type":"string","description":"Custom DNS cluster domain.","description_kind":"plain","optional":true,"computed":true},"floating_ip_enabled":{"type":"bool","description":"Indicates whether floating ip is enabled for cluster.","description_kind":"plain","computed":true},"id":{"type":"string","description_kind":"plain","optional":true,"computed":true},"ingress_floating_ip":{"type":"string","description":"Floating IP created for ingress service.","description_kind":"plain","computed":true},"insecure_registries":{"type":["list","string"],"description":"Addresses of registries from which you can download images without checking certificates.","description_kind":"plain","computed":true},"k8s_config":{"type":"string","description":"Kubeconfig for cluster","description_kind":"plain","computed":true},"keypair":{"type":"string","description":"The name of the Compute service SSH keypair.","description_kind":"plain","computed":true},"labels":{"type":["map","string"],"description":"The list of key value pairs representing additional properties of the cluster.","description_kind":"plain","computed":true},"loadbalancer_subnet_id":{"type":"string","description":"The ID of load balancer's subnet.","description_kind":"plain","computed":true},"master_addresses":{"type":["list","string"],"description":"IP addresses of the master node of the cluster.","description_kind":"plain","computed":true},"master_count":{"type":"number","description":"The number of master nodes for the cluster.","description_kind":"plain","computed":true},"master_flavor":{"type":"string","description":"The ID of the flavor for the master nodes.","description_kind":"plain","computed":true},"name":{"type":"string","description":"The name of the cluster. _note_ Only one of `name` or `cluster_id` must be specified.","description_kind":"plain","optional":true,"computed":true},"network_id":{"type":"string","description":"UUID of the cluster's network.","description_kind":"plain","computed":true},"pods_network_cidr":{"type":"string","description":"Network cidr of k8s virtual network.","description_kind":"plain","computed":true},"project_id":{"type":"string","description":"The project of the cluster.","description_kind":"plain","computed":true},"region":{"type":"string","description":"The region in which to obtain the Container Infra client. If omitted, the `region` argument of the provider is used.","description_kind":"plain","optional":true,"computed":true},"registry_auth_password":{"type":"string","description":"Docker registry access password.","description_kind":"plain","computed":true},"stack_id":{"type":"string","description":"UUID of the Orchestration service stack.","description_kind":"plain","computed":true},"status":{"type":"string","description":"Current state of a cluster.","description_kind":"plain","computed":true},"subnet_id":{"type":"string","description":"UUID of the cluster's subnet.","description_kind":"plain","computed":true},"sync_security_policy":{"type":"bool","description":"Enables syncing of security policies of cluster._new_since_v0.7.0_.","description_kind":"plain","computed":true},"updated_at":{"type":"string","description":"The time at which cluster was created.","description_kind":"plain","computed":true},"user_id":{"type":"string","description":"The user of the cluster.","description_kind":"plain","computed":true}},"description":"Use this data source to get the ID of an available VKCS kubernetes cluster.","description_kind":"plain"}},"vkcs_kubernetes_clustertemplate":{"version":0,"block":{"attributes":{"apiserver_port":{"type":"number","description":"The API server port for the Container Orchestration Engine for this cluster template.","description_kind":"plain","computed":true},"cluster_distro":{"type":"string","description":"The distro for the cluster (fedora-atomic, coreos, etc.).","description_kind":"plain","computed":true},"cluster_template_uuid":{"type":"string","description":"The UUID of the cluster template. _note_ Only one of `name` or `version` or `cluster_template_uuid` must be specified.","description_kind":"plain","optional":true,"computed":true},"created_at":{"type":"string","description":"The time at which cluster template was created.","description_kind":"plain","computed":true},"deprecated_at":{"type":"string","description":"The time at which the cluster template is deprecated.","description_kind":"plain","computed":true},"dns_nameserver":{"type":"string","description":"Address of the DNS nameserver that is used in nodes of the cluster.","description_kind":"plain","computed":true},"docker_storage_driver":{"type":"string","description":"Docker storage driver. Changing this updates the Docker storage driver of the existing cluster template.","description_kind":"plain","computed":true},"docker_volume_size":{"type":"number","description":"The size (in GB) of the Docker volume.","description_kind":"plain","computed":true},"external_network_id":{"type":"string","description":"The ID of the external network that will be used for the cluster.","description_kind":"plain","computed":true},"flavor":{"type":"string","description":"The ID of flavor for the nodes of the cluster.","description_kind":"plain","computed":true},"floating_ip_enabled":{"type":"bool","description":"Indicates whether created cluster should create IP floating IP for every node or not.","description_kind":"plain","computed":true},"id":{"type":"string","description_kind":"plain","optional":true,"computed":true},"image":{"type":"string","description":"The reference to an image that is used for nodes of the cluster.","description_kind":"plain","computed":true},"insecure_registry":{"type":"string","description":"The insecure registry URL for the cluster template.","description_kind":"plain","computed":true},"keypair_id":{"type":"string","description":"The name of the Compute service SSH keypair.","description_kind":"plain","computed":true},"labels":{"type":["map","string"],"description":"The list of key value pairs representing additional properties of the cluster template.","description_kind":"plain","computed":true},"master_flavor":{"type":"string","description":"The ID of flavor for the master nodes.","description_kind":"plain","computed":true},"master_lb_enabled":{"type":"bool","description":"Indicates whether created cluster should has a loadbalancer for master nodes or not.","description_kind":"plain","computed":true},"name":{"type":"string","description":"The name of the cluster template. _note_ Only one of `name` or `version` or `cluster_template_uuid` must be specified.","description_kind":"plain","optional":true,"computed":true},"network_driver":{"type":"string","description":"The name of the driver for the container network.","description_kind":"plain","computed":true},"no_proxy":{"type":"string","description":"A comma-separated list of IP addresses that shouldn't be used in the cluster.","description_kind":"plain","computed":true},"project_id":{"type":"string","description":"The project of the cluster template.","description_kind":"plain","computed":true},"public":{"type":"bool","description":"Indicates whether cluster template should be public.","description_kind":"plain","computed":true},"region":{"type":"string","description":"The region in which to obtain the V1 Container Infra client. If omitted, the `region` argument of the provider is used.","description_kind":"plain","optional":true,"computed":true},"registry_enabled":{"type":"bool","description":"Indicates whether Docker registry is enabled in the cluster.","description_kind":"plain","computed":true},"server_type":{"type":"string","description":"The server type for the cluster template.","description_kind":"plain","computed":true},"tls_disabled":{"type":"bool","description":"Indicates whether the TLS should be disabled in the cluster.","description_kind":"plain","computed":true},"updated_at":{"type":"string","description":"The time at which cluster template was updated.","description_kind":"plain","computed":true},"user_id":{"type":"string","description":"The user of the cluster template.","description_kind":"plain","computed":true},"version":{"type":"string","description":"Kubernetes version of the cluster.","description_kind":"plain","optional":true,"computed":true},"volume_driver":{"type":"string","description":"The name of the driver that is used for the volumes of the cluster nodes.","description_kind":"plain","computed":true}},"description":"Use this data source to get the ID of an available VKCS kubernetes cluster template.","description_kind":"plain"}},"vkcs_kubernetes_clustertemplates":{"version":0,"block":{"attributes":{"cluster_templates":{"nested_type":{"attributes":{"cluster_template_uuid":{"type":"string","description":"UUID of a cluster template.","description_kind":"plain","computed":true},"name":{"type":"string","description":"Name of a cluster template.","description_kind":"plain","computed":true},"version":{"type":"string","description":"Version of a cluster template.","description_kind":"plain","computed":true}},"nesting_mode":"list"},"description":"Available kubernetes cluster templates.","description_kind":"plain","computed":true},"id":{"type":"string","description":"Random identifier of the data source.","description_kind":"plain","computed":true},"region":{"type":"string","description":"The region to obtain the service client. If omitted, the `region` argument of the provider is used._new_since_v0.3.0_.","description_kind":"plain","optional":true,"computed":true}},"description":"Use this data source to get a list of available VKCS Kubernetes Cluster Templates. To get details about each cluster template the data source can be combined with the `vkcs_kubernetes_clustertemplate` data source.","description_kind":"plain"}},"vkcs_kubernetes_node_group":{"version":0,"block":{"attributes":{"autoscaling_enabled":{"type":"bool","description":"Determines whether the autoscaling is enabled.","description_kind":"plain","optional":true,"computed":true},"availability_zones":{"type":["list","string"],"description":"The list of availability zones of the node group.","description_kind":"plain","computed":true},"cluster_id":{"type":"string","description":"The UUID of cluster that node group belongs.","description_kind":"plain","computed":true},"flavor_id":{"type":"string","description":"The id of the flavor.","description_kind":"plain","optional":true,"computed":true},"id":{"type":"string","description":"ID of the resource.","description_kind":"plain","computed":true},"max_node_unavailable":{"type":"number","description":"Specified as a percentage. The maximum number of nodes that can fail during an upgrade.","description_kind":"plain","optional":true,"computed":true},"max_nodes":{"type":"number","description":"The maximum amount of nodes in the node group.","description_kind":"plain","optional":true,"computed":true},"min_nodes":{"type":"number","description":"The minimum amount of nodes in the node group.","description_kind":"plain","optional":true,"computed":true},"name":{"type":"string","description":"The name of the node group.","description_kind":"plain","optional":true,"computed":true},"node_count":{"type":"number","description":"The count of nodes in the node group.","description_kind":"plain","optional":true,"computed":true},"nodes":{"nested_type":{"attributes":{"created_at":{"type":"string","description":"Time when a node was created.","description_kind":"plain","computed":true},"name":{"type":"string","description":"Name of a node.","description_kind":"plain","computed":true},"node_group_id":{"type":"string","description":"The node group id.","description_kind":"plain","computed":true},"updated_at":{"type":"string","description":"Time when a node was updated.","description_kind":"plain","computed":true},"uuid":{"type":"string","description":"UUID of a node.","description_kind":"plain","computed":true}},"nesting_mode":"list"},"description":"The list of node group's node objects.","description_kind":"plain","computed":true},"region":{"type":"string","description":"The region to obtain the service client. If omitted, the `region` argument of the provider is used._new_since_v0.4.0_.","description_kind":"plain","optional":true,"computed":true},"state":{"type":"string","description":"Determines current state of node group (RUNNING, SHUTOFF, ERROR).","description_kind":"plain","computed":true},"uuid":{"type":"string","description":"The UUID of the cluster's node group.","description_kind":"plain","required":true},"volume_size":{"type":"number","description":"The amount of memory in the volume in GB","description_kind":"plain","optional":true,"computed":true},"volume_type":{"type":"string","description":"The type of the volume.","description_kind":"plain","optional":true,"computed":true}},"description":"Use this data source to get information on VKCS Kubernetes cluster's node group.","description_kind":"plain"}},"vkcs_kubernetes_security_policy_template":{"version":0,"block":{"attributes":{"created_at":{"type":"string","description":"Template creation timestamp","description_kind":"plain","computed":true},"description":{"type":"string","description":"Description of the security policy template.","description_kind":"plain","computed":true},"id":{"type":"string","description":"ID of the resource.","description_kind":"plain","computed":true},"name":{"type":"string","description":"Name of the security policy template.","description_kind":"plain","required":true},"region":{"type":"string","description":"The region in which to obtain the service client. If omitted, the `region` argument of the provider is used.","description_kind":"plain","optional":true,"computed":true},"settings_description":{"type":"string","description":"Security policy settings description.","description_kind":"plain","computed":true},"updated_at":{"type":"string","description":"Template update timestamp.","description_kind":"plain","computed":true},"version":{"type":"string","description":"Version of the security policy template.","description_kind":"plain","computed":true}},"description":"Provides a kubernetes security policy template datasource. This can be used to get information about an VKCS kubernetes security policy template._new_since_v0.7.0_.","description_kind":"plain"}},"vkcs_kubernetes_security_policy_templates":{"version":0,"block":{"attributes":{"id":{"type":"string","description":"Random identifier of the data source.","description_kind":"plain","computed":true},"region":{"type":"string","description":"The region in which to obtain the service client. If omitted, the `region` argument of the provider is used.","description_kind":"plain","optional":true,"computed":true},"security_policy_templates":{"nested_type":{"attributes":{"created_at":{"type":"string","description":"Template creation timestamp","description_kind":"plain","computed":true},"description":{"type":"string","description":"Description of the security policy template.","description_kind":"plain","computed":true},"id":{"type":"string","description":"ID of the template.","description_kind":"plain","computed":true},"name":{"type":"string","description":"Name of the security policy template.","description_kind":"plain","computed":true},"settings_description":{"type":"string","description":"Security policy settings description.","description_kind":"plain","computed":true},"updated_at":{"type":"string","description":"Template update timestamp.","description_kind":"plain","computed":true},"version":{"type":"string","description":"Version of the security policy template.","description_kind":"plain","computed":true}},"nesting_mode":"list"},"description":"Available kubernetes security policy templates.","description_kind":"plain","computed":true}},"description":"Provides a kubernetes security policy templates datasource. This can be used to get information about all available VKCS kubernetes security policy templates._new_since_v0.7.0_.","description_kind":"plain"}},"vkcs_lb_loadbalancer":{"version":0,"block":{"attributes":{"admin_state_up":{"type":"bool","description":"The administrative state of the Loadbalancer.","description_kind":"plain","computed":true},"availability_zone":{"type":"string","description":"The availability zone of the Loadbalancer.","description_kind":"plain","computed":true},"description":{"type":"string","description":"Human-readable description of the Loadbalancer.","description_kind":"plain","computed":true},"id":{"type":"string","description":"The UUID of the Loadbalancer","description_kind":"plain","required":true},"name":{"type":"string","description":"The name of the Loadbalancer.","description_kind":"plain","computed":true},"region":{"type":"string","description":"The region in which to obtain the Loadbalancer client. If omitted, the `region` argument of the provider is used.","description_kind":"plain","optional":true,"computed":true},"security_group_ids":{"type":["set","string"],"description":"A list of security group IDs applied to the Loadbalancer.","description_kind":"plain","computed":true},"tags":{"type":["set","string"],"description":"A list of simple strings assigned to the loadbalancer.","description_kind":"plain","computed":true},"vip_address":{"type":"string","description":"The ip address of the Loadbalancer.","description_kind":"plain","computed":true},"vip_network_id":{"type":"string","description":"The network on which to allocate the Loadbalancer's address. A tenant can only create Loadbalancers on networks authorized by policy (e.g. networks that belong to them or networks that are shared).  Changing this creates a new loadbalancer.","description_kind":"plain","computed":true},"vip_port_id":{"type":"string","description":"The port UUID of the Loadbalancer.","description_kind":"plain","computed":true},"vip_subnet_id":{"type":"string","description":"The subnet on which the Loadbalancer's address is allocated.","description_kind":"plain","computed":true}},"description":"Use this data source to get the details of a loadbalancer","description_kind":"plain"}},"vkcs_networking_floatingip":{"version":0,"block":{"attributes":{"address":{"type":"string","description":"The IP address of the floating IP.","description_kind":"plain","optional":true},"description":{"type":"string","description":"Human-readable description of the floating IP.","description_kind":"plain","optional":true},"fixed_ip":{"type":"string","description":"The specific IP address of the internal port which should be associated with the floating IP.","description_kind":"plain","optional":true},"id":{"type":"string","description":"ID of the found floating IP.","description_kind":"plain","computed":true},"pool":{"type":"string","description":"The name of the pool from which the floating IP belongs to.","description_kind":"plain","optional":true},"port_id":{"type":"string","description":"The ID of the port the floating IP is attached.","description_kind":"plain","optional":true},"region":{"type":"string","description":"The region in which to obtain the Network client. A Network client is needed to retrieve floating IP ids. If omitted, the `region` argument of the provider is used.","description_kind":"plain","optional":true},"sdn":{"type":"string","description":"SDN to use for this resource. Must be one of following: \"neutron\", \"sprut\". Default value is project's default SDN.","description_kind":"plain","optional":true},"status":{"type":"string","description":"Status of the floating IP (ACTIVE/DOWN).","description_kind":"plain","optional":true},"tenant_id":{"type":"string","description":"The owner of the floating IP.","description_kind":"plain","optional":true}},"description":"Use this data source to get the ID of an available VKCS floating IP.","description_kind":"plain"}},"vkcs_networking_network":{"version":0,"block":{"attributes":{"admin_state_up":{"type":"string","description":"The administrative state of the network.","description_kind":"plain","computed":true},"all_tags":{"type":["set","string"],"description":"The set of string tags applied on the network.","description_kind":"plain","computed":true},"description":{"type":"string","description":"Human-readable description of the network.","description_kind":"plain","optional":true},"external":{"type":"bool","description":"The external routing facility of the network.","description_kind":"plain","optional":true},"id":{"type":"string","description":"ID of the found network.","description_kind":"plain","computed":true},"matching_subnet_cidr":{"type":"string","description":"The CIDR of a subnet within the network.","description_kind":"plain","optional":true},"name":{"type":"string","description":"The name of the network.","description_kind":"plain","optional":true},"network_id":{"type":"string","description":"The ID of the network.","description_kind":"plain","optional":true},"private_dns_domain":{"type":"string","description":"Private dns domain name","description_kind":"plain","computed":true},"region":{"type":"string","description":"The region in which to obtain the Network client. A Network client is needed to retrieve networks ids. If omitted, the `region` argument of the provider is used.","description_kind":"plain","optional":true,"computed":true},"sdn":{"type":"string","description":"SDN to use for this resource. Must be one of following: \"neutron\", \"sprut\". Default value is project's default SDN.","description_kind":"plain","optional":true},"shared":{"type":"string","description":"Specifies whether the network resource can be accessed by any tenant or not.","description_kind":"plain","computed":true},"status":{"type":"string","description":"The status of the network.","description_kind":"plain","optional":true},"subnets":{"type":["list","string"],"description":"A list of subnet IDs belonging to the network.","description_kind":"plain","computed":true},"tags":{"type":["set","string"],"description":"The list of network tags to filter.","description_kind":"plain","optional":true},"tenant_id":{"type":"string","description":"The owner of the network.","description_kind":"plain","optional":true},"vkcs_services_access":{"type":"bool","description":"Specifies whether VKCS services access is enabled.","description_kind":"plain","optional":true}},"description":"Use this data source to get the ID of an available VKCS network.","description_kind":"plain"}},"vkcs_networking_port":{"version":0,"block":{"attributes":{"admin_state_up":{"type":"bool","description":"The administrative state of the port.","description_kind":"plain","optional":true,"computed":true},"all_fixed_ips":{"type":["list","string"],"description":"The collection of Fixed IP addresses on the port in the order returned by the Network v2 API.","description_kind":"plain","computed":true},"all_security_group_ids":{"type":["set","string"],"description":"The set of security group IDs applied on the port.","description_kind":"plain","computed":true},"all_tags":{"type":["set","string"],"description":"The set of string tags applied on the port.","description_kind":"plain","computed":true},"allowed_address_pairs":{"nested_type":{"attributes":{"ip_address":{"type":"string","description":"The additional IP address.","description_kind":"plain","computed":true},"mac_address":{"type":"string","description":"The additional MAC address.","description_kind":"plain","computed":true}},"nesting_mode":"set"},"description":"An IP/MAC Address pair of additional IP addresses that can be active on this port. The structure is described below.","description_kind":"plain","computed":true},"description":{"type":"string","description":"Human-readable description of the port.","description_kind":"plain","optional":true,"computed":true},"device_id":{"type":"string","description":"The ID of the device the port belongs to.","description_kind":"plain","optional":true,"computed":true},"device_owner":{"type":"string","description":"The device owner of the port.","description_kind":"plain","optional":true,"computed":true},"dns_assignment":{"type":["list",["map","string"]],"description":"The list of maps representing port DNS assignments.","description_kind":"plain","computed":true},"dns_name":{"type":"string","description":"The port DNS name to filter.","description_kind":"plain","optional":true,"computed":true},"extra_dhcp_option":{"nested_type":{"attributes":{"name":{"type":"string","description":"Name of the DHCP option.","description_kind":"plain","computed":true},"value":{"type":"string","description":"Value of the DHCP option.","description_kind":"plain","computed":true}},"nesting_mode":"list"},"description":"An extra DHCP option configured on the port. The structure is described below.","description_kind":"plain","computed":true},"fixed_ip":{"type":"string","description":"The port IP address filter.","description_kind":"plain","optional":true},"id":{"type":"string","description":"ID of the found port.","description_kind":"plain","computed":true},"mac_address":{"type":"string","description":"The MAC address of the port.","description_kind":"plain","optional":true,"computed":true},"name":{"type":"string","description":"The name of the port.","description_kind":"plain","optional":true,"computed":true},"network_id":{"type":"string","description":"The ID of the network the port belongs to.","description_kind":"plain","optional":true,"computed":true},"port_id":{"type":"string","description":"The ID of the port.","description_kind":"plain","optional":true,"computed":true},"project_id":{"type":"string","description":"The project_id of the owner of the port.","description_kind":"plain","optional":true,"computed":true},"region":{"type":"string","description":"The region in which to obtain the Network client. A Network client is needed to retrieve port ids. If omitted, the `region` argument of the provider is used.","description_kind":"plain","optional":true},"sdn":{"type":"string","description":"SDN to use for this resource. Must be one of following: \"neutron\", \"sprut\". Default value is project's default SDN.","description_kind":"plain","optional":true,"computed":true},"security_group_ids":{"type":["set","string"],"description":"The list of port security group IDs to filter.","description_kind":"plain","optional":true},"status":{"type":"string","description":"The status of the port.","description_kind":"plain","optional":true,"computed":true},"tags":{"type":["set","string"],"description":"The list of port tags to filter.","description_kind":"plain","optional":true},"tenant_id":{"type":"string","description":"The tenant_id of the owner of the port.","description_kind":"plain","optional":true,"computed":true}},"description":"Use this data source to get the ID of an available VKCS port.","description_kind":"plain"}},"vkcs_networking_router":{"version":0,"block":{"attributes":{"admin_state_up":{"type":"bool","description":"Administrative up/down status for the router (must be \"true\" or \"false\" if provided).","description_kind":"plain","optional":true},"all_tags":{"type":["set","string"],"description":"The set of string tags applied on the router.","description_kind":"plain","computed":true},"description":{"type":"string","description":"Human-readable description of the router.","description_kind":"plain","optional":true},"enable_snat":{"type":"bool","description":"The value that points out if the Source NAT is enabled on the router.","description_kind":"plain","optional":true,"computed":true},"external_network_id":{"type":"string","description":"The network UUID of an external gateway for the router.","description_kind":"plain","computed":true},"id":{"type":"string","description":"ID of the found router.","description_kind":"plain","computed":true},"name":{"type":"string","description":"The name of the router.","description_kind":"plain","optional":true},"region":{"type":"string","description":"The region in which to obtain the Network client. A Network client is needed to retrieve router ids. If omitted, the `region` argument of the provider is used.","description_kind":"plain","optional":true},"router_id":{"type":"string","description":"The UUID of the router resource.","description_kind":"plain","optional":true},"sdn":{"type":"string","description":"SDN to use for this resource. Must be one of following: \"neutron\", \"sprut\". Default value is project's default SDN.","description_kind":"plain","optional":true},"status":{"type":"string","description":"The status of the router (ACTIVE/DOWN).","description_kind":"plain","optional":true},"tags":{"type":["set","string"],"description":"The list of router tags to filter.","description_kind":"plain","optional":true},"tenant_id":{"type":"string","description":"The owner of the router.","description_kind":"plain","optional":true}},"description":"Use this data source to get the ID of an available VKCS router.","description_kind":"plain"}},"vkcs_networking_secgroup":{"version":0,"block":{"attributes":{"all_tags":{"type":["set","string"],"description":"The set of string tags applied on the security group.","description_kind":"plain","computed":true},"description":{"type":"string","description":"Human-readable description the the subnet.","description_kind":"plain","optional":true},"id":{"type":"string","description":"ID of the found security group.","description_kind":"plain","computed":true},"name":{"type":"string","description":"The name of the security group.","description_kind":"plain","optional":true},"region":{"type":"string","description":"The region in which to obtain the Network client. A Network client is needed to retrieve security groups ids. If omitted, the `region` argument of the provider is used.","description_kind":"plain","optional":true,"computed":true},"sdn":{"type":"string","description":"SDN to use for this resource. Must be one of following: \"neutron\", \"sprut\". Default value is project's default SDN.","description_kind":"plain","optional":true},"secgroup_id":{"type":"string","description":"The ID of the security group.","description_kind":"plain","optional":true},"tags":{"type":["set","string"],"description":"The list of security group tags to filter.","description_kind":"plain","optional":true},"tenant_id":{"type":"string","description":"The owner of the security group.","description_kind":"plain","optional":true,"computed":true}},"description":"Use this data source to get the ID of an available VKCS security group.","description_kind":"plain"}},"vkcs_networking_subnet":{"version":0,"block":{"attributes":{"all_tags":{"type":["set","string"],"description":"A set of string tags applied on the subnet.","description_kind":"plain","computed":true},"allocation_pools":{"nested_type":{"attributes":{"end":{"type":"string","description":"The ending address.","description_kind":"plain","computed":true},"start":{"type":"string","description":"The starting address.","description_kind":"plain","computed":true}},"nesting_mode":"list"},"description":"Allocation pools of the subnet.","description_kind":"plain","computed":true},"cidr":{"type":"string","description":"The CIDR of the subnet.","description_kind":"plain","optional":true,"computed":true},"description":{"type":"string","description":"Human-readable description of the subnet.","description_kind":"plain","optional":true,"computed":true},"dhcp_enabled":{"type":"bool","description":"If the subnet has DHCP enabled.","description_kind":"plain","optional":true},"dns_nameservers":{"type":["set","string"],"description":"DNS Nameservers of the subnet.","description_kind":"plain","computed":true},"enable_dhcp":{"type":"bool","description":"Whether the subnet has DHCP enabled or not.","description_kind":"plain","computed":true},"gateway_ip":{"type":"string","description":"The IP of the subnet's gateway.","description_kind":"plain","optional":true,"computed":true},"host_routes":{"nested_type":{"attributes":{"destination_cidr":{"type":"string","description_kind":"plain","computed":true},"next_hop":{"type":"string","description_kind":"plain","computed":true}},"nesting_mode":"list"},"description":"Host Routes of the subnet.","description_kind":"plain","computed":true},"id":{"type":"string","description":"ID of the found subnet.","description_kind":"plain","computed":true},"name":{"type":"string","description":"The name of the subnet.","description_kind":"plain","optional":true,"computed":true},"network_id":{"type":"string","description":"The ID of the network the subnet belongs to.","description_kind":"plain","optional":true,"computed":true},"region":{"type":"string","description":"The region in which to obtain the Network client. A Network client is needed to retrieve subnet ids. If omitted, the `region` argument of the provider is used.","description_kind":"plain","optional":true,"computed":true},"sdn":{"type":"string","description":"SDN to use for this resource. Must be one of following: \"neutron\", \"sprut\". Default value is project's default SDN.","description_kind":"plain","optional":true,"computed":true},"subnet_id":{"type":"string","description":"The ID of the subnet.","description_kind":"plain","optional":true,"computed":true},"subnetpool_id":{"type":"string","description":"The ID of the subnetpool associated with the subnet.","description_kind":"plain","optional":true,"computed":true},"tags":{"type":["set","string"],"description":"The list of subnet tags to filter.","description_kind":"plain","optional":true},"tenant_id":{"type":"string","description":"The owner of the subnet.","description_kind":"plain","optional":true,"computed":true}},"description":"Use this data source to get the ID of an available VKCS subnet.","description_kind":"plain"}},"vkcs_publicdns_zone":{"version":0,"block":{"attributes":{"admin_email":{"type":"string","description":"The admin email of the zone SOA.","description_kind":"plain","optional":true,"computed":true},"expire":{"type":"number","description":"The expire time of the zone SOA.","description_kind":"plain","optional":true,"computed":true},"id":{"type":"string","description":"The UUID of the DNS zone.","description_kind":"plain","optional":true,"computed":true},"primary_dns":{"type":"string","description":"The primary DNS of the zone SOA.","description_kind":"plain","optional":true,"computed":true},"refresh":{"type":"number","description":"The refresh time of the zone SOA.","description_kind":"plain","optional":true,"computed":true},"region":{"type":"string","description":"The region in which to obtain the V2 Public DNS client. If omitted, the `region` argument of the provider is used.","description_kind":"plain","optional":true,"computed":true},"retry":{"type":"number","description":"The retry time of the zone SOA.","description_kind":"plain","optional":true,"computed":true},"serial":{"type":"number","description":"The serial number of the zone SOA.","description_kind":"plain","optional":true,"computed":true},"status":{"type":"string","description":"The status of the zone.","description_kind":"plain","optional":true,"computed":true},"ttl":{"type":"number","description":"The TTL (time to live) of the zone SOA.","description_kind":"plain","optional":true,"computed":true},"zone":{"type":"string","description":"The name of the zone.","description_kind":"plain","optional":true,"computed":true}},"description":"Use this data source to get the ID of a VKCS public DNS zone._new_since_v0.2.0_.","description_kind":"plain"}},"vkcs_region":{"version":0,"block":{"attributes":{"description":{"type":"string","description":"Description of the region.","description_kind":"plain","computed":true},"id":{"type":"string","description":"ID of the region to learn or use. Use empty value to learn current region on the provider.","description_kind":"plain","optional":true},"parent_region":{"type":"string","description":"Parent of the region.","description_kind":"plain","computed":true}},"description":"`vkcs_region` provides details about a specific VKCS region. As well as validating a given region name this resource can be used to discover the name of the region configured within the provider.","description_kind":"plain"}},"vkcs_regions":{"version":0,"block":{"attributes":{"id":{"type":"string","description":"Random identifier of the data source.","description_kind":"plain","computed":true},"names":{"type":["set","string"],"description":"Names of regions that meets the criteria.","description_kind":"plain","computed":true}},"description":"`vkcs_regions` provides information about VKCS regions. To get details of each region the data source can be combined with the `vkcs_region` data source.","description_kind":"plain"}},"vkcs_sharedfilesystem_share":{"version":0,"block":{"attributes":{"availability_zone":{"type":"string","description":"The share availability zone.","description_kind":"plain","computed":true},"description":{"type":"string","description":"The human-readable description for the share.","description_kind":"plain","optional":true,"computed":true},"export_location_path":{"type":"string","description":"The export location path of the share.","description_kind":"plain","optional":true,"computed":true},"id":{"type":"string","description_kind":"plain","optional":true,"computed":true},"name":{"type":"string","description":"The name of the share.","description_kind":"plain","optional":true,"computed":true},"project_id":{"type":"string","description":"The owner of the share.","description_kind":"plain","computed":true},"region":{"type":"string","description":"The region in which to obtain the Shared File System client.","description_kind":"plain","optional":true,"computed":true},"share_network_id":{"type":"string","description":"The UUID of the share's share network.","description_kind":"plain","required":true},"share_proto":{"type":"string","description":"The share protocol.","description_kind":"plain","computed":true},"size":{"type":"number","description":"The share size, in GBs.","description_kind":"plain","computed":true},"snapshot_id":{"type":"string","description":"The UUID of the share's base snapshot.","description_kind":"plain","optional":true,"computed":true},"status":{"type":"string","description":"A share status filter. A valid value is `creating`, `error`, `available`, `deleting`, `error_deleting`, `manage_starting`, `manage_error`, `unmanage_starting`, `unmanage_error`, `unmanaged`, `extending`, `extending_error`, `shrinking`, `shrinking_error`, or `shrinking_possible_data_loss_error`.","description_kind":"plain","optional":true,"computed":true}},"description":"Use this data source to get the ID of an available Shared File System share.","description_kind":"plain"}},"vkcs_sharedfilesystem_sharenetwork":{"version":0,"block":{"attributes":{"cidr":{"type":"string","description":"The share network CIDR.","description_kind":"plain","computed":true},"description":{"type":"string","description":"The human-readable description of the share network.","description_kind":"plain","optional":true,"computed":true},"id":{"type":"string","description_kind":"plain","optional":true,"computed":true},"name":{"type":"string","description":"The name of the share network.","description_kind":"plain","optional":true,"computed":true},"neutron_net_id":{"type":"string","description":"The neutron network UUID of the share network.","description_kind":"plain","optional":true,"computed":true},"neutron_subnet_id":{"type":"string","description":"The neutron subnet UUID of the share network.","description_kind":"plain","optional":true,"computed":true},"project_id":{"type":"string","description":"The owner of the share network.","description_kind":"plain","computed":true},"region":{"type":"string","description":"The region in which to obtain the Shared File System client. A Shared File System client is needed to read a share network. If omitted, the `region` argument of the provider is used.","description_kind":"plain","optional":true,"computed":true},"security_service_id":{"type":"string","description":"The security service IDs associated with the share network.","description_kind":"plain","optional":true},"security_service_ids":{"type":["set","string"],"description":"The list of security service IDs associated with the share network.","description_kind":"plain","computed":true}},"description":"Use this data source to get the ID of an available Shared File System share network.","description_kind":"plain"}}}}}}
